// !$*UTF8*$!
{
	archiveVersion = 1;
	classes = {
	};
	objectVersion = 46;
	objects = {

/* Begin PBXBuildFile section */
		481650661ED1AA7B00A18412 /* JPVideoPlayerDemoVC_push.m in Sources */ = {isa = PBXBuildFile; fileRef = 481650641ED1AA7B00A18412 /* JPVideoPlayerDemoVC_push.m */; };
		481650671ED1AA7B00A18412 /* JPVideoPlayerDemoVC_push.xib in Resources */ = {isa = PBXBuildFile; fileRef = 481650651ED1AA7B00A18412 /* JPVideoPlayerDemoVC_push.xib */; };
		488717511EB63CBA00300CA6 /* JPVideoPlayerDemoVC_Setting.m in Sources */ = {isa = PBXBuildFile; fileRef = 4887174F1EB63CBA00300CA6 /* JPVideoPlayerDemoVC_Setting.m */; };
		488717521EB63CBA00300CA6 /* JPVideoPlayerDemoVC_Setting.xib in Resources */ = {isa = PBXBuildFile; fileRef = 488717501EB63CBA00300CA6 /* JPVideoPlayerDemoVC_Setting.xib */; };
		48CB2C4D1EDE4C63009DD486 /* JPVideoPlayerActivityIndicator.m in Sources */ = {isa = PBXBuildFile; fileRef = 48CB2C2A1EDE4C63009DD486 /* JPVideoPlayerActivityIndicator.m */; };
		48CB2C4E1EDE4C63009DD486 /* JPVideoPlayerCache.m in Sources */ = {isa = PBXBuildFile; fileRef = 48CB2C2C1EDE4C63009DD486 /* JPVideoPlayerCache.m */; };
		48CB2C4F1EDE4C63009DD486 /* JPVideoPlayerCacheConfig.m in Sources */ = {isa = PBXBuildFile; fileRef = 48CB2C2E1EDE4C63009DD486 /* JPVideoPlayerCacheConfig.m */; };
		48CB2C501EDE4C63009DD486 /* JPVideoPlayerCachePathTool.m in Sources */ = {isa = PBXBuildFile; fileRef = 48CB2C301EDE4C63009DD486 /* JPVideoPlayerCachePathTool.m */; };
		48CB2C511EDE4C63009DD486 /* JPVideoPlayerDownloader.m in Sources */ = {isa = PBXBuildFile; fileRef = 48CB2C331EDE4C63009DD486 /* JPVideoPlayerDownloader.m */; };
		48CB2C521EDE4C63009DD486 /* JPVideoPlayerDownloaderOperation.m in Sources */ = {isa = PBXBuildFile; fileRef = 48CB2C351EDE4C63009DD486 /* JPVideoPlayerDownloaderOperation.m */; };
		48CB2C531EDE4C63009DD486 /* JPVideoPlayerManager.m in Sources */ = {isa = PBXBuildFile; fileRef = 48CB2C371EDE4C63009DD486 /* JPVideoPlayerManager.m */; };
		48CB2C541EDE4C63009DD486 /* JPVideoPlayerPlayVideoTool.m in Sources */ = {isa = PBXBuildFile; fileRef = 48CB2C3A1EDE4C63009DD486 /* JPVideoPlayerPlayVideoTool.m */; };
		48CB2C551EDE4C63009DD486 /* JPVideoPlayerProgressView.m in Sources */ = {isa = PBXBuildFile; fileRef = 48CB2C3C1EDE4C63009DD486 /* JPVideoPlayerProgressView.m */; };
		48CB2C561EDE4C63009DD486 /* JPVideoPlayerResourceLoader.m in Sources */ = {isa = PBXBuildFile; fileRef = 48CB2C3E1EDE4C63009DD486 /* JPVideoPlayerResourceLoader.m */; };
		48CB2C571EDE4C63009DD486 /* JRSwizzle.m in Sources */ = {isa = PBXBuildFile; fileRef = 48CB2C401EDE4C63009DD486 /* JRSwizzle.m */; };
		48CB2C581EDE4C63009DD486 /* UINavigationController+Landscape.m in Sources */ = {isa = PBXBuildFile; fileRef = 48CB2C421EDE4C63009DD486 /* UINavigationController+Landscape.m */; };
		48CB2C591EDE4C63009DD486 /* UITabBarController+Landscape.m in Sources */ = {isa = PBXBuildFile; fileRef = 48CB2C441EDE4C63009DD486 /* UITabBarController+Landscape.m */; };
		48CB2C5A1EDE4C63009DD486 /* UIView+PlayerStatusAndDownloadIndicator.m in Sources */ = {isa = PBXBuildFile; fileRef = 48CB2C461EDE4C63009DD486 /* UIView+PlayerStatusAndDownloadIndicator.m */; };
		48CB2C5B1EDE4C63009DD486 /* UIView+WebVideoCache.m in Sources */ = {isa = PBXBuildFile; fileRef = 48CB2C481EDE4C63009DD486 /* UIView+WebVideoCache.m */; };
		48CB2C5C1EDE4C63009DD486 /* UIView+WebVideoCacheOperation.m in Sources */ = {isa = PBXBuildFile; fileRef = 48CB2C4A1EDE4C63009DD486 /* UIView+WebVideoCacheOperation.m */; };
		48CB2C5D1EDE4C63009DD486 /* UIViewController+Landscape.m in Sources */ = {isa = PBXBuildFile; fileRef = 48CB2C4C1EDE4C63009DD486 /* UIViewController+Landscape.m */; };
		48CB2CD01EDF034D009DD486 /* VideoPlayer.framework in Frameworks */ = {isa = PBXBuildFile; fileRef = 48CB2CC91EDF034D009DD486 /* VideoPlayer.framework */; };
		48CB2CD11EDF034D009DD486 /* VideoPlayer.framework in Embed Frameworks */ = {isa = PBXBuildFile; fileRef = 48CB2CC91EDF034D009DD486 /* VideoPlayer.framework */; settings = {ATTRIBUTES = (CodeSignOnCopy, RemoveHeadersOnCopy, ); }; };
		48CB2CD91EDF0393009DD486 /* VideoPlayer.h in Headers */ = {isa = PBXBuildFile; fileRef = 48CB2CD71EDF0393009DD486 /* VideoPlayer.h */; settings = {ATTRIBUTES = (Public, ); }; };
		48CB2CDA1EDF03F0009DD486 /* JPVideoPlayerActivityIndicator.m in Sources */ = {isa = PBXBuildFile; fileRef = 48CB2C2A1EDE4C63009DD486 /* JPVideoPlayerActivityIndicator.m */; };
		48CB2CDB1EDF03F0009DD486 /* JPVideoPlayerCache.m in Sources */ = {isa = PBXBuildFile; fileRef = 48CB2C2C1EDE4C63009DD486 /* JPVideoPlayerCache.m */; };
		48CB2CDC1EDF03F0009DD486 /* JPVideoPlayerCacheConfig.m in Sources */ = {isa = PBXBuildFile; fileRef = 48CB2C2E1EDE4C63009DD486 /* JPVideoPlayerCacheConfig.m */; };
		48CB2CDD1EDF03F0009DD486 /* JPVideoPlayerCachePathTool.m in Sources */ = {isa = PBXBuildFile; fileRef = 48CB2C301EDE4C63009DD486 /* JPVideoPlayerCachePathTool.m */; };
		48CB2CDE1EDF03F0009DD486 /* JPVideoPlayerDownloader.m in Sources */ = {isa = PBXBuildFile; fileRef = 48CB2C331EDE4C63009DD486 /* JPVideoPlayerDownloader.m */; };
		48CB2CDF1EDF03F0009DD486 /* JPVideoPlayerDownloaderOperation.m in Sources */ = {isa = PBXBuildFile; fileRef = 48CB2C351EDE4C63009DD486 /* JPVideoPlayerDownloaderOperation.m */; };
		48CB2CE01EDF03F0009DD486 /* JPVideoPlayerManager.m in Sources */ = {isa = PBXBuildFile; fileRef = 48CB2C371EDE4C63009DD486 /* JPVideoPlayerManager.m */; };
		48CB2CE11EDF03F0009DD486 /* JPVideoPlayerPlayVideoTool.m in Sources */ = {isa = PBXBuildFile; fileRef = 48CB2C3A1EDE4C63009DD486 /* JPVideoPlayerPlayVideoTool.m */; };
		48CB2CE21EDF03F0009DD486 /* JPVideoPlayerProgressView.m in Sources */ = {isa = PBXBuildFile; fileRef = 48CB2C3C1EDE4C63009DD486 /* JPVideoPlayerProgressView.m */; };
		48CB2CE31EDF03F0009DD486 /* JPVideoPlayerResourceLoader.m in Sources */ = {isa = PBXBuildFile; fileRef = 48CB2C3E1EDE4C63009DD486 /* JPVideoPlayerResourceLoader.m */; };
		48CB2CE41EDF03F0009DD486 /* JRSwizzle.m in Sources */ = {isa = PBXBuildFile; fileRef = 48CB2C401EDE4C63009DD486 /* JRSwizzle.m */; };
		48CB2CE51EDF03F0009DD486 /* UINavigationController+Landscape.m in Sources */ = {isa = PBXBuildFile; fileRef = 48CB2C421EDE4C63009DD486 /* UINavigationController+Landscape.m */; };
		48CB2CE61EDF03F0009DD486 /* UITabBarController+Landscape.m in Sources */ = {isa = PBXBuildFile; fileRef = 48CB2C441EDE4C63009DD486 /* UITabBarController+Landscape.m */; };
		48CB2CE71EDF03F0009DD486 /* UIView+PlayerStatusAndDownloadIndicator.m in Sources */ = {isa = PBXBuildFile; fileRef = 48CB2C461EDE4C63009DD486 /* UIView+PlayerStatusAndDownloadIndicator.m */; };
		48CB2CE81EDF03F0009DD486 /* UIView+WebVideoCache.m in Sources */ = {isa = PBXBuildFile; fileRef = 48CB2C481EDE4C63009DD486 /* UIView+WebVideoCache.m */; };
		48CB2CE91EDF03F0009DD486 /* UIView+WebVideoCacheOperation.m in Sources */ = {isa = PBXBuildFile; fileRef = 48CB2C4A1EDE4C63009DD486 /* UIView+WebVideoCacheOperation.m */; };
		48CB2CEA1EDF03F0009DD486 /* UIViewController+Landscape.m in Sources */ = {isa = PBXBuildFile; fileRef = 48CB2C4C1EDE4C63009DD486 /* UIViewController+Landscape.m */; };
		48CB2CEB1EDF0436009DD486 /* JPVideoPlayerCache.h in Headers */ = {isa = PBXBuildFile; fileRef = 48CB2C2B1EDE4C63009DD486 /* JPVideoPlayerCache.h */; settings = {ATTRIBUTES = (Public, ); }; };
		48CB2CEC1EDF0436009DD486 /* JPVideoPlayerCompat.h in Headers */ = {isa = PBXBuildFile; fileRef = 48CB2C311EDE4C63009DD486 /* JPVideoPlayerCompat.h */; settings = {ATTRIBUTES = (Public, ); }; };
		48CB2CED1EDF0436009DD486 /* JPVideoPlayerDownloader.h in Headers */ = {isa = PBXBuildFile; fileRef = 48CB2C321EDE4C63009DD486 /* JPVideoPlayerDownloader.h */; settings = {ATTRIBUTES = (Public, ); }; };
		48CB2CEE1EDF0436009DD486 /* JPVideoPlayerManager.h in Headers */ = {isa = PBXBuildFile; fileRef = 48CB2C361EDE4C63009DD486 /* JPVideoPlayerManager.h */; settings = {ATTRIBUTES = (Public, ); }; };
		48CB2CEF1EDF0436009DD486 /* JPVideoPlayerOperation.h in Headers */ = {isa = PBXBuildFile; fileRef = 48CB2C381EDE4C63009DD486 /* JPVideoPlayerOperation.h */; settings = {ATTRIBUTES = (Public, ); }; };
		48CB2CF01EDF0436009DD486 /* UIView+PlayerStatusAndDownloadIndicator.h in Headers */ = {isa = PBXBuildFile; fileRef = 48CB2C451EDE4C63009DD486 /* UIView+PlayerStatusAndDownloadIndicator.h */; settings = {ATTRIBUTES = (Public, ); }; };
		48CB2CF11EDF0436009DD486 /* UIView+WebVideoCache.h in Headers */ = {isa = PBXBuildFile; fileRef = 48CB2C471EDE4C63009DD486 /* UIView+WebVideoCache.h */; settings = {ATTRIBUTES = (Public, ); }; };
		48D290401E7842D50024C5C6 /* hello.mp4 in Resources */ = {isa = PBXBuildFile; fileRef = 48D2903F1E7842D50024C5C6 /* hello.mp4 */; };
		48EE51D01E6C069900BA602D /* JPVideoPlayerDemoCell.m in Sources */ = {isa = PBXBuildFile; fileRef = 48EE51CE1E6C069900BA602D /* JPVideoPlayerDemoCell.m */; };
		48EE51D11E6C069900BA602D /* JPVideoPlayerDemoCell.xib in Resources */ = {isa = PBXBuildFile; fileRef = 48EE51CF1E6C069900BA602D /* JPVideoPlayerDemoCell.xib */; };
		48FD32711EB701D400ACCB05 /* JPQRCodeTool.m in Sources */ = {isa = PBXBuildFile; fileRef = 48FD32701EB701D400ACCB05 /* JPQRCodeTool.m */; };
		5F6705681DADE88F001EBFAF /* main.m in Sources */ = {isa = PBXBuildFile; fileRef = 5F6705671DADE88F001EBFAF /* main.m */; };
		5F67056B1DADE88F001EBFAF /* AppDelegate.m in Sources */ = {isa = PBXBuildFile; fileRef = 5F67056A1DADE88F001EBFAF /* AppDelegate.m */; };
		5F6705731DADE88F001EBFAF /* Assets.xcassets in Resources */ = {isa = PBXBuildFile; fileRef = 5F6705721DADE88F001EBFAF /* Assets.xcassets */; };
		5F6705761DADE88F001EBFAF /* LaunchScreen.storyboard in Resources */ = {isa = PBXBuildFile; fileRef = 5F6705741DADE88F001EBFAF /* LaunchScreen.storyboard */; };
		5FF7BAF11E7F8EC400912ACD /* JPVideoPlayerDemoVC_home.m in Sources */ = {isa = PBXBuildFile; fileRef = 5FF7BAEE1E7F8EC400912ACD /* JPVideoPlayerDemoVC_home.m */; };
		5FF7BAF21E7F8EC400912ACD /* UITableView+VideoPlay.m in Sources */ = {isa = PBXBuildFile; fileRef = 5FF7BAF01E7F8EC400912ACD /* UITableView+VideoPlay.m */; };
		C3D50D2EF7B7EB2F36B72E2D /* libPods-JPVideoPlayerDemo.a in Frameworks */ = {isa = PBXBuildFile; fileRef = 8EBFC49659DDED5EA35F2A91 /* libPods-JPVideoPlayerDemo.a */; };
/* End PBXBuildFile section */

/* Begin PBXContainerItemProxy section */
		48CB2CCE1EDF034D009DD486 /* PBXContainerItemProxy */ = {
			isa = PBXContainerItemProxy;
			containerPortal = 5F67055B1DADE88F001EBFAF /* Project object */;
			proxyType = 1;
			remoteGlobalIDString = 48CB2CC81EDF034D009DD486;
			remoteInfo = VideoPlayer;
		};
/* End PBXContainerItemProxy section */

/* Begin PBXCopyFilesBuildPhase section */
		48B548F91ED5B3AB00062DC2 /* Embed Frameworks */ = {
			isa = PBXCopyFilesBuildPhase;
			buildActionMask = 2147483647;
			dstPath = "";
			dstSubfolderSpec = 10;
			files = (
				48CB2CD11EDF034D009DD486 /* VideoPlayer.framework in Embed Frameworks */,
			);
			name = "Embed Frameworks";
			runOnlyForDeploymentPostprocessing = 0;
		};
/* End PBXCopyFilesBuildPhase section */

/* Begin PBXFileReference section */
		0C9A80C1EADCB50E8B8E7648 /* Pods-JPVideoPlayerDemo.debug.xcconfig */ = {isa = PBXFileReference; includeInIndex = 1; lastKnownFileType = text.xcconfig; name = "Pods-JPVideoPlayerDemo.debug.xcconfig"; path = "Pods/Target Support Files/Pods-JPVideoPlayerDemo/Pods-JPVideoPlayerDemo.debug.xcconfig"; sourceTree = "<group>"; };
		1F5F3C3412F93A0936D3FBB0 /* Pods-JPVideoPlayerDemo.release.xcconfig */ = {isa = PBXFileReference; includeInIndex = 1; lastKnownFileType = text.xcconfig; name = "Pods-JPVideoPlayerDemo.release.xcconfig"; path = "Pods/Target Support Files/Pods-JPVideoPlayerDemo/Pods-JPVideoPlayerDemo.release.xcconfig"; sourceTree = "<group>"; };
		481650631ED1AA7B00A18412 /* JPVideoPlayerDemoVC_push.h */ = {isa = PBXFileReference; fileEncoding = 4; lastKnownFileType = sourcecode.c.h; path = JPVideoPlayerDemoVC_push.h; sourceTree = "<group>"; };
		481650641ED1AA7B00A18412 /* JPVideoPlayerDemoVC_push.m */ = {isa = PBXFileReference; fileEncoding = 4; lastKnownFileType = sourcecode.c.objc; path = JPVideoPlayerDemoVC_push.m; sourceTree = "<group>"; };
		481650651ED1AA7B00A18412 /* JPVideoPlayerDemoVC_push.xib */ = {isa = PBXFileReference; fileEncoding = 4; lastKnownFileType = file.xib; path = JPVideoPlayerDemoVC_push.xib; sourceTree = "<group>"; };
		4887174E1EB63CBA00300CA6 /* JPVideoPlayerDemoVC_Setting.h */ = {isa = PBXFileReference; fileEncoding = 4; lastKnownFileType = sourcecode.c.h; path = JPVideoPlayerDemoVC_Setting.h; sourceTree = "<group>"; };
		4887174F1EB63CBA00300CA6 /* JPVideoPlayerDemoVC_Setting.m */ = {isa = PBXFileReference; fileEncoding = 4; lastKnownFileType = sourcecode.c.objc; path = JPVideoPlayerDemoVC_Setting.m; sourceTree = "<group>"; };
		488717501EB63CBA00300CA6 /* JPVideoPlayerDemoVC_Setting.xib */ = {isa = PBXFileReference; fileEncoding = 4; lastKnownFileType = file.xib; path = JPVideoPlayerDemoVC_Setting.xib; sourceTree = "<group>"; };
		48CB2C291EDE4C63009DD486 /* JPVideoPlayerActivityIndicator.h */ = {isa = PBXFileReference; fileEncoding = 4; lastKnownFileType = sourcecode.c.h; path = JPVideoPlayerActivityIndicator.h; sourceTree = "<group>"; };
		48CB2C2A1EDE4C63009DD486 /* JPVideoPlayerActivityIndicator.m */ = {isa = PBXFileReference; fileEncoding = 4; lastKnownFileType = sourcecode.c.objc; path = JPVideoPlayerActivityIndicator.m; sourceTree = "<group>"; };
		48CB2C2B1EDE4C63009DD486 /* JPVideoPlayerCache.h */ = {isa = PBXFileReference; fileEncoding = 4; lastKnownFileType = sourcecode.c.h; path = JPVideoPlayerCache.h; sourceTree = "<group>"; };
		48CB2C2C1EDE4C63009DD486 /* JPVideoPlayerCache.m */ = {isa = PBXFileReference; fileEncoding = 4; lastKnownFileType = sourcecode.c.objc; path = JPVideoPlayerCache.m; sourceTree = "<group>"; };
		48CB2C2D1EDE4C63009DD486 /* JPVideoPlayerCacheConfig.h */ = {isa = PBXFileReference; fileEncoding = 4; lastKnownFileType = sourcecode.c.h; path = JPVideoPlayerCacheConfig.h; sourceTree = "<group>"; };
		48CB2C2E1EDE4C63009DD486 /* JPVideoPlayerCacheConfig.m */ = {isa = PBXFileReference; fileEncoding = 4; lastKnownFileType = sourcecode.c.objc; path = JPVideoPlayerCacheConfig.m; sourceTree = "<group>"; };
		48CB2C2F1EDE4C63009DD486 /* JPVideoPlayerCachePathTool.h */ = {isa = PBXFileReference; fileEncoding = 4; lastKnownFileType = sourcecode.c.h; path = JPVideoPlayerCachePathTool.h; sourceTree = "<group>"; };
		48CB2C301EDE4C63009DD486 /* JPVideoPlayerCachePathTool.m */ = {isa = PBXFileReference; fileEncoding = 4; lastKnownFileType = sourcecode.c.objc; path = JPVideoPlayerCachePathTool.m; sourceTree = "<group>"; };
		48CB2C311EDE4C63009DD486 /* JPVideoPlayerCompat.h */ = {isa = PBXFileReference; fileEncoding = 4; lastKnownFileType = sourcecode.c.h; path = JPVideoPlayerCompat.h; sourceTree = "<group>"; };
		48CB2C321EDE4C63009DD486 /* JPVideoPlayerDownloader.h */ = {isa = PBXFileReference; fileEncoding = 4; lastKnownFileType = sourcecode.c.h; path = JPVideoPlayerDownloader.h; sourceTree = "<group>"; };
		48CB2C331EDE4C63009DD486 /* JPVideoPlayerDownloader.m */ = {isa = PBXFileReference; fileEncoding = 4; lastKnownFileType = sourcecode.c.objc; path = JPVideoPlayerDownloader.m; sourceTree = "<group>"; };
		48CB2C341EDE4C63009DD486 /* JPVideoPlayerDownloaderOperation.h */ = {isa = PBXFileReference; fileEncoding = 4; lastKnownFileType = sourcecode.c.h; path = JPVideoPlayerDownloaderOperation.h; sourceTree = "<group>"; };
		48CB2C351EDE4C63009DD486 /* JPVideoPlayerDownloaderOperation.m */ = {isa = PBXFileReference; fileEncoding = 4; lastKnownFileType = sourcecode.c.objc; path = JPVideoPlayerDownloaderOperation.m; sourceTree = "<group>"; };
		48CB2C361EDE4C63009DD486 /* JPVideoPlayerManager.h */ = {isa = PBXFileReference; fileEncoding = 4; lastKnownFileType = sourcecode.c.h; path = JPVideoPlayerManager.h; sourceTree = "<group>"; };
		48CB2C371EDE4C63009DD486 /* JPVideoPlayerManager.m */ = {isa = PBXFileReference; fileEncoding = 4; lastKnownFileType = sourcecode.c.objc; path = JPVideoPlayerManager.m; sourceTree = "<group>"; };
		48CB2C381EDE4C63009DD486 /* JPVideoPlayerOperation.h */ = {isa = PBXFileReference; fileEncoding = 4; lastKnownFileType = sourcecode.c.h; path = JPVideoPlayerOperation.h; sourceTree = "<group>"; };
		48CB2C391EDE4C63009DD486 /* JPVideoPlayerPlayVideoTool.h */ = {isa = PBXFileReference; fileEncoding = 4; lastKnownFileType = sourcecode.c.h; path = JPVideoPlayerPlayVideoTool.h; sourceTree = "<group>"; };
		48CB2C3A1EDE4C63009DD486 /* JPVideoPlayerPlayVideoTool.m */ = {isa = PBXFileReference; fileEncoding = 4; lastKnownFileType = sourcecode.c.objc; path = JPVideoPlayerPlayVideoTool.m; sourceTree = "<group>"; };
		48CB2C3B1EDE4C63009DD486 /* JPVideoPlayerProgressView.h */ = {isa = PBXFileReference; fileEncoding = 4; lastKnownFileType = sourcecode.c.h; path = JPVideoPlayerProgressView.h; sourceTree = "<group>"; };
		48CB2C3C1EDE4C63009DD486 /* JPVideoPlayerProgressView.m */ = {isa = PBXFileReference; fileEncoding = 4; lastKnownFileType = sourcecode.c.objc; path = JPVideoPlayerProgressView.m; sourceTree = "<group>"; };
		48CB2C3D1EDE4C63009DD486 /* JPVideoPlayerResourceLoader.h */ = {isa = PBXFileReference; fileEncoding = 4; lastKnownFileType = sourcecode.c.h; path = JPVideoPlayerResourceLoader.h; sourceTree = "<group>"; };
		48CB2C3E1EDE4C63009DD486 /* JPVideoPlayerResourceLoader.m */ = {isa = PBXFileReference; fileEncoding = 4; lastKnownFileType = sourcecode.c.objc; path = JPVideoPlayerResourceLoader.m; sourceTree = "<group>"; };
		48CB2C3F1EDE4C63009DD486 /* JRSwizzle.h */ = {isa = PBXFileReference; fileEncoding = 4; lastKnownFileType = sourcecode.c.h; path = JRSwizzle.h; sourceTree = "<group>"; };
		48CB2C401EDE4C63009DD486 /* JRSwizzle.m */ = {isa = PBXFileReference; fileEncoding = 4; lastKnownFileType = sourcecode.c.objc; path = JRSwizzle.m; sourceTree = "<group>"; };
		48CB2C411EDE4C63009DD486 /* UINavigationController+Landscape.h */ = {isa = PBXFileReference; fileEncoding = 4; lastKnownFileType = sourcecode.c.h; path = "UINavigationController+Landscape.h"; sourceTree = "<group>"; };
		48CB2C421EDE4C63009DD486 /* UINavigationController+Landscape.m */ = {isa = PBXFileReference; fileEncoding = 4; lastKnownFileType = sourcecode.c.objc; path = "UINavigationController+Landscape.m"; sourceTree = "<group>"; };
		48CB2C431EDE4C63009DD486 /* UITabBarController+Landscape.h */ = {isa = PBXFileReference; fileEncoding = 4; lastKnownFileType = sourcecode.c.h; path = "UITabBarController+Landscape.h"; sourceTree = "<group>"; };
		48CB2C441EDE4C63009DD486 /* UITabBarController+Landscape.m */ = {isa = PBXFileReference; fileEncoding = 4; lastKnownFileType = sourcecode.c.objc; path = "UITabBarController+Landscape.m"; sourceTree = "<group>"; };
		48CB2C451EDE4C63009DD486 /* UIView+PlayerStatusAndDownloadIndicator.h */ = {isa = PBXFileReference; fileEncoding = 4; lastKnownFileType = sourcecode.c.h; path = "UIView+PlayerStatusAndDownloadIndicator.h"; sourceTree = "<group>"; };
		48CB2C461EDE4C63009DD486 /* UIView+PlayerStatusAndDownloadIndicator.m */ = {isa = PBXFileReference; fileEncoding = 4; lastKnownFileType = sourcecode.c.objc; path = "UIView+PlayerStatusAndDownloadIndicator.m"; sourceTree = "<group>"; };
		48CB2C471EDE4C63009DD486 /* UIView+WebVideoCache.h */ = {isa = PBXFileReference; fileEncoding = 4; lastKnownFileType = sourcecode.c.h; path = "UIView+WebVideoCache.h"; sourceTree = "<group>"; };
		48CB2C481EDE4C63009DD486 /* UIView+WebVideoCache.m */ = {isa = PBXFileReference; fileEncoding = 4; lastKnownFileType = sourcecode.c.objc; path = "UIView+WebVideoCache.m"; sourceTree = "<group>"; };
		48CB2C491EDE4C63009DD486 /* UIView+WebVideoCacheOperation.h */ = {isa = PBXFileReference; fileEncoding = 4; lastKnownFileType = sourcecode.c.h; path = "UIView+WebVideoCacheOperation.h"; sourceTree = "<group>"; };
		48CB2C4A1EDE4C63009DD486 /* UIView+WebVideoCacheOperation.m */ = {isa = PBXFileReference; fileEncoding = 4; lastKnownFileType = sourcecode.c.objc; path = "UIView+WebVideoCacheOperation.m"; sourceTree = "<group>"; };
		48CB2C4B1EDE4C63009DD486 /* UIViewController+Landscape.h */ = {isa = PBXFileReference; fileEncoding = 4; lastKnownFileType = sourcecode.c.h; path = "UIViewController+Landscape.h"; sourceTree = "<group>"; };
		48CB2C4C1EDE4C63009DD486 /* UIViewController+Landscape.m */ = {isa = PBXFileReference; fileEncoding = 4; lastKnownFileType = sourcecode.c.objc; path = "UIViewController+Landscape.m"; sourceTree = "<group>"; };
		48CB2CC91EDF034D009DD486 /* VideoPlayer.framework */ = {isa = PBXFileReference; explicitFileType = wrapper.framework; includeInIndex = 0; path = VideoPlayer.framework; sourceTree = BUILT_PRODUCTS_DIR; };
		48CB2CD61EDF0393009DD486 /* Info.plist */ = {isa = PBXFileReference; fileEncoding = 4; lastKnownFileType = text.plist.xml; path = Info.plist; sourceTree = "<group>"; };
		48CB2CD71EDF0393009DD486 /* VideoPlayer.h */ = {isa = PBXFileReference; fileEncoding = 4; lastKnownFileType = sourcecode.c.h; path = VideoPlayer.h; sourceTree = "<group>"; };
		48D2903F1E7842D50024C5C6 /* hello.mp4 */ = {isa = PBXFileReference; lastKnownFileType = file; path = hello.mp4; sourceTree = "<group>"; };
		48EE51CD1E6C069900BA602D /* JPVideoPlayerDemoCell.h */ = {isa = PBXFileReference; fileEncoding = 4; lastKnownFileType = sourcecode.c.h; path = JPVideoPlayerDemoCell.h; sourceTree = "<group>"; };
		48EE51CE1E6C069900BA602D /* JPVideoPlayerDemoCell.m */ = {isa = PBXFileReference; fileEncoding = 4; lastKnownFileType = sourcecode.c.objc; path = JPVideoPlayerDemoCell.m; sourceTree = "<group>"; };
		48EE51CF1E6C069900BA602D /* JPVideoPlayerDemoCell.xib */ = {isa = PBXFileReference; fileEncoding = 4; lastKnownFileType = file.xib; path = JPVideoPlayerDemoCell.xib; sourceTree = "<group>"; };
		48FD326F1EB701D400ACCB05 /* JPQRCodeTool.h */ = {isa = PBXFileReference; fileEncoding = 4; lastKnownFileType = sourcecode.c.h; path = JPQRCodeTool.h; sourceTree = "<group>"; };
		48FD32701EB701D400ACCB05 /* JPQRCodeTool.m */ = {isa = PBXFileReference; fileEncoding = 4; lastKnownFileType = sourcecode.c.objc; path = JPQRCodeTool.m; sourceTree = "<group>"; };
		5F6705631DADE88F001EBFAF /* JPVideoPlayerDemo.app */ = {isa = PBXFileReference; explicitFileType = wrapper.application; includeInIndex = 0; path = JPVideoPlayerDemo.app; sourceTree = BUILT_PRODUCTS_DIR; };
		5F6705671DADE88F001EBFAF /* main.m */ = {isa = PBXFileReference; lastKnownFileType = sourcecode.c.objc; path = main.m; sourceTree = "<group>"; };
		5F6705691DADE88F001EBFAF /* AppDelegate.h */ = {isa = PBXFileReference; lastKnownFileType = sourcecode.c.h; path = AppDelegate.h; sourceTree = "<group>"; };
		5F67056A1DADE88F001EBFAF /* AppDelegate.m */ = {isa = PBXFileReference; lastKnownFileType = sourcecode.c.objc; path = AppDelegate.m; sourceTree = "<group>"; };
		5F6705721DADE88F001EBFAF /* Assets.xcassets */ = {isa = PBXFileReference; lastKnownFileType = folder.assetcatalog; path = Assets.xcassets; sourceTree = "<group>"; };
		5F6705751DADE88F001EBFAF /* Base */ = {isa = PBXFileReference; lastKnownFileType = file.storyboard; name = Base; path = Base.lproj/LaunchScreen.storyboard; sourceTree = "<group>"; };
		5F6705771DADE88F001EBFAF /* Info.plist */ = {isa = PBXFileReference; lastKnownFileType = text.plist.xml; path = Info.plist; sourceTree = "<group>"; };
		5FF7BAED1E7F8EC400912ACD /* JPVideoPlayerDemoVC_home.h */ = {isa = PBXFileReference; fileEncoding = 4; lastKnownFileType = sourcecode.c.h; path = JPVideoPlayerDemoVC_home.h; sourceTree = "<group>"; };
		5FF7BAEE1E7F8EC400912ACD /* JPVideoPlayerDemoVC_home.m */ = {isa = PBXFileReference; fileEncoding = 4; lastKnownFileType = sourcecode.c.objc; path = JPVideoPlayerDemoVC_home.m; sourceTree = "<group>"; };
		5FF7BAEF1E7F8EC400912ACD /* UITableView+VideoPlay.h */ = {isa = PBXFileReference; fileEncoding = 4; lastKnownFileType = sourcecode.c.h; path = "UITableView+VideoPlay.h"; sourceTree = "<group>"; };
		5FF7BAF01E7F8EC400912ACD /* UITableView+VideoPlay.m */ = {isa = PBXFileReference; fileEncoding = 4; lastKnownFileType = sourcecode.c.objc; path = "UITableView+VideoPlay.m"; sourceTree = "<group>"; };
		8EBFC49659DDED5EA35F2A91 /* libPods-JPVideoPlayerDemo.a */ = {isa = PBXFileReference; explicitFileType = archive.ar; includeInIndex = 0; path = "libPods-JPVideoPlayerDemo.a"; sourceTree = BUILT_PRODUCTS_DIR; };
/* End PBXFileReference section */

/* Begin PBXFrameworksBuildPhase section */
		48CB2CC51EDF034D009DD486 /* Frameworks */ = {
			isa = PBXFrameworksBuildPhase;
			buildActionMask = 2147483647;
			files = (
			);
			runOnlyForDeploymentPostprocessing = 0;
		};
		5F6705601DADE88F001EBFAF /* Frameworks */ = {
			isa = PBXFrameworksBuildPhase;
			buildActionMask = 2147483647;
			files = (
				C3D50D2EF7B7EB2F36B72E2D /* libPods-JPVideoPlayerDemo.a in Frameworks */,
				48CB2CD01EDF034D009DD486 /* VideoPlayer.framework in Frameworks */,
			);
			runOnlyForDeploymentPostprocessing = 0;
		};
/* End PBXFrameworksBuildPhase section */

/* Begin PBXGroup section */
		272BF3831ADEABFABB821412 /* Pods */ = {
			isa = PBXGroup;
			children = (
				0C9A80C1EADCB50E8B8E7648 /* Pods-JPVideoPlayerDemo.debug.xcconfig */,
				1F5F3C3412F93A0936D3FBB0 /* Pods-JPVideoPlayerDemo.release.xcconfig */,
			);
			name = Pods;
			sourceTree = "<group>";
		};
		48CB2C281EDE4C63009DD486 /* JPVideoPlayer */ = {
			isa = PBXGroup;
			children = (
				48CB2C291EDE4C63009DD486 /* JPVideoPlayerActivityIndicator.h */,
				48CB2C2A1EDE4C63009DD486 /* JPVideoPlayerActivityIndicator.m */,
				48CB2C2B1EDE4C63009DD486 /* JPVideoPlayerCache.h */,
				48CB2C2C1EDE4C63009DD486 /* JPVideoPlayerCache.m */,
				48CB2C2D1EDE4C63009DD486 /* JPVideoPlayerCacheConfig.h */,
				48CB2C2E1EDE4C63009DD486 /* JPVideoPlayerCacheConfig.m */,
				48CB2C2F1EDE4C63009DD486 /* JPVideoPlayerCachePathTool.h */,
				48CB2C301EDE4C63009DD486 /* JPVideoPlayerCachePathTool.m */,
				48CB2C311EDE4C63009DD486 /* JPVideoPlayerCompat.h */,
				48CB2C321EDE4C63009DD486 /* JPVideoPlayerDownloader.h */,
				48CB2C331EDE4C63009DD486 /* JPVideoPlayerDownloader.m */,
				48CB2C341EDE4C63009DD486 /* JPVideoPlayerDownloaderOperation.h */,
				48CB2C351EDE4C63009DD486 /* JPVideoPlayerDownloaderOperation.m */,
				48CB2C361EDE4C63009DD486 /* JPVideoPlayerManager.h */,
				48CB2C371EDE4C63009DD486 /* JPVideoPlayerManager.m */,
				48CB2C381EDE4C63009DD486 /* JPVideoPlayerOperation.h */,
				48CB2C391EDE4C63009DD486 /* JPVideoPlayerPlayVideoTool.h */,
				48CB2C3A1EDE4C63009DD486 /* JPVideoPlayerPlayVideoTool.m */,
				48CB2C3B1EDE4C63009DD486 /* JPVideoPlayerProgressView.h */,
				48CB2C3C1EDE4C63009DD486 /* JPVideoPlayerProgressView.m */,
				48CB2C3D1EDE4C63009DD486 /* JPVideoPlayerResourceLoader.h */,
				48CB2C3E1EDE4C63009DD486 /* JPVideoPlayerResourceLoader.m */,
				48CB2C3F1EDE4C63009DD486 /* JRSwizzle.h */,
				48CB2C401EDE4C63009DD486 /* JRSwizzle.m */,
				48CB2C411EDE4C63009DD486 /* UINavigationController+Landscape.h */,
				48CB2C421EDE4C63009DD486 /* UINavigationController+Landscape.m */,
				48CB2C431EDE4C63009DD486 /* UITabBarController+Landscape.h */,
				48CB2C441EDE4C63009DD486 /* UITabBarController+Landscape.m */,
				48CB2C451EDE4C63009DD486 /* UIView+PlayerStatusAndDownloadIndicator.h */,
				48CB2C461EDE4C63009DD486 /* UIView+PlayerStatusAndDownloadIndicator.m */,
				48CB2C471EDE4C63009DD486 /* UIView+WebVideoCache.h */,
				48CB2C481EDE4C63009DD486 /* UIView+WebVideoCache.m */,
				48CB2C491EDE4C63009DD486 /* UIView+WebVideoCacheOperation.h */,
				48CB2C4A1EDE4C63009DD486 /* UIView+WebVideoCacheOperation.m */,
				48CB2C4B1EDE4C63009DD486 /* UIViewController+Landscape.h */,
				48CB2C4C1EDE4C63009DD486 /* UIViewController+Landscape.m */,
			);
			name = JPVideoPlayer;
			path = ../../../JPVideoPlayer;
			sourceTree = "<group>";
		};
		48CB2CD51EDF0393009DD486 /* VideoPlayer */ = {
			isa = PBXGroup;
			children = (
				48CB2CD61EDF0393009DD486 /* Info.plist */,
				48CB2CD71EDF0393009DD486 /* VideoPlayer.h */,
			);
			name = VideoPlayer;
			path = ../../VideoPlayer;
			sourceTree = "<group>";
		};
		48FD32691EB6FF3B00ACCB05 /* Player */ = {
			isa = PBXGroup;
			children = (
				48FD326C1EB6FF6300ACCB05 /* Push */,
				48FD326B1EB6FF5E00ACCB05 /* Home */,
			);
			name = Player;
			sourceTree = "<group>";
		};
		48FD326A1EB6FF4A00ACCB05 /* Setting */ = {
			isa = PBXGroup;
			children = (
				48FD326E1EB701AC00ACCB05 /* QRCode */,
				4887174E1EB63CBA00300CA6 /* JPVideoPlayerDemoVC_Setting.h */,
				4887174F1EB63CBA00300CA6 /* JPVideoPlayerDemoVC_Setting.m */,
				488717501EB63CBA00300CA6 /* JPVideoPlayerDemoVC_Setting.xib */,
			);
			name = Setting;
			sourceTree = "<group>";
		};
		48FD326B1EB6FF5E00ACCB05 /* Home */ = {
			isa = PBXGroup;
			children = (
				5FF7BAEF1E7F8EC400912ACD /* UITableView+VideoPlay.h */,
				5FF7BAF01E7F8EC400912ACD /* UITableView+VideoPlay.m */,
				5FF7BAED1E7F8EC400912ACD /* JPVideoPlayerDemoVC_home.h */,
				5FF7BAEE1E7F8EC400912ACD /* JPVideoPlayerDemoVC_home.m */,
				48EE51CD1E6C069900BA602D /* JPVideoPlayerDemoCell.h */,
				48EE51CE1E6C069900BA602D /* JPVideoPlayerDemoCell.m */,
				48EE51CF1E6C069900BA602D /* JPVideoPlayerDemoCell.xib */,
			);
			name = Home;
			sourceTree = "<group>";
		};
		48FD326C1EB6FF6300ACCB05 /* Push */ = {
			isa = PBXGroup;
			children = (
				481650631ED1AA7B00A18412 /* JPVideoPlayerDemoVC_push.h */,
				481650641ED1AA7B00A18412 /* JPVideoPlayerDemoVC_push.m */,
				481650651ED1AA7B00A18412 /* JPVideoPlayerDemoVC_push.xib */,
			);
			name = Push;
			sourceTree = "<group>";
		};
		48FD326E1EB701AC00ACCB05 /* QRCode */ = {
			isa = PBXGroup;
			children = (
				48FD326F1EB701D400ACCB05 /* JPQRCodeTool.h */,
				48FD32701EB701D400ACCB05 /* JPQRCodeTool.m */,
			);
			name = QRCode;
			sourceTree = "<group>";
		};
		5F67055A1DADE88F001EBFAF = {
			isa = PBXGroup;
			children = (
				48CB2CD51EDF0393009DD486 /* VideoPlayer */,
				5F6705651DADE88F001EBFAF /* JPVideoPlayerDemo */,
				5F6705641DADE88F001EBFAF /* Products */,
				272BF3831ADEABFABB821412 /* Pods */,
				71FA05B037030D7EBC04D718 /* Frameworks */,
			);
			sourceTree = "<group>";
		};
		5F6705641DADE88F001EBFAF /* Products */ = {
			isa = PBXGroup;
			children = (
				5F6705631DADE88F001EBFAF /* JPVideoPlayerDemo.app */,
				48CB2CC91EDF034D009DD486 /* VideoPlayer.framework */,
			);
			name = Products;
			sourceTree = "<group>";
		};
		5F6705651DADE88F001EBFAF /* JPVideoPlayerDemo */ = {
			isa = PBXGroup;
			children = (
				48CB2C281EDE4C63009DD486 /* JPVideoPlayer */,
				48FD32691EB6FF3B00ACCB05 /* Player */,
				48FD326A1EB6FF4A00ACCB05 /* Setting */,
				5F6705691DADE88F001EBFAF /* AppDelegate.h */,
				5F67056A1DADE88F001EBFAF /* AppDelegate.m */,
				5F6705721DADE88F001EBFAF /* Assets.xcassets */,
				5F6705741DADE88F001EBFAF /* LaunchScreen.storyboard */,
				5F6705771DADE88F001EBFAF /* Info.plist */,
				5F6705661DADE88F001EBFAF /* Supporting Files */,
			);
			path = JPVideoPlayerDemo;
			sourceTree = "<group>";
		};
		5F6705661DADE88F001EBFAF /* Supporting Files */ = {
			isa = PBXGroup;
			children = (
				48D2903F1E7842D50024C5C6 /* hello.mp4 */,
				5F6705671DADE88F001EBFAF /* main.m */,
			);
			name = "Supporting Files";
			sourceTree = "<group>";
		};
		71FA05B037030D7EBC04D718 /* Frameworks */ = {
			isa = PBXGroup;
			children = (
				8EBFC49659DDED5EA35F2A91 /* libPods-JPVideoPlayerDemo.a */,
			);
			name = Frameworks;
			sourceTree = "<group>";
		};
/* End PBXGroup section */

/* Begin PBXHeadersBuildPhase section */
		48CB2CC61EDF034D009DD486 /* Headers */ = {
			isa = PBXHeadersBuildPhase;
			buildActionMask = 2147483647;
			files = (
				48CB2CEB1EDF0436009DD486 /* JPVideoPlayerCache.h in Headers */,
				48CB2CEC1EDF0436009DD486 /* JPVideoPlayerCompat.h in Headers */,
				48CB2CED1EDF0436009DD486 /* JPVideoPlayerDownloader.h in Headers */,
				48CB2CEE1EDF0436009DD486 /* JPVideoPlayerManager.h in Headers */,
				48CB2CEF1EDF0436009DD486 /* JPVideoPlayerOperation.h in Headers */,
				48CB2CF01EDF0436009DD486 /* UIView+PlayerStatusAndDownloadIndicator.h in Headers */,
				48CB2CF11EDF0436009DD486 /* UIView+WebVideoCache.h in Headers */,
				48CB2CD91EDF0393009DD486 /* VideoPlayer.h in Headers */,
			);
			runOnlyForDeploymentPostprocessing = 0;
		};
/* End PBXHeadersBuildPhase section */

/* Begin PBXNativeTarget section */
		48CB2CC81EDF034D009DD486 /* VideoPlayer */ = {
			isa = PBXNativeTarget;
			buildConfigurationList = 48CB2CD41EDF034D009DD486 /* Build configuration list for PBXNativeTarget "VideoPlayer" */;
			buildPhases = (
				48CB2CC41EDF034D009DD486 /* Sources */,
				48CB2CC51EDF034D009DD486 /* Frameworks */,
				48CB2CC61EDF034D009DD486 /* Headers */,
				48CB2CC71EDF034D009DD486 /* Resources */,
			);
			buildRules = (
			);
			dependencies = (
			);
			name = VideoPlayer;
			productName = VideoPlayer;
			productReference = 48CB2CC91EDF034D009DD486 /* VideoPlayer.framework */;
			productType = "com.apple.product-type.framework";
		};
		5F6705621DADE88F001EBFAF /* JPVideoPlayerDemo */ = {
			isa = PBXNativeTarget;
			buildConfigurationList = 5F67057A1DADE88F001EBFAF /* Build configuration list for PBXNativeTarget "JPVideoPlayerDemo" */;
			buildPhases = (
				FB1F63520C1F406AFCCB0116 /* [CP] Check Pods Manifest.lock */,
				5F67055F1DADE88F001EBFAF /* Sources */,
				5F6705601DADE88F001EBFAF /* Frameworks */,
				5F6705611DADE88F001EBFAF /* Resources */,
				818F9AB63D84633DC080A828 /* [CP] Embed Pods Frameworks */,
				428134F9DF52FE292474C6FA /* [CP] Copy Pods Resources */,
				48B548F91ED5B3AB00062DC2 /* Embed Frameworks */,
			);
			buildRules = (
			);
			dependencies = (
				48CB2CCF1EDF034D009DD486 /* PBXTargetDependency */,
			);
			name = JPVideoPlayerDemo;
			productName = JPVideoPlayerDemo;
			productReference = 5F6705631DADE88F001EBFAF /* JPVideoPlayerDemo.app */;
			productType = "com.apple.product-type.application";
		};
/* End PBXNativeTarget section */

/* Begin PBXProject section */
		5F67055B1DADE88F001EBFAF /* Project object */ = {
			isa = PBXProject;
			attributes = {
				LastUpgradeCheck = 0830;
				ORGANIZATIONNAME = NewPan;
				TargetAttributes = {
					48CB2CC81EDF034D009DD486 = {
						CreatedOnToolsVersion = 8.3;
						DevelopmentTeam = U7FB52A877;
						ProvisioningStyle = Automatic;
					};
					5F6705621DADE88F001EBFAF = {
						CreatedOnToolsVersion = 8.0;
						DevelopmentTeam = U7FB52A877;
						ProvisioningStyle = Automatic;
					};
				};
			};
			buildConfigurationList = 5F67055E1DADE88F001EBFAF /* Build configuration list for PBXProject "JPVideoPlayerDemo" */;
			compatibilityVersion = "Xcode 3.2";
			developmentRegion = English;
			hasScannedForEncodings = 0;
			knownRegions = (
				en,
				Base,
			);
			mainGroup = 5F67055A1DADE88F001EBFAF;
			productRefGroup = 5F6705641DADE88F001EBFAF /* Products */;
			projectDirPath = "";
			projectRoot = "";
			targets = (
				5F6705621DADE88F001EBFAF /* JPVideoPlayerDemo */,
				48CB2CC81EDF034D009DD486 /* VideoPlayer */,
			);
		};
/* End PBXProject section */

/* Begin PBXResourcesBuildPhase section */
		48CB2CC71EDF034D009DD486 /* Resources */ = {
			isa = PBXResourcesBuildPhase;
			buildActionMask = 2147483647;
			files = (
			);
			runOnlyForDeploymentPostprocessing = 0;
		};
		5F6705611DADE88F001EBFAF /* Resources */ = {
			isa = PBXResourcesBuildPhase;
			buildActionMask = 2147483647;
			files = (
				48D290401E7842D50024C5C6 /* hello.mp4 in Resources */,
				481650671ED1AA7B00A18412 /* JPVideoPlayerDemoVC_push.xib in Resources */,
				48EE51D11E6C069900BA602D /* JPVideoPlayerDemoCell.xib in Resources */,
				5F6705761DADE88F001EBFAF /* LaunchScreen.storyboard in Resources */,
				5F6705731DADE88F001EBFAF /* Assets.xcassets in Resources */,
				488717521EB63CBA00300CA6 /* JPVideoPlayerDemoVC_Setting.xib in Resources */,
			);
			runOnlyForDeploymentPostprocessing = 0;
		};
/* End PBXResourcesBuildPhase section */

/* Begin PBXShellScriptBuildPhase section */
		428134F9DF52FE292474C6FA /* [CP] Copy Pods Resources */ = {
			isa = PBXShellScriptBuildPhase;
			buildActionMask = 2147483647;
			files = (
			);
			inputPaths = (
			);
			name = "[CP] Copy Pods Resources";
			outputPaths = (
			);
			runOnlyForDeploymentPostprocessing = 0;
			shellPath = /bin/sh;
			shellScript = "\"${SRCROOT}/Pods/Target Support Files/Pods-JPVideoPlayerDemo/Pods-JPVideoPlayerDemo-resources.sh\"\n";
			showEnvVarsInLog = 0;
		};
		818F9AB63D84633DC080A828 /* [CP] Embed Pods Frameworks */ = {
			isa = PBXShellScriptBuildPhase;
			buildActionMask = 2147483647;
			files = (
			);
			inputPaths = (
			);
			name = "[CP] Embed Pods Frameworks";
			outputPaths = (
			);
			runOnlyForDeploymentPostprocessing = 0;
			shellPath = /bin/sh;
			shellScript = "\"${SRCROOT}/Pods/Target Support Files/Pods-JPVideoPlayerDemo/Pods-JPVideoPlayerDemo-frameworks.sh\"\n";
			showEnvVarsInLog = 0;
		};
		FB1F63520C1F406AFCCB0116 /* [CP] Check Pods Manifest.lock */ = {
			isa = PBXShellScriptBuildPhase;
			buildActionMask = 2147483647;
			files = (
			);
			inputPaths = (
			);
			name = "[CP] Check Pods Manifest.lock";
			outputPaths = (
			);
			runOnlyForDeploymentPostprocessing = 0;
			shellPath = /bin/sh;
			shellScript = "diff \"${PODS_ROOT}/../Podfile.lock\" \"${PODS_ROOT}/Manifest.lock\" > /dev/null\nif [ $? != 0 ] ; then\n    # print error to STDERR\n    echo \"error: The sandbox is not in sync with the Podfile.lock. Run 'pod install' or update your CocoaPods installation.\" >&2\n    exit 1\nfi\n";
			showEnvVarsInLog = 0;
		};
/* End PBXShellScriptBuildPhase section */

/* Begin PBXSourcesBuildPhase section */
		48CB2CC41EDF034D009DD486 /* Sources */ = {
			isa = PBXSourcesBuildPhase;
			buildActionMask = 2147483647;
			files = (
				48CB2CDA1EDF03F0009DD486 /* JPVideoPlayerActivityIndicator.m in Sources */,
				48CB2CDB1EDF03F0009DD486 /* JPVideoPlayerCache.m in Sources */,
				48CB2CDC1EDF03F0009DD486 /* JPVideoPlayerCacheConfig.m in Sources */,
				48CB2CDD1EDF03F0009DD486 /* JPVideoPlayerCachePathTool.m in Sources */,
				48CB2CDE1EDF03F0009DD486 /* JPVideoPlayerDownloader.m in Sources */,
				48CB2CDF1EDF03F0009DD486 /* JPVideoPlayerDownloaderOperation.m in Sources */,
				48CB2CE01EDF03F0009DD486 /* JPVideoPlayerManager.m in Sources */,
				48CB2CE11EDF03F0009DD486 /* JPVideoPlayerPlayVideoTool.m in Sources */,
				48CB2CE21EDF03F0009DD486 /* JPVideoPlayerProgressView.m in Sources */,
				48CB2CE31EDF03F0009DD486 /* JPVideoPlayerResourceLoader.m in Sources */,
				48CB2CE41EDF03F0009DD486 /* JRSwizzle.m in Sources */,
				48CB2CE51EDF03F0009DD486 /* UINavigationController+Landscape.m in Sources */,
				48CB2CE61EDF03F0009DD486 /* UITabBarController+Landscape.m in Sources */,
				48CB2CE71EDF03F0009DD486 /* UIView+PlayerStatusAndDownloadIndicator.m in Sources */,
				48CB2CE81EDF03F0009DD486 /* UIView+WebVideoCache.m in Sources */,
				48CB2CE91EDF03F0009DD486 /* UIView+WebVideoCacheOperation.m in Sources */,
				48CB2CEA1EDF03F0009DD486 /* UIViewController+Landscape.m in Sources */,
			);
			runOnlyForDeploymentPostprocessing = 0;
		};
		5F67055F1DADE88F001EBFAF /* Sources */ = {
			isa = PBXSourcesBuildPhase;
			buildActionMask = 2147483647;
			files = (
				48CB2C5C1EDE4C63009DD486 /* UIView+WebVideoCacheOperation.m in Sources */,
				48CB2C541EDE4C63009DD486 /* JPVideoPlayerPlayVideoTool.m in Sources */,
				48CB2C561EDE4C63009DD486 /* JPVideoPlayerResourceLoader.m in Sources */,
				48CB2C591EDE4C63009DD486 /* UITabBarController+Landscape.m in Sources */,
				48CB2C501EDE4C63009DD486 /* JPVideoPlayerCachePathTool.m in Sources */,
				48CB2C511EDE4C63009DD486 /* JPVideoPlayerDownloader.m in Sources */,
				5FF7BAF11E7F8EC400912ACD /* JPVideoPlayerDemoVC_home.m in Sources */,
				48CB2C581EDE4C63009DD486 /* UINavigationController+Landscape.m in Sources */,
				48CB2C4E1EDE4C63009DD486 /* JPVideoPlayerCache.m in Sources */,
				48EE51D01E6C069900BA602D /* JPVideoPlayerDemoCell.m in Sources */,
				5FF7BAF21E7F8EC400912ACD /* UITableView+VideoPlay.m in Sources */,
				5F67056B1DADE88F001EBFAF /* AppDelegate.m in Sources */,
				48CB2C5D1EDE4C63009DD486 /* UIViewController+Landscape.m in Sources */,
				48CB2C5A1EDE4C63009DD486 /* UIView+PlayerStatusAndDownloadIndicator.m in Sources */,
				48CB2C521EDE4C63009DD486 /* JPVideoPlayerDownloaderOperation.m in Sources */,
				48FD32711EB701D400ACCB05 /* JPQRCodeTool.m in Sources */,
				48CB2C531EDE4C63009DD486 /* JPVideoPlayerManager.m in Sources */,
				5F6705681DADE88F001EBFAF /* main.m in Sources */,
				48CB2C4F1EDE4C63009DD486 /* JPVideoPlayerCacheConfig.m in Sources */,
				48CB2C571EDE4C63009DD486 /* JRSwizzle.m in Sources */,
				488717511EB63CBA00300CA6 /* JPVideoPlayerDemoVC_Setting.m in Sources */,
				481650661ED1AA7B00A18412 /* JPVideoPlayerDemoVC_push.m in Sources */,
				48CB2C4D1EDE4C63009DD486 /* JPVideoPlayerActivityIndicator.m in Sources */,
				48CB2C551EDE4C63009DD486 /* JPVideoPlayerProgressView.m in Sources */,
				48CB2C5B1EDE4C63009DD486 /* UIView+WebVideoCache.m in Sources */,
			);
			runOnlyForDeploymentPostprocessing = 0;
		};
/* End PBXSourcesBuildPhase section */

/* Begin PBXTargetDependency section */
		48CB2CCF1EDF034D009DD486 /* PBXTargetDependency */ = {
			isa = PBXTargetDependency;
			target = 48CB2CC81EDF034D009DD486 /* VideoPlayer */;
			targetProxy = 48CB2CCE1EDF034D009DD486 /* PBXContainerItemProxy */;
		};
/* End PBXTargetDependency section */

/* Begin PBXVariantGroup section */
		5F6705741DADE88F001EBFAF /* LaunchScreen.storyboard */ = {
			isa = PBXVariantGroup;
			children = (
				5F6705751DADE88F001EBFAF /* Base */,
			);
			name = LaunchScreen.storyboard;
			sourceTree = "<group>";
		};
/* End PBXVariantGroup section */

/* Begin XCBuildConfiguration section */
		48CB2CD21EDF034D009DD486 /* Debug */ = {
			isa = XCBuildConfiguration;
			buildSettings = {
				CLANG_ANALYZER_NUMBER_OBJECT_CONVERSION = YES_AGGRESSIVE;
				CODE_SIGN_IDENTITY = "";
				CURRENT_PROJECT_VERSION = 1;
				DEFINES_MODULE = YES;
				DEVELOPMENT_TEAM = U7FB52A877;
				DYLIB_COMPATIBILITY_VERSION = 1;
				DYLIB_CURRENT_VERSION = 1;
				DYLIB_INSTALL_NAME_BASE = "@rpath";
				INFOPLIST_FILE = "$(SRCROOT)/../../VideoPlayer/Info.plist";
				INSTALL_PATH = "$(LOCAL_LIBRARY_DIR)/Frameworks";
				IPHONEOS_DEPLOYMENT_TARGET = 10.3;
				LD_RUNPATH_SEARCH_PATHS = "$(inherited) @executable_path/Frameworks @loader_path/Frameworks";
				OTHER_LDFLAGS = "-all_load";
				PRODUCT_BUNDLE_IDENTIFIER = com.newpan.www.VideoPlayer;
				PRODUCT_NAME = "$(TARGET_NAME)";
				SKIP_INSTALL = YES;
				TARGETED_DEVICE_FAMILY = "1,2";
				VERSIONING_SYSTEM = "apple-generic";
				VERSION_INFO_PREFIX = "";
			};
			name = Debug;
		};
		48CB2CD31EDF034D009DD486 /* Release */ = {
			isa = XCBuildConfiguration;
			buildSettings = {
				CLANG_ANALYZER_NUMBER_OBJECT_CONVERSION = YES_AGGRESSIVE;
				CODE_SIGN_IDENTITY = "";
				CURRENT_PROJECT_VERSION = 1;
				DEFINES_MODULE = YES;
				DEVELOPMENT_TEAM = U7FB52A877;
				DYLIB_COMPATIBILITY_VERSION = 1;
				DYLIB_CURRENT_VERSION = 1;
				DYLIB_INSTALL_NAME_BASE = "@rpath";
				INFOPLIST_FILE = "$(SRCROOT)/../../VideoPlayer/Info.plist";
				INSTALL_PATH = "$(LOCAL_LIBRARY_DIR)/Frameworks";
				IPHONEOS_DEPLOYMENT_TARGET = 10.3;
				LD_RUNPATH_SEARCH_PATHS = "$(inherited) @executable_path/Frameworks @loader_path/Frameworks";
				OTHER_LDFLAGS = "-all_load";
				PRODUCT_BUNDLE_IDENTIFIER = com.newpan.www.VideoPlayer;
				PRODUCT_NAME = "$(TARGET_NAME)";
				SKIP_INSTALL = YES;
				TARGETED_DEVICE_FAMILY = "1,2";
				VERSIONING_SYSTEM = "apple-generic";
				VERSION_INFO_PREFIX = "";
			};
			name = Release;
		};
		5F6705781DADE88F001EBFAF /* Debug */ = {
			isa = XCBuildConfiguration;
			buildSettings = {
				ALWAYS_SEARCH_USER_PATHS = NO;
				CLANG_ANALYZER_NONNULL = YES;
				CLANG_CXX_LANGUAGE_STANDARD = "gnu++0x";
				CLANG_CXX_LIBRARY = "libc++";
				CLANG_ENABLE_MODULES = YES;
				CLANG_ENABLE_OBJC_ARC = YES;
				CLANG_WARN_BOOL_CONVERSION = YES;
				CLANG_WARN_CONSTANT_CONVERSION = YES;
				CLANG_WARN_DIRECT_OBJC_ISA_USAGE = YES_ERROR;
				CLANG_WARN_DOCUMENTATION_COMMENTS = YES;
				CLANG_WARN_EMPTY_BODY = YES;
				CLANG_WARN_ENUM_CONVERSION = YES;
				CLANG_WARN_INFINITE_RECURSION = YES;
				CLANG_WARN_INT_CONVERSION = YES;
				CLANG_WARN_OBJC_ROOT_CLASS = YES_ERROR;
				CLANG_WARN_SUSPICIOUS_MOVE = YES;
				CLANG_WARN_SUSPICIOUS_MOVES = YES;
				CLANG_WARN_UNREACHABLE_CODE = YES;
				CLANG_WARN__DUPLICATE_METHOD_MATCH = YES;
				"CODE_SIGN_IDENTITY[sdk=iphoneos*]" = "iPhone Developer";
				COPY_PHASE_STRIP = NO;
				DEBUG_INFORMATION_FORMAT = dwarf;
				ENABLE_STRICT_OBJC_MSGSEND = YES;
				ENABLE_TESTABILITY = YES;
				GCC_C_LANGUAGE_STANDARD = gnu99;
				GCC_DYNAMIC_NO_PIC = NO;
				GCC_NO_COMMON_BLOCKS = YES;
				GCC_OPTIMIZATION_LEVEL = 0;
				GCC_PREPROCESSOR_DEFINITIONS = (
					"DEBUG=1",
					"$(inherited)",
				);
				GCC_WARN_64_TO_32_BIT_CONVERSION = YES;
				GCC_WARN_ABOUT_RETURN_TYPE = YES_ERROR;
				GCC_WARN_UNDECLARED_SELECTOR = YES;
				GCC_WARN_UNINITIALIZED_AUTOS = YES_AGGRESSIVE;
				GCC_WARN_UNUSED_FUNCTION = YES;
				GCC_WARN_UNUSED_VARIABLE = YES;
				IPHONEOS_DEPLOYMENT_TARGET = 8.0;
				MTL_ENABLE_DEBUG_INFO = YES;
				ONLY_ACTIVE_ARCH = YES;
				SDKROOT = iphoneos;
			};
			name = Debug;
		};
		5F6705791DADE88F001EBFAF /* Release */ = {
			isa = XCBuildConfiguration;
			buildSettings = {
				ALWAYS_SEARCH_USER_PATHS = NO;
				CLANG_ANALYZER_NONNULL = YES;
				CLANG_CXX_LANGUAGE_STANDARD = "gnu++0x";
				CLANG_CXX_LIBRARY = "libc++";
				CLANG_ENABLE_MODULES = YES;
				CLANG_ENABLE_OBJC_ARC = YES;
				CLANG_WARN_BOOL_CONVERSION = YES;
				CLANG_WARN_CONSTANT_CONVERSION = YES;
				CLANG_WARN_DIRECT_OBJC_ISA_USAGE = YES_ERROR;
				CLANG_WARN_DOCUMENTATION_COMMENTS = YES;
				CLANG_WARN_EMPTY_BODY = YES;
				CLANG_WARN_ENUM_CONVERSION = YES;
				CLANG_WARN_INFINITE_RECURSION = YES;
				CLANG_WARN_INT_CONVERSION = YES;
				CLANG_WARN_OBJC_ROOT_CLASS = YES_ERROR;
				CLANG_WARN_SUSPICIOUS_MOVE = YES;
				CLANG_WARN_SUSPICIOUS_MOVES = YES;
				CLANG_WARN_UNREACHABLE_CODE = YES;
				CLANG_WARN__DUPLICATE_METHOD_MATCH = YES;
				"CODE_SIGN_IDENTITY[sdk=iphoneos*]" = "iPhone Developer";
				COPY_PHASE_STRIP = NO;
				DEBUG_INFORMATION_FORMAT = "dwarf-with-dsym";
				ENABLE_NS_ASSERTIONS = NO;
				ENABLE_STRICT_OBJC_MSGSEND = YES;
				GCC_C_LANGUAGE_STANDARD = gnu99;
				GCC_NO_COMMON_BLOCKS = YES;
				GCC_WARN_64_TO_32_BIT_CONVERSION = YES;
				GCC_WARN_ABOUT_RETURN_TYPE = YES_ERROR;
				GCC_WARN_UNDECLARED_SELECTOR = YES;
				GCC_WARN_UNINITIALIZED_AUTOS = YES_AGGRESSIVE;
				GCC_WARN_UNUSED_FUNCTION = YES;
				GCC_WARN_UNUSED_VARIABLE = YES;
				IPHONEOS_DEPLOYMENT_TARGET = 8.0;
				MTL_ENABLE_DEBUG_INFO = NO;
				SDKROOT = iphoneos;
				VALIDATE_PRODUCT = YES;
			};
			name = Release;
		};
		5F67057B1DADE88F001EBFAF /* Debug */ = {
			isa = XCBuildConfiguration;
			baseConfigurationReference = 0C9A80C1EADCB50E8B8E7648 /* Pods-JPVideoPlayerDemo.debug.xcconfig */;
			buildSettings = {
				ASSETCATALOG_COMPILER_APPICON_NAME = AppIcon;
				"CODE_SIGN_IDENTITY[sdk=iphoneos*]" = "iPhone Developer";
				DEVELOPMENT_TEAM = U7FB52A877;
				INFOPLIST_FILE = JPVideoPlayerDemo/Info.plist;
				LD_RUNPATH_SEARCH_PATHS = "$(inherited) @executable_path/Frameworks";
				PRODUCT_BUNDLE_IDENTIFIER = com.jpvideoplayer.www;
				PRODUCT_NAME = "$(TARGET_NAME)";
				PROVISIONING_PROFILE_SPECIFIER = "";
			};
			name = Debug;
		};
		5F67057C1DADE88F001EBFAF /* Release */ = {
			isa = XCBuildConfiguration;
			baseConfigurationReference = 1F5F3C3412F93A0936D3FBB0 /* Pods-JPVideoPlayerDemo.release.xcconfig */;
			buildSettings = {
				ASSETCATALOG_COMPILER_APPICON_NAME = AppIcon;
				"CODE_SIGN_IDENTITY[sdk=iphoneos*]" = "iPhone Developer";
				DEVELOPMENT_TEAM = U7FB52A877;
				INFOPLIST_FILE = JPVideoPlayerDemo/Info.plist;
				LD_RUNPATH_SEARCH_PATHS = "$(inherited) @executable_path/Frameworks";
				PRODUCT_BUNDLE_IDENTIFIER = com.jpvideoplayer.www;
				PRODUCT_NAME = "$(TARGET_NAME)";
				PROVISIONING_PROFILE_SPECIFIER = "";
			};
			name = Release;
		};
/* End XCBuildConfiguration section */

/* Begin XCConfigurationList section */
		48CB2CD41EDF034D009DD486 /* Build configuration list for PBXNativeTarget "VideoPlayer" */ = {
			isa = XCConfigurationList;
			buildConfigurations = (
				48CB2CD21EDF034D009DD486 /* Debug */,
				48CB2CD31EDF034D009DD486 /* Release */,
			);
			defaultConfigurationIsVisible = 0;
			defaultConfigurationName = Release;
		};
		5F67055E1DADE88F001EBFAF /* Build configuration list for PBXProject "JPVideoPlayerDemo" */ = {
			isa = XCConfigurationList;
			buildConfigurations = (
				5F6705781DADE88F001EBFAF /* Debug */,
				5F6705791DADE88F001EBFAF /* Release */,
			);
			defaultConfigurationIsVisible = 0;
			defaultConfigurationName = Release;
		};
		5F67057A1DADE88F001EBFAF /* Build configuration list for PBXNativeTarget "JPVideoPlayerDemo" */ = {
			isa = XCConfigurationList;
			buildConfigurations = (
				5F67057B1DADE88F001EBFAF /* Debug */,
				5F67057C1DADE88F001EBFAF /* Release */,
			);
			defaultConfigurationIsVisible = 0;
			defaultConfigurationName = Release;
		};
/* End XCConfigurationList section */
	};
	rootObject = 5F67055B1DADE88F001EBFAF /* Project object */;
}
