// !$*UTF8*$!
{
	archiveVersion = 1;
	classes = {
	};
	objectVersion = 46;
	objects = {

/* Begin PBXBuildFile section */
		258183E6274D79D6E72F4F8B /* UITableViewCell+WebVideoCache.m in Sources */ = {isa = PBXBuildFile; fileRef = 2581893DF86BB283AC40399F /* UITableViewCell+WebVideoCache.m */; };
		2581889C19EE76A9A5D48D80 /* JPVideoPlayerDouyinViewController.m in Sources */ = {isa = PBXBuildFile; fileRef = 25818C4F9FF902E2C26F116E /* JPVideoPlayerDouyinViewController.m */; };
		258188DAB416370E7585394B /* JPVideoPlayerWeiBoViewController.m in Sources */ = {isa = PBXBuildFile; fileRef = 258185FC55A71807B8167322 /* JPVideoPlayerWeiBoViewController.m */; };
		25818B50669444407D0A4E9B /* UITableView+WebVideoCache.m in Sources */ = {isa = PBXBuildFile; fileRef = 2581855A00489E540790B797 /* UITableView+WebVideoCache.m */; };
		25818DB3B140DE7EDCFC3A66 /* JPVideoPlayerSupportUtils.m in Sources */ = {isa = PBXBuildFile; fileRef = 258181A39BB5958976ECC258 /* JPVideoPlayerSupportUtils.m */; };
		25818E4B414C1C6490262690 /* JPVideoPlayerTableViewHelper.m in Sources */ = {isa = PBXBuildFile; fileRef = 25818CD19BDD22E4637CA452 /* JPVideoPlayerTableViewHelper.m */; };
		25818E851233F2B0623E1B0B /* JPResourceLoadingRequestTask.m in Sources */ = {isa = PBXBuildFile; fileRef = 2581801C6AAE79C4B51BD5C0 /* JPResourceLoadingRequestTask.m */; };
		481650661ED1AA7B00A18412 /* JPVideoPlayerDetailViewController.m in Sources */ = {isa = PBXBuildFile; fileRef = 481650641ED1AA7B00A18412 /* JPVideoPlayerDetailViewController.m */; };
		481650671ED1AA7B00A18412 /* JPVideoPlayerDetailViewController.xib in Resources */ = {isa = PBXBuildFile; fileRef = 481650651ED1AA7B00A18412 /* JPVideoPlayerDetailViewController.xib */; };
		488717511EB63CBA00300CA6 /* JPVideoPlayerSettingViewController.m in Sources */ = {isa = PBXBuildFile; fileRef = 4887174F1EB63CBA00300CA6 /* JPVideoPlayerSettingViewController.m */; };
		488717521EB63CBA00300CA6 /* JPVideoPlayerSettingViewController.xib in Resources */ = {isa = PBXBuildFile; fileRef = 488717501EB63CBA00300CA6 /* JPVideoPlayerSettingViewController.xib */; };
		48EE51D01E6C069900BA602D /* JPVideoPlayerWeiBoEqualHeightCell.m in Sources */ = {isa = PBXBuildFile; fileRef = 48EE51CE1E6C069900BA602D /* JPVideoPlayerWeiBoEqualHeightCell.m */; };
		48EE51D11E6C069900BA602D /* JPVideoPlayerWeiBoEqualHeightCell.xib in Resources */ = {isa = PBXBuildFile; fileRef = 48EE51CF1E6C069900BA602D /* JPVideoPlayerWeiBoEqualHeightCell.xib */; };
		48FD32711EB701D400ACCB05 /* JPQRCodeTool.m in Sources */ = {isa = PBXBuildFile; fileRef = 48FD32701EB701D400ACCB05 /* JPQRCodeTool.m */; };
		5F6705681DADE88F001EBFAF /* main.m in Sources */ = {isa = PBXBuildFile; fileRef = 5F6705671DADE88F001EBFAF /* main.m */; };
		5F67056B1DADE88F001EBFAF /* AppDelegate.m in Sources */ = {isa = PBXBuildFile; fileRef = 5F67056A1DADE88F001EBFAF /* AppDelegate.m */; };
		5F6705731DADE88F001EBFAF /* Assets.xcassets in Resources */ = {isa = PBXBuildFile; fileRef = 5F6705721DADE88F001EBFAF /* Assets.xcassets */; };
		5FF7BAF11E7F8EC400912ACD /* JPVideoPlayerWeiBoListViewController.m in Sources */ = {isa = PBXBuildFile; fileRef = 5FF7BAEE1E7F8EC400912ACD /* JPVideoPlayerWeiBoListViewController.m */; };
		C3D50D2EF7B7EB2F36B72E2D /* libPods-JPVideoPlayerDemo.a in Frameworks */ = {isa = PBXBuildFile; fileRef = 8EBFC49659DDED5EA35F2A91 /* libPods-JPVideoPlayerDemo.a */; };
		CF156E692052DBF9007FE819 /* JPVideoPlayer.bundle in Resources */ = {isa = PBXBuildFile; fileRef = CF156E682052DBF9007FE819 /* JPVideoPlayer.bundle */; };
		CF533E3520773C6500075063 /* JPVideoPlayerWeiBoUnequalHeightCell.m in Sources */ = {isa = PBXBuildFile; fileRef = CF533E3320773C6500075063 /* JPVideoPlayerWeiBoUnequalHeightCell.m */; };
		CF533E3620773C6500075063 /* JPVideoPlayerWeiBoUnequalHeightCell.xib in Resources */ = {isa = PBXBuildFile; fileRef = CF533E3420773C6500075063 /* JPVideoPlayerWeiBoUnequalHeightCell.xib */; };
		CF5438712067AE3300AC4391 /* designedByAppleInCalifornia.mp4 in Resources */ = {isa = PBXBuildFile; fileRef = CF5438702067AE3300AC4391 /* designedByAppleInCalifornia.mp4 */; };
		CFD87BCC203C0C5B004206E8 /* JPVideoPlayerDownloader.m in Sources */ = {isa = PBXBuildFile; fileRef = CFD87BA9203C0C5B004206E8 /* JPVideoPlayerDownloader.m */; };
		CFD87BCE203C0C5B004206E8 /* JPVideoPlayerCache.m in Sources */ = {isa = PBXBuildFile; fileRef = CFD87BAC203C0C5B004206E8 /* JPVideoPlayerCache.m */; };
		CFD87BCF203C0C5B004206E8 /* UIView+WebVideoCache.m in Sources */ = {isa = PBXBuildFile; fileRef = CFD87BAD203C0C5B004206E8 /* UIView+WebVideoCache.m */; };
		CFD87BD0203C0C5B004206E8 /* JPVideoPlayerCompat.m in Sources */ = {isa = PBXBuildFile; fileRef = CFD87BB0203C0C5B004206E8 /* JPVideoPlayerCompat.m */; };
		CFD87BD3203C0C5B004206E8 /* JPVideoPlayerResourceLoader.m in Sources */ = {isa = PBXBuildFile; fileRef = CFD87BB5203C0C5B004206E8 /* JPVideoPlayerResourceLoader.m */; };
		CFD87BD7203C0C5B004206E8 /* JPVideoPlayerManager.m in Sources */ = {isa = PBXBuildFile; fileRef = CFD87BBF203C0C5B004206E8 /* JPVideoPlayerManager.m */; };
		CFD87BD8203C0C5B004206E8 /* JPVideoPlayerCachePath.m in Sources */ = {isa = PBXBuildFile; fileRef = CFD87BC3203C0C5B004206E8 /* JPVideoPlayerCachePath.m */; };
		CFD87BD9203C0C5B004206E8 /* JPVideoPlayerCacheFile.m in Sources */ = {isa = PBXBuildFile; fileRef = CFD87BC4203C0C5B004206E8 /* JPVideoPlayerCacheFile.m */; };
		CFD87BDA203C0C5B004206E8 /* JPVideoPlayer.m in Sources */ = {isa = PBXBuildFile; fileRef = CFD87BC7203C0C5B004206E8 /* JPVideoPlayer.m */; };
		CFD87BE1203C791A004206E8 /* JPVideoPlayerControlViews.m in Sources */ = {isa = PBXBuildFile; fileRef = CFD87BE0203C791A004206E8 /* JPVideoPlayerControlViews.m */; };
/* End PBXBuildFile section */

/* Begin PBXCopyFilesBuildPhase section */
		48B548F91ED5B3AB00062DC2 /* Embed Frameworks */ = {
			isa = PBXCopyFilesBuildPhase;
			buildActionMask = 2147483647;
			dstPath = "";
			dstSubfolderSpec = 10;
			files = (
			);
			name = "Embed Frameworks";
			runOnlyForDeploymentPostprocessing = 0;
		};
/* End PBXCopyFilesBuildPhase section */

/* Begin PBXFileReference section */
		0C9A80C1EADCB50E8B8E7648 /* Pods-JPVideoPlayerDemo.debug.xcconfig */ = {isa = PBXFileReference; includeInIndex = 1; lastKnownFileType = text.xcconfig; name = "Pods-JPVideoPlayerDemo.debug.xcconfig"; path = "Pods/Target Support Files/Pods-JPVideoPlayerDemo/Pods-JPVideoPlayerDemo.debug.xcconfig"; sourceTree = "<group>"; };
		1F5F3C3412F93A0936D3FBB0 /* Pods-JPVideoPlayerDemo.release.xcconfig */ = {isa = PBXFileReference; includeInIndex = 1; lastKnownFileType = text.xcconfig; name = "Pods-JPVideoPlayerDemo.release.xcconfig"; path = "Pods/Target Support Files/Pods-JPVideoPlayerDemo/Pods-JPVideoPlayerDemo.release.xcconfig"; sourceTree = "<group>"; };
		2581801C6AAE79C4B51BD5C0 /* JPResourceLoadingRequestTask.m */ = {isa = PBXFileReference; fileEncoding = 4; lastKnownFileType = sourcecode.c.objc; path = JPResourceLoadingRequestTask.m; sourceTree = "<group>"; };
		258180C10C9B1D5150EDD9C5 /* JPVideoPlayerWeiBoViewController.h */ = {isa = PBXFileReference; fileEncoding = 4; lastKnownFileType = sourcecode.c.h; path = JPVideoPlayerWeiBoViewController.h; sourceTree = "<group>"; };
		2581816193D49E7210A222B1 /* JPVideoPlayerDouyinViewController.h */ = {isa = PBXFileReference; fileEncoding = 4; lastKnownFileType = sourcecode.c.h; path = JPVideoPlayerDouyinViewController.h; sourceTree = "<group>"; };
		258181A39BB5958976ECC258 /* JPVideoPlayerSupportUtils.m */ = {isa = PBXFileReference; fileEncoding = 4; lastKnownFileType = sourcecode.c.objc; path = JPVideoPlayerSupportUtils.m; sourceTree = "<group>"; };
		2581827953DF09B54FF44E9D /* JPVideoPlayerProtocol.h */ = {isa = PBXFileReference; fileEncoding = 4; lastKnownFileType = sourcecode.c.h; path = JPVideoPlayerProtocol.h; sourceTree = "<group>"; };
		2581847EA55B90B1D8BE2229 /* JPResourceLoadingRequestTask.h */ = {isa = PBXFileReference; fileEncoding = 4; lastKnownFileType = sourcecode.c.h; path = JPResourceLoadingRequestTask.h; sourceTree = "<group>"; };
		2581855A00489E540790B797 /* UITableView+WebVideoCache.m */ = {isa = PBXFileReference; fileEncoding = 4; lastKnownFileType = sourcecode.c.objc; path = "UITableView+WebVideoCache.m"; sourceTree = "<group>"; };
		258185FC55A71807B8167322 /* JPVideoPlayerWeiBoViewController.m */ = {isa = PBXFileReference; fileEncoding = 4; lastKnownFileType = sourcecode.c.objc; path = JPVideoPlayerWeiBoViewController.m; sourceTree = "<group>"; };
		25818654A411C12B0B0C1EDA /* JPVideoPlayerSupportUtils.h */ = {isa = PBXFileReference; fileEncoding = 4; lastKnownFileType = sourcecode.c.h; path = JPVideoPlayerSupportUtils.h; sourceTree = "<group>"; };
		25818741585718D3332D2C82 /* UITableViewCell+WebVideoCache.h */ = {isa = PBXFileReference; fileEncoding = 4; lastKnownFileType = sourcecode.c.h; path = "UITableViewCell+WebVideoCache.h"; sourceTree = "<group>"; };
		258188812C523F144972A264 /* UITableView+WebVideoCache.h */ = {isa = PBXFileReference; fileEncoding = 4; lastKnownFileType = sourcecode.c.h; path = "UITableView+WebVideoCache.h"; sourceTree = "<group>"; };
		2581893DF86BB283AC40399F /* UITableViewCell+WebVideoCache.m */ = {isa = PBXFileReference; fileEncoding = 4; lastKnownFileType = sourcecode.c.objc; path = "UITableViewCell+WebVideoCache.m"; sourceTree = "<group>"; };
		25818C4F9FF902E2C26F116E /* JPVideoPlayerDouyinViewController.m */ = {isa = PBXFileReference; fileEncoding = 4; lastKnownFileType = sourcecode.c.objc; path = JPVideoPlayerDouyinViewController.m; sourceTree = "<group>"; };
		25818CD19BDD22E4637CA452 /* JPVideoPlayerTableViewHelper.m */ = {isa = PBXFileReference; fileEncoding = 4; lastKnownFileType = sourcecode.c.objc; path = JPVideoPlayerTableViewHelper.m; sourceTree = "<group>"; };
		25818E6FB2BFB9DEBBFEFEE6 /* JPVideoPlayerTableViewHelper.h */ = {isa = PBXFileReference; fileEncoding = 4; lastKnownFileType = sourcecode.c.h; path = JPVideoPlayerTableViewHelper.h; sourceTree = "<group>"; };
		481650631ED1AA7B00A18412 /* JPVideoPlayerDetailViewController.h */ = {isa = PBXFileReference; fileEncoding = 4; lastKnownFileType = sourcecode.c.h; path = JPVideoPlayerDetailViewController.h; sourceTree = "<group>"; };
		481650641ED1AA7B00A18412 /* JPVideoPlayerDetailViewController.m */ = {isa = PBXFileReference; fileEncoding = 4; lastKnownFileType = sourcecode.c.objc; path = JPVideoPlayerDetailViewController.m; sourceTree = "<group>"; };
		481650651ED1AA7B00A18412 /* JPVideoPlayerDetailViewController.xib */ = {isa = PBXFileReference; fileEncoding = 4; lastKnownFileType = file.xib; path = JPVideoPlayerDetailViewController.xib; sourceTree = "<group>"; };
		4887174E1EB63CBA00300CA6 /* JPVideoPlayerSettingViewController.h */ = {isa = PBXFileReference; fileEncoding = 4; lastKnownFileType = sourcecode.c.h; path = JPVideoPlayerSettingViewController.h; sourceTree = "<group>"; };
		4887174F1EB63CBA00300CA6 /* JPVideoPlayerSettingViewController.m */ = {isa = PBXFileReference; fileEncoding = 4; lastKnownFileType = sourcecode.c.objc; path = JPVideoPlayerSettingViewController.m; sourceTree = "<group>"; };
		488717501EB63CBA00300CA6 /* JPVideoPlayerSettingViewController.xib */ = {isa = PBXFileReference; fileEncoding = 4; lastKnownFileType = file.xib; path = JPVideoPlayerSettingViewController.xib; sourceTree = "<group>"; };
		48EE51CD1E6C069900BA602D /* JPVideoPlayerWeiBoEqualHeightCell.h */ = {isa = PBXFileReference; fileEncoding = 4; lastKnownFileType = sourcecode.c.h; path = JPVideoPlayerWeiBoEqualHeightCell.h; sourceTree = "<group>"; };
		48EE51CE1E6C069900BA602D /* JPVideoPlayerWeiBoEqualHeightCell.m */ = {isa = PBXFileReference; fileEncoding = 4; lastKnownFileType = sourcecode.c.objc; path = JPVideoPlayerWeiBoEqualHeightCell.m; sourceTree = "<group>"; };
		48EE51CF1E6C069900BA602D /* JPVideoPlayerWeiBoEqualHeightCell.xib */ = {isa = PBXFileReference; fileEncoding = 4; lastKnownFileType = file.xib; path = JPVideoPlayerWeiBoEqualHeightCell.xib; sourceTree = "<group>"; };
		48FD326F1EB701D400ACCB05 /* JPQRCodeTool.h */ = {isa = PBXFileReference; fileEncoding = 4; lastKnownFileType = sourcecode.c.h; path = JPQRCodeTool.h; sourceTree = "<group>"; };
		48FD32701EB701D400ACCB05 /* JPQRCodeTool.m */ = {isa = PBXFileReference; fileEncoding = 4; lastKnownFileType = sourcecode.c.objc; path = JPQRCodeTool.m; sourceTree = "<group>"; };
		5F6705631DADE88F001EBFAF /* JPVideoPlayerDemo.app */ = {isa = PBXFileReference; explicitFileType = wrapper.application; includeInIndex = 0; path = JPVideoPlayerDemo.app; sourceTree = BUILT_PRODUCTS_DIR; };
		5F6705671DADE88F001EBFAF /* main.m */ = {isa = PBXFileReference; lastKnownFileType = sourcecode.c.objc; path = main.m; sourceTree = "<group>"; };
		5F6705691DADE88F001EBFAF /* AppDelegate.h */ = {isa = PBXFileReference; lastKnownFileType = sourcecode.c.h; path = AppDelegate.h; sourceTree = "<group>"; };
		5F67056A1DADE88F001EBFAF /* AppDelegate.m */ = {isa = PBXFileReference; lastKnownFileType = sourcecode.c.objc; path = AppDelegate.m; sourceTree = "<group>"; };
		5F6705721DADE88F001EBFAF /* Assets.xcassets */ = {isa = PBXFileReference; lastKnownFileType = folder.assetcatalog; path = Assets.xcassets; sourceTree = "<group>"; };
		5F6705771DADE88F001EBFAF /* Info.plist */ = {isa = PBXFileReference; lastKnownFileType = text.plist.xml; path = Info.plist; sourceTree = "<group>"; };
		5FF7BAED1E7F8EC400912ACD /* JPVideoPlayerWeiBoListViewController.h */ = {isa = PBXFileReference; fileEncoding = 4; lastKnownFileType = sourcecode.c.h; path = JPVideoPlayerWeiBoListViewController.h; sourceTree = "<group>"; };
		5FF7BAEE1E7F8EC400912ACD /* JPVideoPlayerWeiBoListViewController.m */ = {isa = PBXFileReference; fileEncoding = 4; lastKnownFileType = sourcecode.c.objc; path = JPVideoPlayerWeiBoListViewController.m; sourceTree = "<group>"; };
		8EBFC49659DDED5EA35F2A91 /* libPods-JPVideoPlayerDemo.a */ = {isa = PBXFileReference; explicitFileType = archive.ar; includeInIndex = 0; path = "libPods-JPVideoPlayerDemo.a"; sourceTree = BUILT_PRODUCTS_DIR; };
		CF156E682052DBF9007FE819 /* JPVideoPlayer.bundle */ = {isa = PBXFileReference; lastKnownFileType = "wrapper.plug-in"; path = JPVideoPlayer.bundle; sourceTree = "<group>"; };
		CF533E3220773C6500075063 /* JPVideoPlayerWeiBoUnequalHeightCell.h */ = {isa = PBXFileReference; lastKnownFileType = sourcecode.c.h; path = JPVideoPlayerWeiBoUnequalHeightCell.h; sourceTree = "<group>"; };
		CF533E3320773C6500075063 /* JPVideoPlayerWeiBoUnequalHeightCell.m */ = {isa = PBXFileReference; lastKnownFileType = sourcecode.c.objc; path = JPVideoPlayerWeiBoUnequalHeightCell.m; sourceTree = "<group>"; };
		CF533E3420773C6500075063 /* JPVideoPlayerWeiBoUnequalHeightCell.xib */ = {isa = PBXFileReference; lastKnownFileType = file.xib; path = JPVideoPlayerWeiBoUnequalHeightCell.xib; sourceTree = "<group>"; };
		CF5438702067AE3300AC4391 /* designedByAppleInCalifornia.mp4 */ = {isa = PBXFileReference; lastKnownFileType = file; path = designedByAppleInCalifornia.mp4; sourceTree = "<group>"; };
		CFD87BA6203C0C5B004206E8 /* JPVideoPlayerManager.h */ = {isa = PBXFileReference; fileEncoding = 4; lastKnownFileType = sourcecode.c.h; path = JPVideoPlayerManager.h; sourceTree = "<group>"; };
		CFD87BA9203C0C5B004206E8 /* JPVideoPlayerDownloader.m */ = {isa = PBXFileReference; fileEncoding = 4; lastKnownFileType = sourcecode.c.objc; path = JPVideoPlayerDownloader.m; sourceTree = "<group>"; };
		CFD87BAC203C0C5B004206E8 /* JPVideoPlayerCache.m */ = {isa = PBXFileReference; fileEncoding = 4; lastKnownFileType = sourcecode.c.objc; path = JPVideoPlayerCache.m; sourceTree = "<group>"; };
		CFD87BAD203C0C5B004206E8 /* UIView+WebVideoCache.m */ = {isa = PBXFileReference; fileEncoding = 4; lastKnownFileType = sourcecode.c.objc; path = "UIView+WebVideoCache.m"; sourceTree = "<group>"; };
		CFD87BAE203C0C5B004206E8 /* JPVideoPlayerCacheFile.h */ = {isa = PBXFileReference; fileEncoding = 4; lastKnownFileType = sourcecode.c.h; path = JPVideoPlayerCacheFile.h; sourceTree = "<group>"; };
		CFD87BAF203C0C5B004206E8 /* JPVideoPlayerCachePath.h */ = {isa = PBXFileReference; fileEncoding = 4; lastKnownFileType = sourcecode.c.h; path = JPVideoPlayerCachePath.h; sourceTree = "<group>"; };
		CFD87BB0203C0C5B004206E8 /* JPVideoPlayerCompat.m */ = {isa = PBXFileReference; fileEncoding = 4; lastKnownFileType = sourcecode.c.objc; path = JPVideoPlayerCompat.m; sourceTree = "<group>"; };
		CFD87BB4203C0C5B004206E8 /* JPVideoPlayer.h */ = {isa = PBXFileReference; fileEncoding = 4; lastKnownFileType = sourcecode.c.h; path = JPVideoPlayer.h; sourceTree = "<group>"; };
		CFD87BB5203C0C5B004206E8 /* JPVideoPlayerResourceLoader.m */ = {isa = PBXFileReference; fileEncoding = 4; lastKnownFileType = sourcecode.c.objc; path = JPVideoPlayerResourceLoader.m; sourceTree = "<group>"; };
		CFD87BB9203C0C5B004206E8 /* JPVideoPlayerCache.h */ = {isa = PBXFileReference; fileEncoding = 4; lastKnownFileType = sourcecode.c.h; path = JPVideoPlayerCache.h; sourceTree = "<group>"; };
		CFD87BBC203C0C5B004206E8 /* JPVideoPlayerDownloader.h */ = {isa = PBXFileReference; fileEncoding = 4; lastKnownFileType = sourcecode.c.h; path = JPVideoPlayerDownloader.h; sourceTree = "<group>"; };
		CFD87BBF203C0C5B004206E8 /* JPVideoPlayerManager.m */ = {isa = PBXFileReference; fileEncoding = 4; lastKnownFileType = sourcecode.c.objc; path = JPVideoPlayerManager.m; sourceTree = "<group>"; };
		CFD87BC2203C0C5B004206E8 /* JPVideoPlayerCompat.h */ = {isa = PBXFileReference; fileEncoding = 4; lastKnownFileType = sourcecode.c.h; path = JPVideoPlayerCompat.h; sourceTree = "<group>"; };
		CFD87BC3203C0C5B004206E8 /* JPVideoPlayerCachePath.m */ = {isa = PBXFileReference; fileEncoding = 4; lastKnownFileType = sourcecode.c.objc; path = JPVideoPlayerCachePath.m; sourceTree = "<group>"; };
		CFD87BC4203C0C5B004206E8 /* JPVideoPlayerCacheFile.m */ = {isa = PBXFileReference; fileEncoding = 4; lastKnownFileType = sourcecode.c.objc; path = JPVideoPlayerCacheFile.m; sourceTree = "<group>"; };
		CFD87BC5203C0C5B004206E8 /* UIView+WebVideoCache.h */ = {isa = PBXFileReference; fileEncoding = 4; lastKnownFileType = sourcecode.c.h; path = "UIView+WebVideoCache.h"; sourceTree = "<group>"; };
		CFD87BC6203C0C5B004206E8 /* JPVideoPlayerResourceLoader.h */ = {isa = PBXFileReference; fileEncoding = 4; lastKnownFileType = sourcecode.c.h; path = JPVideoPlayerResourceLoader.h; sourceTree = "<group>"; };
		CFD87BC7203C0C5B004206E8 /* JPVideoPlayer.m */ = {isa = PBXFileReference; fileEncoding = 4; lastKnownFileType = sourcecode.c.objc; path = JPVideoPlayer.m; sourceTree = "<group>"; };
		CFD87BDF203C791A004206E8 /* JPVideoPlayerControlViews.h */ = {isa = PBXFileReference; lastKnownFileType = sourcecode.c.h; path = JPVideoPlayerControlViews.h; sourceTree = "<group>"; };
		CFD87BE0203C791A004206E8 /* JPVideoPlayerControlViews.m */ = {isa = PBXFileReference; lastKnownFileType = sourcecode.c.objc; path = JPVideoPlayerControlViews.m; sourceTree = "<group>"; };
/* End PBXFileReference section */

/* Begin PBXFrameworksBuildPhase section */
		5F6705601DADE88F001EBFAF /* Frameworks */ = {
			isa = PBXFrameworksBuildPhase;
			buildActionMask = 2147483647;
			files = (
				C3D50D2EF7B7EB2F36B72E2D /* libPods-JPVideoPlayerDemo.a in Frameworks */,
			);
			runOnlyForDeploymentPostprocessing = 0;
		};
/* End PBXFrameworksBuildPhase section */

/* Begin PBXGroup section */
		272BF3831ADEABFABB821412 /* Pods */ = {
			isa = PBXGroup;
			children = (
				0C9A80C1EADCB50E8B8E7648 /* Pods-JPVideoPlayerDemo.debug.xcconfig */,
				1F5F3C3412F93A0936D3FBB0 /* Pods-JPVideoPlayerDemo.release.xcconfig */,
			);
			name = Pods;
			sourceTree = "<group>";
		};
		48FD32691EB6FF3B00ACCB05 /* Weibo */ = {
			isa = PBXGroup;
			children = (
				CFD87BA5203C0C5B004206E8 /* JPVideoPlayer */,
				48FD326C1EB6FF6300ACCB05 /* Detail */,
				48FD326B1EB6FF5E00ACCB05 /* Weibo */,
			);
			name = Weibo;
			sourceTree = "<group>";
		};
		48FD326A1EB6FF4A00ACCB05 /* Setting */ = {
			isa = PBXGroup;
			children = (
				48FD326E1EB701AC00ACCB05 /* QRCode */,
				4887174E1EB63CBA00300CA6 /* JPVideoPlayerSettingViewController.h */,
				4887174F1EB63CBA00300CA6 /* JPVideoPlayerSettingViewController.m */,
				488717501EB63CBA00300CA6 /* JPVideoPlayerSettingViewController.xib */,
			);
			name = Setting;
			sourceTree = "<group>";
		};
		48FD326B1EB6FF5E00ACCB05 /* Weibo */ = {
			isa = PBXGroup;
			children = (
				5FF7BAED1E7F8EC400912ACD /* JPVideoPlayerWeiBoListViewController.h */,
				5FF7BAEE1E7F8EC400912ACD /* JPVideoPlayerWeiBoListViewController.m */,
				48EE51CD1E6C069900BA602D /* JPVideoPlayerWeiBoEqualHeightCell.h */,
				48EE51CE1E6C069900BA602D /* JPVideoPlayerWeiBoEqualHeightCell.m */,
				48EE51CF1E6C069900BA602D /* JPVideoPlayerWeiBoEqualHeightCell.xib */,
				CF533E3220773C6500075063 /* JPVideoPlayerWeiBoUnequalHeightCell.h */,
				CF533E3320773C6500075063 /* JPVideoPlayerWeiBoUnequalHeightCell.m */,
				CF533E3420773C6500075063 /* JPVideoPlayerWeiBoUnequalHeightCell.xib */,
				258185FC55A71807B8167322 /* JPVideoPlayerWeiBoViewController.m */,
				258180C10C9B1D5150EDD9C5 /* JPVideoPlayerWeiBoViewController.h */,
			);
			name = Weibo;
			sourceTree = "<group>";
		};
		48FD326C1EB6FF6300ACCB05 /* Detail */ = {
			isa = PBXGroup;
			children = (
				481650631ED1AA7B00A18412 /* JPVideoPlayerDetailViewController.h */,
				481650641ED1AA7B00A18412 /* JPVideoPlayerDetailViewController.m */,
				481650651ED1AA7B00A18412 /* JPVideoPlayerDetailViewController.xib */,
			);
			name = Detail;
			sourceTree = "<group>";
		};
		48FD326E1EB701AC00ACCB05 /* QRCode */ = {
			isa = PBXGroup;
			children = (
				48FD326F1EB701D400ACCB05 /* JPQRCodeTool.h */,
				48FD32701EB701D400ACCB05 /* JPQRCodeTool.m */,
			);
			name = QRCode;
			sourceTree = "<group>";
		};
		5F67055A1DADE88F001EBFAF = {
			isa = PBXGroup;
			children = (
				5F6705651DADE88F001EBFAF /* JPVideoPlayerDemo */,
				5F6705641DADE88F001EBFAF /* Products */,
				272BF3831ADEABFABB821412 /* Pods */,
				71FA05B037030D7EBC04D718 /* Frameworks */,
			);
			sourceTree = "<group>";
		};
		5F6705641DADE88F001EBFAF /* Products */ = {
			isa = PBXGroup;
			children = (
				5F6705631DADE88F001EBFAF /* JPVideoPlayerDemo.app */,
			);
			name = Products;
			sourceTree = "<group>";
		};
		5F6705651DADE88F001EBFAF /* JPVideoPlayerDemo */ = {
			isa = PBXGroup;
			children = (
				CFA960C3207722EF003C456B /* Douyin */,
				48FD32691EB6FF3B00ACCB05 /* Weibo */,
				48FD326A1EB6FF4A00ACCB05 /* Setting */,
				5F6705691DADE88F001EBFAF /* AppDelegate.h */,
				5F67056A1DADE88F001EBFAF /* AppDelegate.m */,
				5F6705721DADE88F001EBFAF /* Assets.xcassets */,
				5F6705771DADE88F001EBFAF /* Info.plist */,
				5F6705661DADE88F001EBFAF /* Supporting Files */,
			);
			path = JPVideoPlayerDemo;
			sourceTree = "<group>";
		};
		5F6705661DADE88F001EBFAF /* Supporting Files */ = {
			isa = PBXGroup;
			children = (
				CF5438702067AE3300AC4391 /* designedByAppleInCalifornia.mp4 */,
				5F6705671DADE88F001EBFAF /* main.m */,
			);
			name = "Supporting Files";
			sourceTree = "<group>";
		};
		71FA05B037030D7EBC04D718 /* Frameworks */ = {
			isa = PBXGroup;
			children = (
				8EBFC49659DDED5EA35F2A91 /* libPods-JPVideoPlayerDemo.a */,
			);
			name = Frameworks;
			sourceTree = "<group>";
		};
		CFA960C3207722EF003C456B /* Douyin */ = {
			isa = PBXGroup;
			children = (
				25818C4F9FF902E2C26F116E /* JPVideoPlayerDouyinViewController.m */,
				2581816193D49E7210A222B1 /* JPVideoPlayerDouyinViewController.h */,
			);
			name = Douyin;
			sourceTree = "<group>";
		};
		CFD87BA5203C0C5B004206E8 /* JPVideoPlayer */ = {
			isa = PBXGroup;
			children = (
				CF156E682052DBF9007FE819 /* JPVideoPlayer.bundle */,
				CFD87BA6203C0C5B004206E8 /* JPVideoPlayerManager.h */,
				CFD87BBF203C0C5B004206E8 /* JPVideoPlayerManager.m */,
				CFD87BBC203C0C5B004206E8 /* JPVideoPlayerDownloader.h */,
				CFD87BA9203C0C5B004206E8 /* JPVideoPlayerDownloader.m */,
				CFD87BB9203C0C5B004206E8 /* JPVideoPlayerCache.h */,
				CFD87BAC203C0C5B004206E8 /* JPVideoPlayerCache.m */,
				CFD87BC5203C0C5B004206E8 /* UIView+WebVideoCache.h */,
				CFD87BAD203C0C5B004206E8 /* UIView+WebVideoCache.m */,
				CFD87BAE203C0C5B004206E8 /* JPVideoPlayerCacheFile.h */,
				CFD87BC4203C0C5B004206E8 /* JPVideoPlayerCacheFile.m */,
				CFD87BAF203C0C5B004206E8 /* JPVideoPlayerCachePath.h */,
				CFD87BC3203C0C5B004206E8 /* JPVideoPlayerCachePath.m */,
				CFD87BC2203C0C5B004206E8 /* JPVideoPlayerCompat.h */,
				CFD87BB0203C0C5B004206E8 /* JPVideoPlayerCompat.m */,
				CFD87BB4203C0C5B004206E8 /* JPVideoPlayer.h */,
				CFD87BC7203C0C5B004206E8 /* JPVideoPlayer.m */,
				CFD87BC6203C0C5B004206E8 /* JPVideoPlayerResourceLoader.h */,
				CFD87BB5203C0C5B004206E8 /* JPVideoPlayerResourceLoader.m */,
				25818654A411C12B0B0C1EDA /* JPVideoPlayerSupportUtils.h */,
				258181A39BB5958976ECC258 /* JPVideoPlayerSupportUtils.m */,
				CFD87BDF203C791A004206E8 /* JPVideoPlayerControlViews.h */,
				CFD87BE0203C791A004206E8 /* JPVideoPlayerControlViews.m */,
				2581847EA55B90B1D8BE2229 /* JPResourceLoadingRequestTask.h */,
				2581801C6AAE79C4B51BD5C0 /* JPResourceLoadingRequestTask.m */,
				2581827953DF09B54FF44E9D /* JPVideoPlayerProtocol.h */,
				2581893DF86BB283AC40399F /* UITableViewCell+WebVideoCache.m */,
				25818741585718D3332D2C82 /* UITableViewCell+WebVideoCache.h */,
				2581855A00489E540790B797 /* UITableView+WebVideoCache.m */,
				258188812C523F144972A264 /* UITableView+WebVideoCache.h */,
				25818CD19BDD22E4637CA452 /* JPVideoPlayerTableViewHelper.m */,
				25818E6FB2BFB9DEBBFEFEE6 /* JPVideoPlayerTableViewHelper.h */,
			);
			name = JPVideoPlayer;
			path = ../../../JPVideoPlayer;
			sourceTree = "<group>";
		};
/* End PBXGroup section */

/* Begin PBXNativeTarget section */
		5F6705621DADE88F001EBFAF /* JPVideoPlayerDemo */ = {
			isa = PBXNativeTarget;
			buildConfigurationList = 5F67057A1DADE88F001EBFAF /* Build configuration list for PBXNativeTarget "JPVideoPlayerDemo" */;
			buildPhases = (
				FB1F63520C1F406AFCCB0116 /* [CP] Check Pods Manifest.lock */,
				5F67055F1DADE88F001EBFAF /* Sources */,
				5F6705601DADE88F001EBFAF /* Frameworks */,
				5F6705611DADE88F001EBFAF /* Resources */,
				818F9AB63D84633DC080A828 /* [CP] Embed Pods Frameworks */,
				428134F9DF52FE292474C6FA /* [CP] Copy Pods Resources */,
				48B548F91ED5B3AB00062DC2 /* Embed Frameworks */,
			);
			buildRules = (
			);
			dependencies = (
			);
			name = JPVideoPlayerDemo;
			productName = JPVideoPlayerDemo;
			productReference = 5F6705631DADE88F001EBFAF /* JPVideoPlayerDemo.app */;
			productType = "com.apple.product-type.application";
		};
/* End PBXNativeTarget section */

/* Begin PBXProject section */
		5F67055B1DADE88F001EBFAF /* Project object */ = {
			isa = PBXProject;
			attributes = {
				LastUpgradeCheck = 0910;
				ORGANIZATIONNAME = NewPan;
				TargetAttributes = {
					5F6705621DADE88F001EBFAF = {
						CreatedOnToolsVersion = 8.0;
						DevelopmentTeam = U7FB52A877;
						ProvisioningStyle = Automatic;
					};
				};
			};
			buildConfigurationList = 5F67055E1DADE88F001EBFAF /* Build configuration list for PBXProject "JPVideoPlayerDemo" */;
			compatibilityVersion = "Xcode 3.2";
			developmentRegion = English;
			hasScannedForEncodings = 0;
			knownRegions = (
				en,
				Base,
			);
			mainGroup = 5F67055A1DADE88F001EBFAF;
			productRefGroup = 5F6705641DADE88F001EBFAF /* Products */;
			projectDirPath = "";
			projectRoot = "";
			targets = (
				5F6705621DADE88F001EBFAF /* JPVideoPlayerDemo */,
			);
		};
/* End PBXProject section */

/* Begin PBXResourcesBuildPhase section */
		5F6705611DADE88F001EBFAF /* Resources */ = {
			isa = PBXResourcesBuildPhase;
			buildActionMask = 2147483647;
			files = (
				CF533E3620773C6500075063 /* JPVideoPlayerWeiBoUnequalHeightCell.xib in Resources */,
				481650671ED1AA7B00A18412 /* JPVideoPlayerDetailViewController.xib in Resources */,
				48EE51D11E6C069900BA602D /* JPVideoPlayerWeiBoEqualHeightCell.xib in Resources */,
				5F6705731DADE88F001EBFAF /* Assets.xcassets in Resources */,
				CF156E692052DBF9007FE819 /* JPVideoPlayer.bundle in Resources */,
				488717521EB63CBA00300CA6 /* JPVideoPlayerSettingViewController.xib in Resources */,
				CF5438712067AE3300AC4391 /* designedByAppleInCalifornia.mp4 in Resources */,
			);
			runOnlyForDeploymentPostprocessing = 0;
		};
/* End PBXResourcesBuildPhase section */

/* Begin PBXShellScriptBuildPhase section */
		428134F9DF52FE292474C6FA /* [CP] Copy Pods Resources */ = {
			isa = PBXShellScriptBuildPhase;
			buildActionMask = 2147483647;
			files = (
			);
			inputPaths = (
				"${SRCROOT}/Pods/Target Support Files/Pods-JPVideoPlayerDemo/Pods-JPVideoPlayerDemo-resources.sh",
				"${PODS_ROOT}/JPNavigationController/JPNavigationController/JPNavigationController.bundle",
			);
			name = "[CP] Copy Pods Resources";
			outputPaths = (
				"${TARGET_BUILD_DIR}/${UNLOCALIZED_RESOURCES_FOLDER_PATH}",
			);
			runOnlyForDeploymentPostprocessing = 0;
			shellPath = /bin/sh;
			shellScript = "\"${SRCROOT}/Pods/Target Support Files/Pods-JPVideoPlayerDemo/Pods-JPVideoPlayerDemo-resources.sh\"\n";
			showEnvVarsInLog = 0;
		};
		818F9AB63D84633DC080A828 /* [CP] Embed Pods Frameworks */ = {
			isa = PBXShellScriptBuildPhase;
			buildActionMask = 2147483647;
			files = (
			);
			inputPaths = (
			);
			name = "[CP] Embed Pods Frameworks";
			outputPaths = (
			);
			runOnlyForDeploymentPostprocessing = 0;
			shellPath = /bin/sh;
			shellScript = "\"${SRCROOT}/Pods/Target Support Files/Pods-JPVideoPlayerDemo/Pods-JPVideoPlayerDemo-frameworks.sh\"\n";
			showEnvVarsInLog = 0;
		};
		FB1F63520C1F406AFCCB0116 /* [CP] Check Pods Manifest.lock */ = {
			isa = PBXShellScriptBuildPhase;
			buildActionMask = 2147483647;
			files = (
			);
			inputPaths = (
				"${PODS_PODFILE_DIR_PATH}/Podfile.lock",
				"${PODS_ROOT}/Manifest.lock",
			);
			name = "[CP] Check Pods Manifest.lock";
			outputPaths = (
				"$(DERIVED_FILE_DIR)/Pods-JPVideoPlayerDemo-checkManifestLockResult.txt",
			);
			runOnlyForDeploymentPostprocessing = 0;
			shellPath = /bin/sh;
			shellScript = "diff \"${PODS_PODFILE_DIR_PATH}/Podfile.lock\" \"${PODS_ROOT}/Manifest.lock\" > /dev/null\nif [ $? != 0 ] ; then\n    # print error to STDERR\n    echo \"error: The sandbox is not in sync with the Podfile.lock. Run 'pod install' or update your CocoaPods installation.\" >&2\n    exit 1\nfi\n# This output is used by Xcode 'outputs' to avoid re-running this script phase.\necho \"SUCCESS\" > \"${SCRIPT_OUTPUT_FILE_0}\"\n";
			showEnvVarsInLog = 0;
		};
/* End PBXShellScriptBuildPhase section */

/* Begin PBXSourcesBuildPhase section */
		5F67055F1DADE88F001EBFAF /* Sources */ = {
			isa = PBXSourcesBuildPhase;
			buildActionMask = 2147483647;
			files = (
				CFD87BDA203C0C5B004206E8 /* JPVideoPlayer.m in Sources */,
				5FF7BAF11E7F8EC400912ACD /* JPVideoPlayerWeiBoListViewController.m in Sources */,
				CF533E3520773C6500075063 /* JPVideoPlayerWeiBoUnequalHeightCell.m in Sources */,
				CFD87BD8203C0C5B004206E8 /* JPVideoPlayerCachePath.m in Sources */,
				48EE51D01E6C069900BA602D /* JPVideoPlayerWeiBoEqualHeightCell.m in Sources */,
				CFD87BD9203C0C5B004206E8 /* JPVideoPlayerCacheFile.m in Sources */,
				5F67056B1DADE88F001EBFAF /* AppDelegate.m in Sources */,
				48FD32711EB701D400ACCB05 /* JPQRCodeTool.m in Sources */,
				CFD87BCE203C0C5B004206E8 /* JPVideoPlayerCache.m in Sources */,
				5F6705681DADE88F001EBFAF /* main.m in Sources */,
				CFD87BE1203C791A004206E8 /* JPVideoPlayerControlViews.m in Sources */,
				CFD87BCF203C0C5B004206E8 /* UIView+WebVideoCache.m in Sources */,
				CFD87BD0203C0C5B004206E8 /* JPVideoPlayerCompat.m in Sources */,
				CFD87BD3203C0C5B004206E8 /* JPVideoPlayerResourceLoader.m in Sources */,
				CFD87BD7203C0C5B004206E8 /* JPVideoPlayerManager.m in Sources */,
				488717511EB63CBA00300CA6 /* JPVideoPlayerSettingViewController.m in Sources */,
				481650661ED1AA7B00A18412 /* JPVideoPlayerDetailViewController.m in Sources */,
				CFD87BCC203C0C5B004206E8 /* JPVideoPlayerDownloader.m in Sources */,
				25818DB3B140DE7EDCFC3A66 /* JPVideoPlayerSupportUtils.m in Sources */,
				25818E851233F2B0623E1B0B /* JPResourceLoadingRequestTask.m in Sources */,
				258183E6274D79D6E72F4F8B /* UITableViewCell+WebVideoCache.m in Sources */,
				25818B50669444407D0A4E9B /* UITableView+WebVideoCache.m in Sources */,
				25818E4B414C1C6490262690 /* JPVideoPlayerTableViewHelper.m in Sources */,
				2581889C19EE76A9A5D48D80 /* JPVideoPlayerDouyinViewController.m in Sources */,
				258188DAB416370E7585394B /* JPVideoPlayerWeiBoViewController.m in Sources */,
			);
			runOnlyForDeploymentPostprocessing = 0;
		};
/* End PBXSourcesBuildPhase section */

/* Begin XCBuildConfiguration section */
		5F6705781DADE88F001EBFAF /* Debug */ = {
			isa = XCBuildConfiguration;
			buildSettings = {
				ALWAYS_SEARCH_USER_PATHS = NO;
				CLANG_ANALYZER_NONNULL = YES;
				CLANG_CXX_LANGUAGE_STANDARD = "gnu++0x";
				CLANG_CXX_LIBRARY = "libc++";
				CLANG_ENABLE_MODULES = YES;
				CLANG_ENABLE_OBJC_ARC = YES;
				CLANG_WARN_BLOCK_CAPTURE_AUTORELEASING = YES;
				CLANG_WARN_BOOL_CONVERSION = YES;
				CLANG_WARN_COMMA = YES;
				CLANG_WARN_CONSTANT_CONVERSION = YES;
				CLANG_WARN_DIRECT_OBJC_ISA_USAGE = YES_ERROR;
				CLANG_WARN_DOCUMENTATION_COMMENTS = YES;
				CLANG_WARN_EMPTY_BODY = YES;
				CLANG_WARN_ENUM_CONVERSION = YES;
				CLANG_WARN_INFINITE_RECURSION = YES;
				CLANG_WARN_INT_CONVERSION = YES;
				CLANG_WARN_NON_LITERAL_NULL_CONVERSION = YES;
				CLANG_WARN_OBJC_LITERAL_CONVERSION = YES;
				CLANG_WARN_OBJC_ROOT_CLASS = YES_ERROR;
				CLANG_WARN_RANGE_LOOP_ANALYSIS = YES;
				CLANG_WARN_STRICT_PROTOTYPES = YES;
				CLANG_WARN_SUSPICIOUS_MOVE = YES;
				CLANG_WARN_SUSPICIOUS_MOVES = YES;
				CLANG_WARN_UNREACHABLE_CODE = YES;
				CLANG_WARN__DUPLICATE_METHOD_MATCH = YES;
				"CODE_SIGN_IDENTITY[sdk=iphoneos*]" = "iPhone Developer";
				COPY_PHASE_STRIP = NO;
				DEBUG_INFORMATION_FORMAT = dwarf;
				ENABLE_STRICT_OBJC_MSGSEND = YES;
				ENABLE_TESTABILITY = YES;
				GCC_C_LANGUAGE_STANDARD = gnu99;
				GCC_DYNAMIC_NO_PIC = NO;
				GCC_NO_COMMON_BLOCKS = YES;
				GCC_OPTIMIZATION_LEVEL = 0;
				GCC_PREPROCESSOR_DEFINITIONS = (
					"DEBUG=1",
					"$(inherited)",
				);
				GCC_WARN_64_TO_32_BIT_CONVERSION = YES;
				GCC_WARN_ABOUT_RETURN_TYPE = YES_ERROR;
				GCC_WARN_UNDECLARED_SELECTOR = YES;
				GCC_WARN_UNINITIALIZED_AUTOS = YES_AGGRESSIVE;
				GCC_WARN_UNUSED_FUNCTION = YES;
				GCC_WARN_UNUSED_VARIABLE = YES;
				IPHONEOS_DEPLOYMENT_TARGET = 8.0;
				MTL_ENABLE_DEBUG_INFO = YES;
				ONLY_ACTIVE_ARCH = YES;
				SDKROOT = iphoneos;
			};
			name = Debug;
		};
		5F6705791DADE88F001EBFAF /* Release */ = {
			isa = XCBuildConfiguration;
			buildSettings = {
				ALWAYS_SEARCH_USER_PATHS = NO;
				CLANG_ANALYZER_NONNULL = YES;
				CLANG_CXX_LANGUAGE_STANDARD = "gnu++0x";
				CLANG_CXX_LIBRARY = "libc++";
				CLANG_ENABLE_MODULES = YES;
				CLANG_ENABLE_OBJC_ARC = YES;
				CLANG_WARN_BLOCK_CAPTURE_AUTORELEASING = YES;
				CLANG_WARN_BOOL_CONVERSION = YES;
				CLANG_WARN_COMMA = YES;
				CLANG_WARN_CONSTANT_CONVERSION = YES;
				CLANG_WARN_DIRECT_OBJC_ISA_USAGE = YES_ERROR;
				CLANG_WARN_DOCUMENTATION_COMMENTS = YES;
				CLANG_WARN_EMPTY_BODY = YES;
				CLANG_WARN_ENUM_CONVERSION = YES;
				CLANG_WARN_INFINITE_RECURSION = YES;
				CLANG_WARN_INT_CONVERSION = YES;
				CLANG_WARN_NON_LITERAL_NULL_CONVERSION = YES;
				CLANG_WARN_OBJC_LITERAL_CONVERSION = YES;
				CLANG_WARN_OBJC_ROOT_CLASS = YES_ERROR;
				CLANG_WARN_RANGE_LOOP_ANALYSIS = YES;
				CLANG_WARN_STRICT_PROTOTYPES = YES;
				CLANG_WARN_SUSPICIOUS_MOVE = YES;
				CLANG_WARN_SUSPICIOUS_MOVES = YES;
				CLANG_WARN_UNREACHABLE_CODE = YES;
				CLANG_WARN__DUPLICATE_METHOD_MATCH = YES;
				"CODE_SIGN_IDENTITY[sdk=iphoneos*]" = "iPhone Developer";
				COPY_PHASE_STRIP = NO;
				DEBUG_INFORMATION_FORMAT = "dwarf-with-dsym";
				ENABLE_NS_ASSERTIONS = NO;
				ENABLE_STRICT_OBJC_MSGSEND = YES;
				GCC_C_LANGUAGE_STANDARD = gnu99;
				GCC_NO_COMMON_BLOCKS = YES;
				GCC_WARN_64_TO_32_BIT_CONVERSION = YES;
				GCC_WARN_ABOUT_RETURN_TYPE = YES_ERROR;
				GCC_WARN_UNDECLARED_SELECTOR = YES;
				GCC_WARN_UNINITIALIZED_AUTOS = YES_AGGRESSIVE;
				GCC_WARN_UNUSED_FUNCTION = YES;
				GCC_WARN_UNUSED_VARIABLE = YES;
				IPHONEOS_DEPLOYMENT_TARGET = 8.0;
				MTL_ENABLE_DEBUG_INFO = NO;
				SDKROOT = iphoneos;
				VALIDATE_PRODUCT = YES;
			};
			name = Release;
		};
		5F67057B1DADE88F001EBFAF /* Debug */ = {
			isa = XCBuildConfiguration;
			baseConfigurationReference = 0C9A80C1EADCB50E8B8E7648 /* Pods-JPVideoPlayerDemo.debug.xcconfig */;
			buildSettings = {
				ASSETCATALOG_COMPILER_APPICON_NAME = AppIcon;
				ASSETCATALOG_COMPILER_LAUNCHIMAGE_NAME = LaunchImage;
				"CODE_SIGN_IDENTITY[sdk=iphoneos*]" = "iPhone Developer";
				DEVELOPMENT_TEAM = U7FB52A877;
				INFOPLIST_FILE = JPVideoPlayerDemo/Info.plist;
				LD_RUNPATH_SEARCH_PATHS = "$(inherited) @executable_path/Frameworks";
				PRODUCT_BUNDLE_IDENTIFIER = com.jpvideoplayer.www;
				PRODUCT_NAME = "$(TARGET_NAME)";
				PROVISIONING_PROFILE_SPECIFIER = "";
			};
			name = Debug;
		};
		5F67057C1DADE88F001EBFAF /* Release */ = {
			isa = XCBuildConfiguration;
			baseConfigurationReference = 1F5F3C3412F93A0936D3FBB0 /* Pods-JPVideoPlayerDemo.release.xcconfig */;
			buildSettings = {
				ASSETCATALOG_COMPILER_APPICON_NAME = AppIcon;
				ASSETCATALOG_COMPILER_LAUNCHIMAGE_NAME = LaunchImage;
				"CODE_SIGN_IDENTITY[sdk=iphoneos*]" = "iPhone Developer";
				DEVELOPMENT_TEAM = U7FB52A877;
				INFOPLIST_FILE = JPVideoPlayerDemo/Info.plist;
				LD_RUNPATH_SEARCH_PATHS = "$(inherited) @executable_path/Frameworks";
				PRODUCT_BUNDLE_IDENTIFIER = com.jpvideoplayer.www;
				PRODUCT_NAME = "$(TARGET_NAME)";
				PROVISIONING_PROFILE_SPECIFIER = "";
			};
			name = Release;
		};
/* End XCBuildConfiguration section */

/* Begin XCConfigurationList section */
		5F67055E1DADE88F001EBFAF /* Build configuration list for PBXProject "JPVideoPlayerDemo" */ = {
			isa = XCConfigurationList;
			buildConfigurations = (
				5F6705781DADE88F001EBFAF /* Debug */,
				5F6705791DADE88F001EBFAF /* Release */,
			);
			defaultConfigurationIsVisible = 0;
			defaultConfigurationName = Release;
		};
		5F67057A1DADE88F001EBFAF /* Build configuration list for PBXNativeTarget "JPVideoPlayerDemo" */ = {
			isa = XCConfigurationList;
			buildConfigurations = (
				5F67057B1DADE88F001EBFAF /* Debug */,
				5F67057C1DADE88F001EBFAF /* Release */,
			);
			defaultConfigurationIsVisible = 0;
			defaultConfigurationName = Release;
		};
/* End XCConfigurationList section */
	};
	rootObject = 5F67055B1DADE88F001EBFAF /* Project object */;
}
