// !$*UTF8*$!
{
	archiveVersion = 1;
	classes = {
	};
	objectVersion = 46;
	objects = {

/* Begin PBXBuildFile section */
		5F6705681DADE88F001EBFAF /* main.m in Sources */ = {isa = PBXBuildFile; fileRef = 5F6705671DADE88F001EBFAF /* main.m */; };
		5F67056B1DADE88F001EBFAF /* AppDelegate.m in Sources */ = {isa = PBXBuildFile; fileRef = 5F67056A1DADE88F001EBFAF /* AppDelegate.m */; };
		5F6705731DADE88F001EBFAF /* Assets.xcassets in Resources */ = {isa = PBXBuildFile; fileRef = 5F6705721DADE88F001EBFAF /* Assets.xcassets */; };
		5F6705761DADE88F001EBFAF /* LaunchScreen.storyboard in Resources */ = {isa = PBXBuildFile; fileRef = 5F6705741DADE88F001EBFAF /* LaunchScreen.storyboard */; };
		5F6705841DADE8F4001EBFAF /* JPDownloadManager.m in Sources */ = {isa = PBXBuildFile; fileRef = 5F67057F1DADE8F4001EBFAF /* JPDownloadManager.m */; };
		5F6705851DADE8F4001EBFAF /* JPVideoPlayer.m in Sources */ = {isa = PBXBuildFile; fileRef = 5F6705811DADE8F4001EBFAF /* JPVideoPlayer.m */; };
		5F6705861DADE8F4001EBFAF /* JPVideoURLAssetResourceLoader.m in Sources */ = {isa = PBXBuildFile; fileRef = 5F6705831DADE8F4001EBFAF /* JPVideoURLAssetResourceLoader.m */; };
		5F6705881DADE97E001EBFAF /* Main.storyboard in Resources */ = {isa = PBXBuildFile; fileRef = 5F6705871DADE97E001EBFAF /* Main.storyboard */; };
		5F67058B1DADE994001EBFAF /* ViewController.m in Sources */ = {isa = PBXBuildFile; fileRef = 5F67058A1DADE994001EBFAF /* ViewController.m */; };
		5F67058F1DADE99D001EBFAF /* JPVideoPlayerCell.m in Sources */ = {isa = PBXBuildFile; fileRef = 5F67058D1DADE99D001EBFAF /* JPVideoPlayerCell.m */; };
		5F6705901DADE99D001EBFAF /* JPVideoPlayerCell.xib in Resources */ = {isa = PBXBuildFile; fileRef = 5F67058E1DADE99D001EBFAF /* JPVideoPlayerCell.xib */; };
/* End PBXBuildFile section */

/* Begin PBXFileReference section */
		5F6705631DADE88F001EBFAF /* JPVideoPlayerDemo.app */ = {isa = PBXFileReference; explicitFileType = wrapper.application; includeInIndex = 0; path = JPVideoPlayerDemo.app; sourceTree = BUILT_PRODUCTS_DIR; };
		5F6705671DADE88F001EBFAF /* main.m */ = {isa = PBXFileReference; lastKnownFileType = sourcecode.c.objc; path = main.m; sourceTree = "<group>"; };
		5F6705691DADE88F001EBFAF /* AppDelegate.h */ = {isa = PBXFileReference; lastKnownFileType = sourcecode.c.h; path = AppDelegate.h; sourceTree = "<group>"; };
		5F67056A1DADE88F001EBFAF /* AppDelegate.m */ = {isa = PBXFileReference; lastKnownFileType = sourcecode.c.objc; path = AppDelegate.m; sourceTree = "<group>"; };
		5F6705721DADE88F001EBFAF /* Assets.xcassets */ = {isa = PBXFileReference; lastKnownFileType = folder.assetcatalog; path = Assets.xcassets; sourceTree = "<group>"; };
		5F6705751DADE88F001EBFAF /* Base */ = {isa = PBXFileReference; lastKnownFileType = file.storyboard; name = Base; path = Base.lproj/LaunchScreen.storyboard; sourceTree = "<group>"; };
		5F6705771DADE88F001EBFAF /* Info.plist */ = {isa = PBXFileReference; lastKnownFileType = text.plist.xml; path = Info.plist; sourceTree = "<group>"; };
		5F67057E1DADE8F4001EBFAF /* JPDownloadManager.h */ = {isa = PBXFileReference; fileEncoding = 4; lastKnownFileType = sourcecode.c.h; path = JPDownloadManager.h; sourceTree = "<group>"; };
		5F67057F1DADE8F4001EBFAF /* JPDownloadManager.m */ = {isa = PBXFileReference; fileEncoding = 4; lastKnownFileType = sourcecode.c.objc; path = JPDownloadManager.m; sourceTree = "<group>"; };
		5F6705801DADE8F4001EBFAF /* JPVideoPlayer.h */ = {isa = PBXFileReference; fileEncoding = 4; lastKnownFileType = sourcecode.c.h; path = JPVideoPlayer.h; sourceTree = "<group>"; };
		5F6705811DADE8F4001EBFAF /* JPVideoPlayer.m */ = {isa = PBXFileReference; fileEncoding = 4; lastKnownFileType = sourcecode.c.objc; path = JPVideoPlayer.m; sourceTree = "<group>"; };
		5F6705821DADE8F4001EBFAF /* JPVideoURLAssetResourceLoader.h */ = {isa = PBXFileReference; fileEncoding = 4; lastKnownFileType = sourcecode.c.h; path = JPVideoURLAssetResourceLoader.h; sourceTree = "<group>"; };
		5F6705831DADE8F4001EBFAF /* JPVideoURLAssetResourceLoader.m */ = {isa = PBXFileReference; fileEncoding = 4; lastKnownFileType = sourcecode.c.objc; path = JPVideoURLAssetResourceLoader.m; sourceTree = "<group>"; };
		5F6705871DADE97E001EBFAF /* Main.storyboard */ = {isa = PBXFileReference; fileEncoding = 4; lastKnownFileType = file.storyboard; path = Main.storyboard; sourceTree = "<group>"; };
		5F6705891DADE994001EBFAF /* ViewController.h */ = {isa = PBXFileReference; fileEncoding = 4; lastKnownFileType = sourcecode.c.h; path = ViewController.h; sourceTree = "<group>"; };
		5F67058A1DADE994001EBFAF /* ViewController.m */ = {isa = PBXFileReference; fileEncoding = 4; lastKnownFileType = sourcecode.c.objc; path = ViewController.m; sourceTree = "<group>"; };
		5F67058C1DADE99D001EBFAF /* JPVideoPlayerCell.h */ = {isa = PBXFileReference; fileEncoding = 4; lastKnownFileType = sourcecode.c.h; path = JPVideoPlayerCell.h; sourceTree = "<group>"; };
		5F67058D1DADE99D001EBFAF /* JPVideoPlayerCell.m */ = {isa = PBXFileReference; fileEncoding = 4; lastKnownFileType = sourcecode.c.objc; path = JPVideoPlayerCell.m; sourceTree = "<group>"; };
		5F67058E1DADE99D001EBFAF /* JPVideoPlayerCell.xib */ = {isa = PBXFileReference; fileEncoding = 4; lastKnownFileType = file.xib; path = JPVideoPlayerCell.xib; sourceTree = "<group>"; };
/* End PBXFileReference section */

/* Begin PBXFrameworksBuildPhase section */
		5F6705601DADE88F001EBFAF /* Frameworks */ = {
			isa = PBXFrameworksBuildPhase;
			buildActionMask = 2147483647;
			files = (
			);
			runOnlyForDeploymentPostprocessing = 0;
		};
/* End PBXFrameworksBuildPhase section */

/* Begin PBXGroup section */
		5F67055A1DADE88F001EBFAF = {
			isa = PBXGroup;
			children = (
				5F6705651DADE88F001EBFAF /* JPVideoPlayerDemo */,
				5F6705641DADE88F001EBFAF /* Products */,
			);
			sourceTree = "<group>";
		};
		5F6705641DADE88F001EBFAF /* Products */ = {
			isa = PBXGroup;
			children = (
				5F6705631DADE88F001EBFAF /* JPVideoPlayerDemo.app */,
			);
			name = Products;
			sourceTree = "<group>";
		};
		5F6705651DADE88F001EBFAF /* JPVideoPlayerDemo */ = {
			isa = PBXGroup;
			children = (
				5F67057D1DADE8F4001EBFAF /* JPVideoPlayer */,
				5F6705691DADE88F001EBFAF /* AppDelegate.h */,
				5F67056A1DADE88F001EBFAF /* AppDelegate.m */,
				5F6705891DADE994001EBFAF /* ViewController.h */,
				5F67058A1DADE994001EBFAF /* ViewController.m */,
				5F67058C1DADE99D001EBFAF /* JPVideoPlayerCell.h */,
				5F67058D1DADE99D001EBFAF /* JPVideoPlayerCell.m */,
				5F67058E1DADE99D001EBFAF /* JPVideoPlayerCell.xib */,
				5F6705721DADE88F001EBFAF /* Assets.xcassets */,
				5F6705871DADE97E001EBFAF /* Main.storyboard */,
				5F6705741DADE88F001EBFAF /* LaunchScreen.storyboard */,
				5F6705771DADE88F001EBFAF /* Info.plist */,
				5F6705661DADE88F001EBFAF /* Supporting Files */,
			);
			path = JPVideoPlayerDemo;
			sourceTree = "<group>";
		};
		5F6705661DADE88F001EBFAF /* Supporting Files */ = {
			isa = PBXGroup;
			children = (
				5F6705671DADE88F001EBFAF /* main.m */,
			);
			name = "Supporting Files";
			sourceTree = "<group>";
		};
		5F67057D1DADE8F4001EBFAF /* JPVideoPlayer */ = {
			isa = PBXGroup;
			children = (
				5F67057E1DADE8F4001EBFAF /* JPDownloadManager.h */,
				5F67057F1DADE8F4001EBFAF /* JPDownloadManager.m */,
				5F6705801DADE8F4001EBFAF /* JPVideoPlayer.h */,
				5F6705811DADE8F4001EBFAF /* JPVideoPlayer.m */,
				5F6705821DADE8F4001EBFAF /* JPVideoURLAssetResourceLoader.h */,
				5F6705831DADE8F4001EBFAF /* JPVideoURLAssetResourceLoader.m */,
			);
			path = JPVideoPlayer;
			sourceTree = "<group>";
		};
/* End PBXGroup section */

/* Begin PBXNativeTarget section */
		5F6705621DADE88F001EBFAF /* JPVideoPlayerDemo */ = {
			isa = PBXNativeTarget;
			buildConfigurationList = 5F67057A1DADE88F001EBFAF /* Build configuration list for PBXNativeTarget "JPVideoPlayerDemo" */;
			buildPhases = (
				5F67055F1DADE88F001EBFAF /* Sources */,
				5F6705601DADE88F001EBFAF /* Frameworks */,
				5F6705611DADE88F001EBFAF /* Resources */,
			);
			buildRules = (
			);
			dependencies = (
			);
			name = JPVideoPlayerDemo;
			productName = JPVideoPlayerDemo;
			productReference = 5F6705631DADE88F001EBFAF /* JPVideoPlayerDemo.app */;
			productType = "com.apple.product-type.application";
		};
/* End PBXNativeTarget section */

/* Begin PBXProject section */
		5F67055B1DADE88F001EBFAF /* Project object */ = {
			isa = PBXProject;
			attributes = {
				LastUpgradeCheck = 0800;
				ORGANIZATIONNAME = NewPan;
				TargetAttributes = {
					5F6705621DADE88F001EBFAF = {
						CreatedOnToolsVersion = 8.0;
						ProvisioningStyle = Automatic;
					};
				};
			};
			buildConfigurationList = 5F67055E1DADE88F001EBFAF /* Build configuration list for PBXProject "JPVideoPlayerDemo" */;
			compatibilityVersion = "Xcode 3.2";
			developmentRegion = English;
			hasScannedForEncodings = 0;
			knownRegions = (
				en,
				Base,
			);
			mainGroup = 5F67055A1DADE88F001EBFAF;
			productRefGroup = 5F6705641DADE88F001EBFAF /* Products */;
			projectDirPath = "";
			projectRoot = "";
			targets = (
				5F6705621DADE88F001EBFAF /* JPVideoPlayerDemo */,
			);
		};
/* End PBXProject section */

/* Begin PBXResourcesBuildPhase section */
		5F6705611DADE88F001EBFAF /* Resources */ = {
			isa = PBXResourcesBuildPhase;
			buildActionMask = 2147483647;
			files = (
				5F6705901DADE99D001EBFAF /* JPVideoPlayerCell.xib in Resources */,
				5F6705881DADE97E001EBFAF /* Main.storyboard in Resources */,
				5F6705761DADE88F001EBFAF /* LaunchScreen.storyboard in Resources */,
				5F6705731DADE88F001EBFAF /* Assets.xcassets in Resources */,
			);
			runOnlyForDeploymentPostprocessing = 0;
		};
/* End PBXResourcesBuildPhase section */

/* Begin PBXSourcesBuildPhase section */
		5F67055F1DADE88F001EBFAF /* Sources */ = {
			isa = PBXSourcesBuildPhase;
			buildActionMask = 2147483647;
			files = (
				5F67058B1DADE994001EBFAF /* ViewController.m in Sources */,
				5F6705861DADE8F4001EBFAF /* JPVideoURLAssetResourceLoader.m in Sources */,
				5F67058F1DADE99D001EBFAF /* JPVideoPlayerCell.m in Sources */,
				5F67056B1DADE88F001EBFAF /* AppDelegate.m in Sources */,
				5F6705681DADE88F001EBFAF /* main.m in Sources */,
				5F6705841DADE8F4001EBFAF /* JPDownloadManager.m in Sources */,
				5F6705851DADE8F4001EBFAF /* JPVideoPlayer.m in Sources */,
			);
			runOnlyForDeploymentPostprocessing = 0;
		};
/* End PBXSourcesBuildPhase section */

/* Begin PBXVariantGroup section */
		5F6705741DADE88F001EBFAF /* LaunchScreen.storyboard */ = {
			isa = PBXVariantGroup;
			children = (
				5F6705751DADE88F001EBFAF /* Base */,
			);
			name = LaunchScreen.storyboard;
			sourceTree = "<group>";
		};
/* End PBXVariantGroup section */

/* Begin XCBuildConfiguration section */
		5F6705781DADE88F001EBFAF /* Debug */ = {
			isa = XCBuildConfiguration;
			buildSettings = {
				ALWAYS_SEARCH_USER_PATHS = NO;
				CLANG_ANALYZER_NONNULL = YES;
				CLANG_CXX_LANGUAGE_STANDARD = "gnu++0x";
				CLANG_CXX_LIBRARY = "libc++";
				CLANG_ENABLE_MODULES = YES;
				CLANG_ENABLE_OBJC_ARC = YES;
				CLANG_WARN_BOOL_CONVERSION = YES;
				CLANG_WARN_CONSTANT_CONVERSION = YES;
				CLANG_WARN_DIRECT_OBJC_ISA_USAGE = YES_ERROR;
				CLANG_WARN_DOCUMENTATION_COMMENTS = YES;
				CLANG_WARN_EMPTY_BODY = YES;
				CLANG_WARN_ENUM_CONVERSION = YES;
				CLANG_WARN_INFINITE_RECURSION = YES;
				CLANG_WARN_INT_CONVERSION = YES;
				CLANG_WARN_OBJC_ROOT_CLASS = YES_ERROR;
				CLANG_WARN_SUSPICIOUS_MOVES = YES;
				CLANG_WARN_UNREACHABLE_CODE = YES;
				CLANG_WARN__DUPLICATE_METHOD_MATCH = YES;
				"CODE_SIGN_IDENTITY[sdk=iphoneos*]" = "iPhone Developer";
				COPY_PHASE_STRIP = NO;
				DEBUG_INFORMATION_FORMAT = dwarf;
				ENABLE_STRICT_OBJC_MSGSEND = YES;
				ENABLE_TESTABILITY = YES;
				GCC_C_LANGUAGE_STANDARD = gnu99;
				GCC_DYNAMIC_NO_PIC = NO;
				GCC_NO_COMMON_BLOCKS = YES;
				GCC_OPTIMIZATION_LEVEL = 0;
				GCC_PREPROCESSOR_DEFINITIONS = (
					"DEBUG=1",
					"$(inherited)",
				);
				GCC_WARN_64_TO_32_BIT_CONVERSION = YES;
				GCC_WARN_ABOUT_RETURN_TYPE = YES_ERROR;
				GCC_WARN_UNDECLARED_SELECTOR = YES;
				GCC_WARN_UNINITIALIZED_AUTOS = YES_AGGRESSIVE;
				GCC_WARN_UNUSED_FUNCTION = YES;
				GCC_WARN_UNUSED_VARIABLE = YES;
				IPHONEOS_DEPLOYMENT_TARGET = 8.0;
				MTL_ENABLE_DEBUG_INFO = YES;
				ONLY_ACTIVE_ARCH = YES;
				SDKROOT = iphoneos;
			};
			name = Debug;
		};
		5F6705791DADE88F001EBFAF /* Release */ = {
			isa = XCBuildConfiguration;
			buildSettings = {
				ALWAYS_SEARCH_USER_PATHS = NO;
				CLANG_ANALYZER_NONNULL = YES;
				CLANG_CXX_LANGUAGE_STANDARD = "gnu++0x";
				CLANG_CXX_LIBRARY = "libc++";
				CLANG_ENABLE_MODULES = YES;
				CLANG_ENABLE_OBJC_ARC = YES;
				CLANG_WARN_BOOL_CONVERSION = YES;
				CLANG_WARN_CONSTANT_CONVERSION = YES;
				CLANG_WARN_DIRECT_OBJC_ISA_USAGE = YES_ERROR;
				CLANG_WARN_DOCUMENTATION_COMMENTS = YES;
				CLANG_WARN_EMPTY_BODY = YES;
				CLANG_WARN_ENUM_CONVERSION = YES;
				CLANG_WARN_INFINITE_RECURSION = YES;
				CLANG_WARN_INT_CONVERSION = YES;
				CLANG_WARN_OBJC_ROOT_CLASS = YES_ERROR;
				CLANG_WARN_SUSPICIOUS_MOVES = YES;
				CLANG_WARN_UNREACHABLE_CODE = YES;
				CLANG_WARN__DUPLICATE_METHOD_MATCH = YES;
				"CODE_SIGN_IDENTITY[sdk=iphoneos*]" = "iPhone Developer";
				COPY_PHASE_STRIP = NO;
				DEBUG_INFORMATION_FORMAT = "dwarf-with-dsym";
				ENABLE_NS_ASSERTIONS = NO;
				ENABLE_STRICT_OBJC_MSGSEND = YES;
				GCC_C_LANGUAGE_STANDARD = gnu99;
				GCC_NO_COMMON_BLOCKS = YES;
				GCC_WARN_64_TO_32_BIT_CONVERSION = YES;
				GCC_WARN_ABOUT_RETURN_TYPE = YES_ERROR;
				GCC_WARN_UNDECLARED_SELECTOR = YES;
				GCC_WARN_UNINITIALIZED_AUTOS = YES_AGGRESSIVE;
				GCC_WARN_UNUSED_FUNCTION = YES;
				GCC_WARN_UNUSED_VARIABLE = YES;
				IPHONEOS_DEPLOYMENT_TARGET = 8.0;
				MTL_ENABLE_DEBUG_INFO = NO;
				SDKROOT = iphoneos;
				VALIDATE_PRODUCT = YES;
			};
			name = Release;
		};
		5F67057B1DADE88F001EBFAF /* Debug */ = {
			isa = XCBuildConfiguration;
			buildSettings = {
				ASSETCATALOG_COMPILER_APPICON_NAME = AppIcon;
				INFOPLIST_FILE = JPVideoPlayerDemo/Info.plist;
				LD_RUNPATH_SEARCH_PATHS = "$(inherited) @executable_path/Frameworks";
				PRODUCT_BUNDLE_IDENTIFIER = com.NewPan.JPVideoPlayerDemo;
				PRODUCT_NAME = "$(TARGET_NAME)";
			};
			name = Debug;
		};
		5F67057C1DADE88F001EBFAF /* Release */ = {
			isa = XCBuildConfiguration;
			buildSettings = {
				ASSETCATALOG_COMPILER_APPICON_NAME = AppIcon;
				INFOPLIST_FILE = JPVideoPlayerDemo/Info.plist;
				LD_RUNPATH_SEARCH_PATHS = "$(inherited) @executable_path/Frameworks";
				PRODUCT_BUNDLE_IDENTIFIER = com.NewPan.JPVideoPlayerDemo;
				PRODUCT_NAME = "$(TARGET_NAME)";
			};
			name = Release;
		};
/* End XCBuildConfiguration section */

/* Begin XCConfigurationList section */
		5F67055E1DADE88F001EBFAF /* Build configuration list for PBXProject "JPVideoPlayerDemo" */ = {
			isa = XCConfigurationList;
			buildConfigurations = (
				5F6705781DADE88F001EBFAF /* Debug */,
				5F6705791DADE88F001EBFAF /* Release */,
			);
			defaultConfigurationIsVisible = 0;
			defaultConfigurationName = Release;
		};
		5F67057A1DADE88F001EBFAF /* Build configuration list for PBXNativeTarget "JPVideoPlayerDemo" */ = {
			isa = XCConfigurationList;
			buildConfigurations = (
				5F67057B1DADE88F001EBFAF /* Debug */,
				5F67057C1DADE88F001EBFAF /* Release */,
			);
			defaultConfigurationIsVisible = 0;
			defaultConfigurationName = Release;
		};
/* End XCConfigurationList section */
	};
	rootObject = 5F67055B1DADE88F001EBFAF /* Project object */;
}
