// !$*UTF8*$!
{
	archiveVersion = 1;
	classes = {
	};
	objectVersion = 46;
	objects = {

/* Begin PBXBuildFile section */
		014C824221DF4E0600A64205 /* UICollectionViewCell+WebVideoCache.m in Sources */ = {isa = PBXBuildFile; fileRef = 014C823C21DF4E0600A64205 /* UICollectionViewCell+WebVideoCache.m */; };
		014C824421DF4E0600A64205 /* UICollectionView+WebVideoCache.m in Sources */ = {isa = PBXBuildFile; fileRef = 014C823F21DF4E0600A64205 /* UICollectionView+WebVideoCache.m */; };
		014C824B21DF4E4400A64205 /* JPVideoPlayerCollectionViewCell.m in Sources */ = {isa = PBXBuildFile; fileRef = 014C824721DF4E4300A64205 /* JPVideoPlayerCollectionViewCell.m */; };
		014C824E21DF4F3E00A64205 /* QSFullScreenVideoController.m in Sources */ = {isa = PBXBuildFile; fileRef = 014C824D21DF4F3E00A64205 /* QSFullScreenVideoController.m */; };
		014C825121DF550600A64205 /* JPVideoPlayerCollectionViewController.m in Sources */ = {isa = PBXBuildFile; fileRef = 014C825021DF550600A64205 /* JPVideoPlayerCollectionViewController.m */; };
		258180CE6D5C789E5D2988F8 /* JPVideoPlayerHoverViewController.m in Sources */ = {isa = PBXBuildFile; fileRef = 2581898D104FD94C5028384B /* JPVideoPlayerHoverViewController.m */; };
		2581889C19EE76A9A5D48D80 /* JPVideoPlayerDouyinViewController.m in Sources */ = {isa = PBXBuildFile; fileRef = 25818C4F9FF902E2C26F116E /* JPVideoPlayerDouyinViewController.m */; };
		258188DAB416370E7585394B /* JPVideoPlayerWeiBoViewController.m in Sources */ = {isa = PBXBuildFile; fileRef = 258185FC55A71807B8167322 /* JPVideoPlayerWeiBoViewController.m */; };
		481650661ED1AA7B00A18412 /* JPVideoPlayerDetailViewController.m in Sources */ = {isa = PBXBuildFile; fileRef = 481650641ED1AA7B00A18412 /* JPVideoPlayerDetailViewController.m */; };
		481650671ED1AA7B00A18412 /* JPVideoPlayerDetailViewController.xib in Resources */ = {isa = PBXBuildFile; fileRef = 481650651ED1AA7B00A18412 /* JPVideoPlayerDetailViewController.xib */; };
		488717511EB63CBA00300CA6 /* JPVideoPlayerSettingViewController.m in Sources */ = {isa = PBXBuildFile; fileRef = 4887174F1EB63CBA00300CA6 /* JPVideoPlayerSettingViewController.m */; };
		488717521EB63CBA00300CA6 /* JPVideoPlayerSettingViewController.xib in Resources */ = {isa = PBXBuildFile; fileRef = 488717501EB63CBA00300CA6 /* JPVideoPlayerSettingViewController.xib */; };
		48C3346C223E6189001E5A88 /* JPVideoPlayerCustomizedVideoViewController.m in Sources */ = {isa = PBXBuildFile; fileRef = 48C3346A223E6189001E5A88 /* JPVideoPlayerCustomizedVideoViewController.m */; };
		48C3346D223E6189001E5A88 /* JPVideoPlayerCustomizedVideoViewController.xib in Resources */ = {isa = PBXBuildFile; fileRef = 48C3346B223E6189001E5A88 /* JPVideoPlayerCustomizedVideoViewController.xib */; };
		48EE51D01E6C069900BA602D /* JPVideoPlayerWeiBoEqualHeightCell.m in Sources */ = {isa = PBXBuildFile; fileRef = 48EE51CE1E6C069900BA602D /* JPVideoPlayerWeiBoEqualHeightCell.m */; };
		48EE51D11E6C069900BA602D /* JPVideoPlayerWeiBoEqualHeightCell.xib in Resources */ = {isa = PBXBuildFile; fileRef = 48EE51CF1E6C069900BA602D /* JPVideoPlayerWeiBoEqualHeightCell.xib */; };
		48FD32711EB701D400ACCB05 /* JPQRCodeTool.m in Sources */ = {isa = PBXBuildFile; fileRef = 48FD32701EB701D400ACCB05 /* JPQRCodeTool.m */; };
		5F6705681DADE88F001EBFAF /* main.m in Sources */ = {isa = PBXBuildFile; fileRef = 5F6705671DADE88F001EBFAF /* main.m */; };
		5F67056B1DADE88F001EBFAF /* AppDelegate.m in Sources */ = {isa = PBXBuildFile; fileRef = 5F67056A1DADE88F001EBFAF /* AppDelegate.m */; };
		5F6705731DADE88F001EBFAF /* Assets.xcassets in Resources */ = {isa = PBXBuildFile; fileRef = 5F6705721DADE88F001EBFAF /* Assets.xcassets */; };
		5FF7BAF11E7F8EC400912ACD /* JPVideoPlayerWeiBoListViewController.m in Sources */ = {isa = PBXBuildFile; fileRef = 5FF7BAEE1E7F8EC400912ACD /* JPVideoPlayerWeiBoListViewController.m */; };
		C17C22D3B9AF091A6D0B4E9C /* JPVideoPlayerCellProtocol.m in Sources */ = {isa = PBXBuildFile; fileRef = C17C2B7A80CF9CBB666A32F0 /* JPVideoPlayerCellProtocol.m */; };
		C17C2503B08D7F7B463EFE34 /* JPMethodInjecting.m in Sources */ = {isa = PBXBuildFile; fileRef = C17C298067C7DD5554017120 /* JPMethodInjecting.m */; };
		C17C254465F1D316B354C913 /* JPGCDExtensions.m in Sources */ = {isa = PBXBuildFile; fileRef = C17C2389009C59C4BB70F651 /* JPGCDExtensions.m */; };
		C17C2679EA81BFA756E969DE /* JPVideoPlayerScrollViewProtocol.m in Sources */ = {isa = PBXBuildFile; fileRef = C17C2946DF5CC2B174FB79AF /* JPVideoPlayerScrollViewProtocol.m */; };
		C3D50D2EF7B7EB2F36B72E2D /* libPods-JPVideoPlayerDemo.a in Frameworks */ = {isa = PBXBuildFile; fileRef = 8EBFC49659DDED5EA35F2A91 /* libPods-JPVideoPlayerDemo.a */; };
		CF45AA1220B8571C00E07B8E /* JPVideoPlayerAudioViewController.m in Sources */ = {isa = PBXBuildFile; fileRef = CF45AA1020B8571C00E07B8E /* JPVideoPlayerAudioViewController.m */; };
		CF45AA1320B8571C00E07B8E /* JPVideoPlayerAudioViewController.xib in Resources */ = {isa = PBXBuildFile; fileRef = CF45AA1120B8571C00E07B8E /* JPVideoPlayerAudioViewController.xib */; };
		CF5024EB207F66F400DE8E2E /* JPVideoPlayerDownloader.m in Sources */ = {isa = PBXBuildFile; fileRef = CF5024CF207F66F300DE8E2E /* JPVideoPlayerDownloader.m */; };
		CF5024EC207F66F400DE8E2E /* JPVideoPlayerCache.m in Sources */ = {isa = PBXBuildFile; fileRef = CF5024D0207F66F300DE8E2E /* JPVideoPlayerCache.m */; };
		CF5024ED207F66F400DE8E2E /* UIView+WebVideoCache.m in Sources */ = {isa = PBXBuildFile; fileRef = CF5024D3207F66F300DE8E2E /* UIView+WebVideoCache.m */; };
		CF5024EE207F66F400DE8E2E /* JPVideoPlayerCompat.m in Sources */ = {isa = PBXBuildFile; fileRef = CF5024D4207F66F300DE8E2E /* JPVideoPlayerCompat.m */; };
		CF5024EF207F66F400DE8E2E /* JPVideoPlayerResourceLoader.m in Sources */ = {isa = PBXBuildFile; fileRef = CF5024D7207F66F300DE8E2E /* JPVideoPlayerResourceLoader.m */; };
		CF5024F0207F66F400DE8E2E /* JPVideoPlayerCacheFile.m in Sources */ = {isa = PBXBuildFile; fileRef = CF5024DC207F66F300DE8E2E /* JPVideoPlayerCacheFile.m */; };
		CF5024F1207F66F400DE8E2E /* JPVideoPlayerControlViews.m in Sources */ = {isa = PBXBuildFile; fileRef = CF5024DD207F66F300DE8E2E /* JPVideoPlayerControlViews.m */; };
		CF5024F2207F66F400DE8E2E /* JPVideoPlayer.bundle in Resources */ = {isa = PBXBuildFile; fileRef = CF5024DF207F66F300DE8E2E /* JPVideoPlayer.bundle */; };
		CF5024F3207F66F400DE8E2E /* UITableView+WebVideoCache.m in Sources */ = {isa = PBXBuildFile; fileRef = CF5024E1207F66F300DE8E2E /* UITableView+WebVideoCache.m */; };
		CF5024F4207F66F400DE8E2E /* JPVideoPlayerManager.m in Sources */ = {isa = PBXBuildFile; fileRef = CF5024E2207F66F300DE8E2E /* JPVideoPlayerManager.m */; };
		CF5024F5207F66F400DE8E2E /* JPVideoPlayer.m in Sources */ = {isa = PBXBuildFile; fileRef = CF5024E6207F66F300DE8E2E /* JPVideoPlayer.m */; };
		CF5024F6207F66F400DE8E2E /* JPVideoPlayerSupportUtils.m in Sources */ = {isa = PBXBuildFile; fileRef = CF5024E7207F66F300DE8E2E /* JPVideoPlayerSupportUtils.m */; };
		CF5024F7207F66F400DE8E2E /* UITableViewCell+WebVideoCache.m in Sources */ = {isa = PBXBuildFile; fileRef = CF5024E8207F66F300DE8E2E /* UITableViewCell+WebVideoCache.m */; };
		CF5024F8207F66F400DE8E2E /* JPVideoPlayerCachePath.m in Sources */ = {isa = PBXBuildFile; fileRef = CF5024E9207F66F300DE8E2E /* JPVideoPlayerCachePath.m */; };
		CF5024F9207F66F400DE8E2E /* JPResourceLoadingRequestTask.m in Sources */ = {isa = PBXBuildFile; fileRef = CF5024EA207F66F300DE8E2E /* JPResourceLoadingRequestTask.m */; };
		CF533E3520773C6500075063 /* JPVideoPlayerWeiBoUnequalHeightCell.m in Sources */ = {isa = PBXBuildFile; fileRef = CF533E3320773C6500075063 /* JPVideoPlayerWeiBoUnequalHeightCell.m */; };
		CF533E3620773C6500075063 /* JPVideoPlayerWeiBoUnequalHeightCell.xib in Resources */ = {isa = PBXBuildFile; fileRef = CF533E3420773C6500075063 /* JPVideoPlayerWeiBoUnequalHeightCell.xib */; };
		CF5438712067AE3300AC4391 /* designedByAppleInCalifornia.mp4 in Resources */ = {isa = PBXBuildFile; fileRef = CF5438702067AE3300AC4391 /* designedByAppleInCalifornia.mp4 */; };
		CF73A142209217F000F8F63E /* JPVPNetEasyViewController.m in Sources */ = {isa = PBXBuildFile; fileRef = CF73A13D209217F000F8F63E /* JPVPNetEasyViewController.m */; };
		CF73A143209217F000F8F63E /* JPVPNetEasyTableViewCell.m in Sources */ = {isa = PBXBuildFile; fileRef = CF73A13E209217F000F8F63E /* JPVPNetEasyTableViewCell.m */; };
		CF73A144209217F000F8F63E /* JPVPNetEasyTableViewCell.xib in Resources */ = {isa = PBXBuildFile; fileRef = CF73A140209217F000F8F63E /* JPVPNetEasyTableViewCell.xib */; };
/* End PBXBuildFile section */

/* Begin PBXCopyFilesBuildPhase section */
		48B548F91ED5B3AB00062DC2 /* Embed Frameworks */ = {
			isa = PBXCopyFilesBuildPhase;
			buildActionMask = 2147483647;
			dstPath = "";
			dstSubfolderSpec = 10;
			files = (
			);
			name = "Embed Frameworks";
			runOnlyForDeploymentPostprocessing = 0;
		};
/* End PBXCopyFilesBuildPhase section */

/* Begin PBXFileReference section */
		014C823C21DF4E0600A64205 /* UICollectionViewCell+WebVideoCache.m */ = {isa = PBXFileReference; fileEncoding = 4; lastKnownFileType = sourcecode.c.objc; path = "UICollectionViewCell+WebVideoCache.m"; sourceTree = "<group>"; };
		014C823E21DF4E0600A64205 /* UICollectionView+WebVideoCache.h */ = {isa = PBXFileReference; fileEncoding = 4; lastKnownFileType = sourcecode.c.h; path = "UICollectionView+WebVideoCache.h"; sourceTree = "<group>"; };
		014C823F21DF4E0600A64205 /* UICollectionView+WebVideoCache.m */ = {isa = PBXFileReference; fileEncoding = 4; lastKnownFileType = sourcecode.c.objc; path = "UICollectionView+WebVideoCache.m"; sourceTree = "<group>"; };
		014C824121DF4E0600A64205 /* UICollectionViewCell+WebVideoCache.h */ = {isa = PBXFileReference; fileEncoding = 4; lastKnownFileType = sourcecode.c.h; path = "UICollectionViewCell+WebVideoCache.h"; sourceTree = "<group>"; };
		014C824721DF4E4300A64205 /* JPVideoPlayerCollectionViewCell.m */ = {isa = PBXFileReference; fileEncoding = 4; lastKnownFileType = sourcecode.c.objc; path = JPVideoPlayerCollectionViewCell.m; sourceTree = "<group>"; };
		014C824921DF4E4400A64205 /* JPVideoPlayerCollectionViewCell.h */ = {isa = PBXFileReference; fileEncoding = 4; lastKnownFileType = sourcecode.c.h; path = JPVideoPlayerCollectionViewCell.h; sourceTree = "<group>"; };
		014C824C21DF4F3E00A64205 /* QSFullScreenVideoController.h */ = {isa = PBXFileReference; fileEncoding = 4; lastKnownFileType = sourcecode.c.h; path = QSFullScreenVideoController.h; sourceTree = "<group>"; };
		014C824D21DF4F3E00A64205 /* QSFullScreenVideoController.m */ = {isa = PBXFileReference; fileEncoding = 4; lastKnownFileType = sourcecode.c.objc; path = QSFullScreenVideoController.m; sourceTree = "<group>"; };
		014C824F21DF550600A64205 /* JPVideoPlayerCollectionViewController.h */ = {isa = PBXFileReference; fileEncoding = 4; lastKnownFileType = sourcecode.c.h; path = JPVideoPlayerCollectionViewController.h; sourceTree = "<group>"; };
		014C825021DF550600A64205 /* JPVideoPlayerCollectionViewController.m */ = {isa = PBXFileReference; fileEncoding = 4; lastKnownFileType = sourcecode.c.objc; path = JPVideoPlayerCollectionViewController.m; sourceTree = "<group>"; };
		0C9A80C1EADCB50E8B8E7648 /* Pods-JPVideoPlayerDemo.debug.xcconfig */ = {isa = PBXFileReference; includeInIndex = 1; lastKnownFileType = text.xcconfig; name = "Pods-JPVideoPlayerDemo.debug.xcconfig"; path = "Pods/Target Support Files/Pods-JPVideoPlayerDemo/Pods-JPVideoPlayerDemo.debug.xcconfig"; sourceTree = "<group>"; };
		1F5F3C3412F93A0936D3FBB0 /* Pods-JPVideoPlayerDemo.release.xcconfig */ = {isa = PBXFileReference; includeInIndex = 1; lastKnownFileType = text.xcconfig; name = "Pods-JPVideoPlayerDemo.release.xcconfig"; path = "Pods/Target Support Files/Pods-JPVideoPlayerDemo/Pods-JPVideoPlayerDemo.release.xcconfig"; sourceTree = "<group>"; };
		258180C10C9B1D5150EDD9C5 /* JPVideoPlayerWeiBoViewController.h */ = {isa = PBXFileReference; fileEncoding = 4; lastKnownFileType = sourcecode.c.h; path = JPVideoPlayerWeiBoViewController.h; sourceTree = "<group>"; };
		2581816193D49E7210A222B1 /* JPVideoPlayerDouyinViewController.h */ = {isa = PBXFileReference; fileEncoding = 4; lastKnownFileType = sourcecode.c.h; path = JPVideoPlayerDouyinViewController.h; sourceTree = "<group>"; };
		258185FC55A71807B8167322 /* JPVideoPlayerWeiBoViewController.m */ = {isa = PBXFileReference; fileEncoding = 4; lastKnownFileType = sourcecode.c.objc; path = JPVideoPlayerWeiBoViewController.m; sourceTree = "<group>"; };
		2581898D104FD94C5028384B /* JPVideoPlayerHoverViewController.m */ = {isa = PBXFileReference; fileEncoding = 4; lastKnownFileType = sourcecode.c.objc; path = JPVideoPlayerHoverViewController.m; sourceTree = "<group>"; };
		25818C4F9FF902E2C26F116E /* JPVideoPlayerDouyinViewController.m */ = {isa = PBXFileReference; fileEncoding = 4; lastKnownFileType = sourcecode.c.objc; path = JPVideoPlayerDouyinViewController.m; sourceTree = "<group>"; };
		25818F3460CEF9465F4EF47F /* JPVideoPlayerHoverViewController.h */ = {isa = PBXFileReference; fileEncoding = 4; lastKnownFileType = sourcecode.c.h; path = JPVideoPlayerHoverViewController.h; sourceTree = "<group>"; };
		481650631ED1AA7B00A18412 /* JPVideoPlayerDetailViewController.h */ = {isa = PBXFileReference; fileEncoding = 4; lastKnownFileType = sourcecode.c.h; path = JPVideoPlayerDetailViewController.h; sourceTree = "<group>"; };
		481650641ED1AA7B00A18412 /* JPVideoPlayerDetailViewController.m */ = {isa = PBXFileReference; fileEncoding = 4; lastKnownFileType = sourcecode.c.objc; path = JPVideoPlayerDetailViewController.m; sourceTree = "<group>"; };
		481650651ED1AA7B00A18412 /* JPVideoPlayerDetailViewController.xib */ = {isa = PBXFileReference; fileEncoding = 4; lastKnownFileType = file.xib; path = JPVideoPlayerDetailViewController.xib; sourceTree = "<group>"; };
		4887174E1EB63CBA00300CA6 /* JPVideoPlayerSettingViewController.h */ = {isa = PBXFileReference; fileEncoding = 4; lastKnownFileType = sourcecode.c.h; path = JPVideoPlayerSettingViewController.h; sourceTree = "<group>"; };
		4887174F1EB63CBA00300CA6 /* JPVideoPlayerSettingViewController.m */ = {isa = PBXFileReference; fileEncoding = 4; lastKnownFileType = sourcecode.c.objc; path = JPVideoPlayerSettingViewController.m; sourceTree = "<group>"; };
		488717501EB63CBA00300CA6 /* JPVideoPlayerSettingViewController.xib */ = {isa = PBXFileReference; fileEncoding = 4; lastKnownFileType = file.xib; path = JPVideoPlayerSettingViewController.xib; sourceTree = "<group>"; };
		48C33469223E6189001E5A88 /* JPVideoPlayerCustomizedVideoViewController.h */ = {isa = PBXFileReference; lastKnownFileType = sourcecode.c.h; path = JPVideoPlayerCustomizedVideoViewController.h; sourceTree = "<group>"; };
		48C3346A223E6189001E5A88 /* JPVideoPlayerCustomizedVideoViewController.m */ = {isa = PBXFileReference; lastKnownFileType = sourcecode.c.objc; path = JPVideoPlayerCustomizedVideoViewController.m; sourceTree = "<group>"; };
		48C3346B223E6189001E5A88 /* JPVideoPlayerCustomizedVideoViewController.xib */ = {isa = PBXFileReference; lastKnownFileType = file.xib; path = JPVideoPlayerCustomizedVideoViewController.xib; sourceTree = "<group>"; };
		48EE51CD1E6C069900BA602D /* JPVideoPlayerWeiBoEqualHeightCell.h */ = {isa = PBXFileReference; fileEncoding = 4; lastKnownFileType = sourcecode.c.h; path = JPVideoPlayerWeiBoEqualHeightCell.h; sourceTree = "<group>"; };
		48EE51CE1E6C069900BA602D /* JPVideoPlayerWeiBoEqualHeightCell.m */ = {isa = PBXFileReference; fileEncoding = 4; lastKnownFileType = sourcecode.c.objc; path = JPVideoPlayerWeiBoEqualHeightCell.m; sourceTree = "<group>"; };
		48EE51CF1E6C069900BA602D /* JPVideoPlayerWeiBoEqualHeightCell.xib */ = {isa = PBXFileReference; fileEncoding = 4; lastKnownFileType = file.xib; path = JPVideoPlayerWeiBoEqualHeightCell.xib; sourceTree = "<group>"; };
		48FD326F1EB701D400ACCB05 /* JPQRCodeTool.h */ = {isa = PBXFileReference; fileEncoding = 4; lastKnownFileType = sourcecode.c.h; path = JPQRCodeTool.h; sourceTree = "<group>"; };
		48FD32701EB701D400ACCB05 /* JPQRCodeTool.m */ = {isa = PBXFileReference; fileEncoding = 4; lastKnownFileType = sourcecode.c.objc; path = JPQRCodeTool.m; sourceTree = "<group>"; };
		5F6705631DADE88F001EBFAF /* JPVideoPlayerDemo.app */ = {isa = PBXFileReference; explicitFileType = wrapper.application; includeInIndex = 0; path = JPVideoPlayerDemo.app; sourceTree = BUILT_PRODUCTS_DIR; };
		5F6705671DADE88F001EBFAF /* main.m */ = {isa = PBXFileReference; lastKnownFileType = sourcecode.c.objc; path = main.m; sourceTree = "<group>"; };
		5F6705691DADE88F001EBFAF /* AppDelegate.h */ = {isa = PBXFileReference; lastKnownFileType = sourcecode.c.h; path = AppDelegate.h; sourceTree = "<group>"; };
		5F67056A1DADE88F001EBFAF /* AppDelegate.m */ = {isa = PBXFileReference; lastKnownFileType = sourcecode.c.objc; path = AppDelegate.m; sourceTree = "<group>"; };
		5F6705721DADE88F001EBFAF /* Assets.xcassets */ = {isa = PBXFileReference; lastKnownFileType = folder.assetcatalog; path = Assets.xcassets; sourceTree = "<group>"; };
		5F6705771DADE88F001EBFAF /* Info.plist */ = {isa = PBXFileReference; lastKnownFileType = text.plist.xml; path = Info.plist; sourceTree = "<group>"; };
		5FF7BAED1E7F8EC400912ACD /* JPVideoPlayerWeiBoListViewController.h */ = {isa = PBXFileReference; fileEncoding = 4; lastKnownFileType = sourcecode.c.h; path = JPVideoPlayerWeiBoListViewController.h; sourceTree = "<group>"; };
		5FF7BAEE1E7F8EC400912ACD /* JPVideoPlayerWeiBoListViewController.m */ = {isa = PBXFileReference; fileEncoding = 4; lastKnownFileType = sourcecode.c.objc; path = JPVideoPlayerWeiBoListViewController.m; sourceTree = "<group>"; };
		8EBFC49659DDED5EA35F2A91 /* libPods-JPVideoPlayerDemo.a */ = {isa = PBXFileReference; explicitFileType = archive.ar; includeInIndex = 0; path = "libPods-JPVideoPlayerDemo.a"; sourceTree = BUILT_PRODUCTS_DIR; };
		8FB27241208F0C510025FF63 /* JPVideoPlayerKit.h */ = {isa = PBXFileReference; lastKnownFileType = sourcecode.c.h; path = JPVideoPlayerKit.h; sourceTree = "<group>"; };
		C17C23205D757D2C73E7D7E2 /* JPGCDExtensions.h */ = {isa = PBXFileReference; fileEncoding = 4; lastKnownFileType = sourcecode.c.h; path = JPGCDExtensions.h; sourceTree = "<group>"; };
		C17C2389009C59C4BB70F651 /* JPGCDExtensions.m */ = {isa = PBXFileReference; fileEncoding = 4; lastKnownFileType = sourcecode.c.objc; path = JPGCDExtensions.m; sourceTree = "<group>"; };
		C17C25652F7DEA4BDA84091E /* JPMethodInjecting.h */ = {isa = PBXFileReference; fileEncoding = 4; lastKnownFileType = sourcecode.c.h; path = JPMethodInjecting.h; sourceTree = "<group>"; };
		C17C2946DF5CC2B174FB79AF /* JPVideoPlayerScrollViewProtocol.m */ = {isa = PBXFileReference; fileEncoding = 4; lastKnownFileType = sourcecode.c.objc; path = JPVideoPlayerScrollViewProtocol.m; sourceTree = "<group>"; };
		C17C298067C7DD5554017120 /* JPMethodInjecting.m */ = {isa = PBXFileReference; fileEncoding = 4; lastKnownFileType = sourcecode.c.objc; path = JPMethodInjecting.m; sourceTree = "<group>"; };
		C17C2B74EDC4D301437330F6 /* JPVideoPlayerScrollViewProtocol.h */ = {isa = PBXFileReference; fileEncoding = 4; lastKnownFileType = sourcecode.c.h; path = JPVideoPlayerScrollViewProtocol.h; sourceTree = "<group>"; };
		C17C2B7A80CF9CBB666A32F0 /* JPVideoPlayerCellProtocol.m */ = {isa = PBXFileReference; fileEncoding = 4; lastKnownFileType = sourcecode.c.objc; path = JPVideoPlayerCellProtocol.m; sourceTree = "<group>"; };
		C17C2CF3183FA03074E8CC94 /* JPVideoPlayerCellProtocol.h */ = {isa = PBXFileReference; fileEncoding = 4; lastKnownFileType = sourcecode.c.h; path = JPVideoPlayerCellProtocol.h; sourceTree = "<group>"; };
		CF45AA0F20B8571C00E07B8E /* JPVideoPlayerAudioViewController.h */ = {isa = PBXFileReference; lastKnownFileType = sourcecode.c.h; path = JPVideoPlayerAudioViewController.h; sourceTree = "<group>"; };
		CF45AA1020B8571C00E07B8E /* JPVideoPlayerAudioViewController.m */ = {isa = PBXFileReference; lastKnownFileType = sourcecode.c.objc; path = JPVideoPlayerAudioViewController.m; sourceTree = "<group>"; };
		CF45AA1120B8571C00E07B8E /* JPVideoPlayerAudioViewController.xib */ = {isa = PBXFileReference; lastKnownFileType = file.xib; path = JPVideoPlayerAudioViewController.xib; sourceTree = "<group>"; };
		CF5024CD207F66F300DE8E2E /* JPVideoPlayerManager.h */ = {isa = PBXFileReference; fileEncoding = 4; lastKnownFileType = sourcecode.c.h; path = JPVideoPlayerManager.h; sourceTree = "<group>"; };
		CF5024CE207F66F300DE8E2E /* UITableView+WebVideoCache.h */ = {isa = PBXFileReference; fileEncoding = 4; lastKnownFileType = sourcecode.c.h; path = "UITableView+WebVideoCache.h"; sourceTree = "<group>"; };
		CF5024CF207F66F300DE8E2E /* JPVideoPlayerDownloader.m */ = {isa = PBXFileReference; fileEncoding = 4; lastKnownFileType = sourcecode.c.objc; path = JPVideoPlayerDownloader.m; sourceTree = "<group>"; };
		CF5024D0207F66F300DE8E2E /* JPVideoPlayerCache.m */ = {isa = PBXFileReference; fileEncoding = 4; lastKnownFileType = sourcecode.c.objc; path = JPVideoPlayerCache.m; sourceTree = "<group>"; };
		CF5024D1207F66F300DE8E2E /* JPVideoPlayerCacheFile.h */ = {isa = PBXFileReference; fileEncoding = 4; lastKnownFileType = sourcecode.c.h; path = JPVideoPlayerCacheFile.h; sourceTree = "<group>"; };
		CF5024D2207F66F300DE8E2E /* JPVideoPlayerControlViews.h */ = {isa = PBXFileReference; fileEncoding = 4; lastKnownFileType = sourcecode.c.h; path = JPVideoPlayerControlViews.h; sourceTree = "<group>"; };
		CF5024D3207F66F300DE8E2E /* UIView+WebVideoCache.m */ = {isa = PBXFileReference; fileEncoding = 4; lastKnownFileType = sourcecode.c.objc; path = "UIView+WebVideoCache.m"; sourceTree = "<group>"; };
		CF5024D4207F66F300DE8E2E /* JPVideoPlayerCompat.m */ = {isa = PBXFileReference; fileEncoding = 4; lastKnownFileType = sourcecode.c.objc; path = JPVideoPlayerCompat.m; sourceTree = "<group>"; };
		CF5024D5207F66F300DE8E2E /* JPVideoPlayerProtocol.h */ = {isa = PBXFileReference; fileEncoding = 4; lastKnownFileType = sourcecode.c.h; path = JPVideoPlayerProtocol.h; sourceTree = "<group>"; };
		CF5024D6207F66F300DE8E2E /* JPVideoPlayer.h */ = {isa = PBXFileReference; fileEncoding = 4; lastKnownFileType = sourcecode.c.h; path = JPVideoPlayer.h; sourceTree = "<group>"; };
		CF5024D7207F66F300DE8E2E /* JPVideoPlayerResourceLoader.m */ = {isa = PBXFileReference; fileEncoding = 4; lastKnownFileType = sourcecode.c.objc; path = JPVideoPlayerResourceLoader.m; sourceTree = "<group>"; };
		CF5024D8207F66F300DE8E2E /* JPResourceLoadingRequestTask.h */ = {isa = PBXFileReference; fileEncoding = 4; lastKnownFileType = sourcecode.c.h; path = JPResourceLoadingRequestTask.h; sourceTree = "<group>"; };
		CF5024D9207F66F300DE8E2E /* JPVideoPlayerCachePath.h */ = {isa = PBXFileReference; fileEncoding = 4; lastKnownFileType = sourcecode.c.h; path = JPVideoPlayerCachePath.h; sourceTree = "<group>"; };
		CF5024DA207F66F300DE8E2E /* UITableViewCell+WebVideoCache.h */ = {isa = PBXFileReference; fileEncoding = 4; lastKnownFileType = sourcecode.c.h; path = "UITableViewCell+WebVideoCache.h"; sourceTree = "<group>"; };
		CF5024DB207F66F300DE8E2E /* JPVideoPlayerSupportUtils.h */ = {isa = PBXFileReference; fileEncoding = 4; lastKnownFileType = sourcecode.c.h; path = JPVideoPlayerSupportUtils.h; sourceTree = "<group>"; };
		CF5024DC207F66F300DE8E2E /* JPVideoPlayerCacheFile.m */ = {isa = PBXFileReference; fileEncoding = 4; lastKnownFileType = sourcecode.c.objc; path = JPVideoPlayerCacheFile.m; sourceTree = "<group>"; };
		CF5024DD207F66F300DE8E2E /* JPVideoPlayerControlViews.m */ = {isa = PBXFileReference; fileEncoding = 4; lastKnownFileType = sourcecode.c.objc; path = JPVideoPlayerControlViews.m; sourceTree = "<group>"; };
		CF5024DE207F66F300DE8E2E /* JPVideoPlayerCache.h */ = {isa = PBXFileReference; fileEncoding = 4; lastKnownFileType = sourcecode.c.h; path = JPVideoPlayerCache.h; sourceTree = "<group>"; };
		CF5024DF207F66F300DE8E2E /* JPVideoPlayer.bundle */ = {isa = PBXFileReference; lastKnownFileType = "wrapper.plug-in"; path = JPVideoPlayer.bundle; sourceTree = "<group>"; };
		CF5024E0207F66F300DE8E2E /* JPVideoPlayerDownloader.h */ = {isa = PBXFileReference; fileEncoding = 4; lastKnownFileType = sourcecode.c.h; path = JPVideoPlayerDownloader.h; sourceTree = "<group>"; };
		CF5024E1207F66F300DE8E2E /* UITableView+WebVideoCache.m */ = {isa = PBXFileReference; fileEncoding = 4; lastKnownFileType = sourcecode.c.objc; path = "UITableView+WebVideoCache.m"; sourceTree = "<group>"; };
		CF5024E2207F66F300DE8E2E /* JPVideoPlayerManager.m */ = {isa = PBXFileReference; fileEncoding = 4; lastKnownFileType = sourcecode.c.objc; path = JPVideoPlayerManager.m; sourceTree = "<group>"; };
		CF5024E3207F66F300DE8E2E /* JPVideoPlayerCompat.h */ = {isa = PBXFileReference; fileEncoding = 4; lastKnownFileType = sourcecode.c.h; path = JPVideoPlayerCompat.h; sourceTree = "<group>"; };
		CF5024E4207F66F300DE8E2E /* UIView+WebVideoCache.h */ = {isa = PBXFileReference; fileEncoding = 4; lastKnownFileType = sourcecode.c.h; path = "UIView+WebVideoCache.h"; sourceTree = "<group>"; };
		CF5024E5207F66F300DE8E2E /* JPVideoPlayerResourceLoader.h */ = {isa = PBXFileReference; fileEncoding = 4; lastKnownFileType = sourcecode.c.h; path = JPVideoPlayerResourceLoader.h; sourceTree = "<group>"; };
		CF5024E6207F66F300DE8E2E /* JPVideoPlayer.m */ = {isa = PBXFileReference; fileEncoding = 4; lastKnownFileType = sourcecode.c.objc; path = JPVideoPlayer.m; sourceTree = "<group>"; };
		CF5024E7207F66F300DE8E2E /* JPVideoPlayerSupportUtils.m */ = {isa = PBXFileReference; fileEncoding = 4; lastKnownFileType = sourcecode.c.objc; path = JPVideoPlayerSupportUtils.m; sourceTree = "<group>"; };
		CF5024E8207F66F300DE8E2E /* UITableViewCell+WebVideoCache.m */ = {isa = PBXFileReference; fileEncoding = 4; lastKnownFileType = sourcecode.c.objc; path = "UITableViewCell+WebVideoCache.m"; sourceTree = "<group>"; };
		CF5024E9207F66F300DE8E2E /* JPVideoPlayerCachePath.m */ = {isa = PBXFileReference; fileEncoding = 4; lastKnownFileType = sourcecode.c.objc; path = JPVideoPlayerCachePath.m; sourceTree = "<group>"; };
		CF5024EA207F66F300DE8E2E /* JPResourceLoadingRequestTask.m */ = {isa = PBXFileReference; fileEncoding = 4; lastKnownFileType = sourcecode.c.objc; path = JPResourceLoadingRequestTask.m; sourceTree = "<group>"; };
		CF533E3220773C6500075063 /* JPVideoPlayerWeiBoUnequalHeightCell.h */ = {isa = PBXFileReference; lastKnownFileType = sourcecode.c.h; path = JPVideoPlayerWeiBoUnequalHeightCell.h; sourceTree = "<group>"; };
		CF533E3320773C6500075063 /* JPVideoPlayerWeiBoUnequalHeightCell.m */ = {isa = PBXFileReference; lastKnownFileType = sourcecode.c.objc; path = JPVideoPlayerWeiBoUnequalHeightCell.m; sourceTree = "<group>"; };
		CF533E3420773C6500075063 /* JPVideoPlayerWeiBoUnequalHeightCell.xib */ = {isa = PBXFileReference; lastKnownFileType = file.xib; path = JPVideoPlayerWeiBoUnequalHeightCell.xib; sourceTree = "<group>"; };
		CF5438702067AE3300AC4391 /* designedByAppleInCalifornia.mp4 */ = {isa = PBXFileReference; lastKnownFileType = file; path = designedByAppleInCalifornia.mp4; sourceTree = "<group>"; };
		CF73A13D209217F000F8F63E /* JPVPNetEasyViewController.m */ = {isa = PBXFileReference; fileEncoding = 4; lastKnownFileType = sourcecode.c.objc; path = JPVPNetEasyViewController.m; sourceTree = "<group>"; };
		CF73A13E209217F000F8F63E /* JPVPNetEasyTableViewCell.m */ = {isa = PBXFileReference; fileEncoding = 4; lastKnownFileType = sourcecode.c.objc; path = JPVPNetEasyTableViewCell.m; sourceTree = "<group>"; };
		CF73A13F209217F000F8F63E /* JPVPNetEasyViewController.h */ = {isa = PBXFileReference; fileEncoding = 4; lastKnownFileType = sourcecode.c.h; path = JPVPNetEasyViewController.h; sourceTree = "<group>"; };
		CF73A140209217F000F8F63E /* JPVPNetEasyTableViewCell.xib */ = {isa = PBXFileReference; fileEncoding = 4; lastKnownFileType = file.xib; path = JPVPNetEasyTableViewCell.xib; sourceTree = "<group>"; };
		CF73A141209217F000F8F63E /* JPVPNetEasyTableViewCell.h */ = {isa = PBXFileReference; fileEncoding = 4; lastKnownFileType = sourcecode.c.h; path = JPVPNetEasyTableViewCell.h; sourceTree = "<group>"; };
/* End PBXFileReference section */

/* Begin PBXFrameworksBuildPhase section */
		5F6705601DADE88F001EBFAF /* Frameworks */ = {
			isa = PBXFrameworksBuildPhase;
			buildActionMask = 2147483647;
			files = (
				C3D50D2EF7B7EB2F36B72E2D /* libPods-JPVideoPlayerDemo.a in Frameworks */,
			);
			runOnlyForDeploymentPostprocessing = 0;
		};
/* End PBXFrameworksBuildPhase section */

/* Begin PBXGroup section */
		014C824521DF4E3000A64205 /* CollectionView */ = {
			isa = PBXGroup;
			children = (
				014C824F21DF550600A64205 /* JPVideoPlayerCollectionViewController.h */,
				014C825021DF550600A64205 /* JPVideoPlayerCollectionViewController.m */,
				014C824C21DF4F3E00A64205 /* QSFullScreenVideoController.h */,
				014C824D21DF4F3E00A64205 /* QSFullScreenVideoController.m */,
				014C824921DF4E4400A64205 /* JPVideoPlayerCollectionViewCell.h */,
				014C824721DF4E4300A64205 /* JPVideoPlayerCollectionViewCell.m */,
			);
			name = CollectionView;
			sourceTree = "<group>";
		};
		272BF3831ADEABFABB821412 /* Pods */ = {
			isa = PBXGroup;
			children = (
				0C9A80C1EADCB50E8B8E7648 /* Pods-JPVideoPlayerDemo.debug.xcconfig */,
				1F5F3C3412F93A0936D3FBB0 /* Pods-JPVideoPlayerDemo.release.xcconfig */,
			);
			name = Pods;
			sourceTree = "<group>";
		};
		48FD32691EB6FF3B00ACCB05 /* Weibo */ = {
			isa = PBXGroup;
			children = (
				481650631ED1AA7B00A18412 /* JPVideoPlayerDetailViewController.h */,
				481650641ED1AA7B00A18412 /* JPVideoPlayerDetailViewController.m */,
				481650651ED1AA7B00A18412 /* JPVideoPlayerDetailViewController.xib */,
				5FF7BAED1E7F8EC400912ACD /* JPVideoPlayerWeiBoListViewController.h */,
				5FF7BAEE1E7F8EC400912ACD /* JPVideoPlayerWeiBoListViewController.m */,
				48EE51CD1E6C069900BA602D /* JPVideoPlayerWeiBoEqualHeightCell.h */,
				48EE51CE1E6C069900BA602D /* JPVideoPlayerWeiBoEqualHeightCell.m */,
				48EE51CF1E6C069900BA602D /* JPVideoPlayerWeiBoEqualHeightCell.xib */,
				CF533E3220773C6500075063 /* JPVideoPlayerWeiBoUnequalHeightCell.h */,
				CF533E3320773C6500075063 /* JPVideoPlayerWeiBoUnequalHeightCell.m */,
				CF533E3420773C6500075063 /* JPVideoPlayerWeiBoUnequalHeightCell.xib */,
				258180C10C9B1D5150EDD9C5 /* JPVideoPlayerWeiBoViewController.h */,
				258185FC55A71807B8167322 /* JPVideoPlayerWeiBoViewController.m */,
				48C33469223E6189001E5A88 /* JPVideoPlayerCustomizedVideoViewController.h */,
				48C3346A223E6189001E5A88 /* JPVideoPlayerCustomizedVideoViewController.m */,
				48C3346B223E6189001E5A88 /* JPVideoPlayerCustomizedVideoViewController.xib */,
				CF45AA0F20B8571C00E07B8E /* JPVideoPlayerAudioViewController.h */,
				CF45AA1020B8571C00E07B8E /* JPVideoPlayerAudioViewController.m */,
				CF45AA1120B8571C00E07B8E /* JPVideoPlayerAudioViewController.xib */,
				25818F3460CEF9465F4EF47F /* JPVideoPlayerHoverViewController.h */,
				2581898D104FD94C5028384B /* JPVideoPlayerHoverViewController.m */,
			);
			name = Weibo;
			sourceTree = "<group>";
		};
		48FD326A1EB6FF4A00ACCB05 /* Setting */ = {
			isa = PBXGroup;
			children = (
				48FD326E1EB701AC00ACCB05 /* QRCode */,
				4887174E1EB63CBA00300CA6 /* JPVideoPlayerSettingViewController.h */,
				4887174F1EB63CBA00300CA6 /* JPVideoPlayerSettingViewController.m */,
				488717501EB63CBA00300CA6 /* JPVideoPlayerSettingViewController.xib */,
			);
			name = Setting;
			sourceTree = "<group>";
		};
		48FD326E1EB701AC00ACCB05 /* QRCode */ = {
			isa = PBXGroup;
			children = (
				48FD326F1EB701D400ACCB05 /* JPQRCodeTool.h */,
				48FD32701EB701D400ACCB05 /* JPQRCodeTool.m */,
			);
			name = QRCode;
			sourceTree = "<group>";
		};
		5F67055A1DADE88F001EBFAF = {
			isa = PBXGroup;
			children = (
				5F6705651DADE88F001EBFAF /* JPVideoPlayerDemo */,
				5F6705641DADE88F001EBFAF /* Products */,
				272BF3831ADEABFABB821412 /* Pods */,
				71FA05B037030D7EBC04D718 /* Frameworks */,
			);
			sourceTree = "<group>";
		};
		5F6705641DADE88F001EBFAF /* Products */ = {
			isa = PBXGroup;
			children = (
				5F6705631DADE88F001EBFAF /* JPVideoPlayerDemo.app */,
			);
			name = Products;
			sourceTree = "<group>";
		};
		5F6705651DADE88F001EBFAF /* JPVideoPlayerDemo */ = {
			isa = PBXGroup;
			children = (
				CF5024CC207F66F300DE8E2E /* JPVideoPlayer */,
				8FB27237208EEBED0025FF63 /* NetEasy */,
				CFA960C3207722EF003C456B /* Douyin */,
				48FD32691EB6FF3B00ACCB05 /* Weibo */,
				48FD326A1EB6FF4A00ACCB05 /* Setting */,
				5F6705691DADE88F001EBFAF /* AppDelegate.h */,
				5F67056A1DADE88F001EBFAF /* AppDelegate.m */,
				014C824521DF4E3000A64205 /* CollectionView */,
				5F6705721DADE88F001EBFAF /* Assets.xcassets */,
				5F6705771DADE88F001EBFAF /* Info.plist */,
				5F6705661DADE88F001EBFAF /* Supporting Files */,
			);
			path = JPVideoPlayerDemo;
			sourceTree = "<group>";
		};
		5F6705661DADE88F001EBFAF /* Supporting Files */ = {
			isa = PBXGroup;
			children = (
				CF5438702067AE3300AC4391 /* designedByAppleInCalifornia.mp4 */,
				5F6705671DADE88F001EBFAF /* main.m */,
			);
			name = "Supporting Files";
			sourceTree = "<group>";
		};
		71FA05B037030D7EBC04D718 /* Frameworks */ = {
			isa = PBXGroup;
			children = (
				8EBFC49659DDED5EA35F2A91 /* libPods-JPVideoPlayerDemo.a */,
			);
			name = Frameworks;
			sourceTree = "<group>";
		};
		8FB27237208EEBED0025FF63 /* NetEasy */ = {
			isa = PBXGroup;
			children = (
				CF73A141209217F000F8F63E /* JPVPNetEasyTableViewCell.h */,
				CF73A13E209217F000F8F63E /* JPVPNetEasyTableViewCell.m */,
				CF73A140209217F000F8F63E /* JPVPNetEasyTableViewCell.xib */,
				CF73A13F209217F000F8F63E /* JPVPNetEasyViewController.h */,
				CF73A13D209217F000F8F63E /* JPVPNetEasyViewController.m */,
			);
			path = NetEasy;
			sourceTree = "<group>";
		};
		CF5024CC207F66F300DE8E2E /* JPVideoPlayer */ = {
			isa = PBXGroup;
			children = (
				014C823E21DF4E0600A64205 /* UICollectionView+WebVideoCache.h */,
				014C823F21DF4E0600A64205 /* UICollectionView+WebVideoCache.m */,
				014C824121DF4E0600A64205 /* UICollectionViewCell+WebVideoCache.h */,
				014C823C21DF4E0600A64205 /* UICollectionViewCell+WebVideoCache.m */,
				8FB27241208F0C510025FF63 /* JPVideoPlayerKit.h */,
				CF5024D6207F66F300DE8E2E /* JPVideoPlayer.h */,
				CF5024E6207F66F300DE8E2E /* JPVideoPlayer.m */,
				CF5024D5207F66F300DE8E2E /* JPVideoPlayerProtocol.h */,
				CF5024CD207F66F300DE8E2E /* JPVideoPlayerManager.h */,
				CF5024E2207F66F300DE8E2E /* JPVideoPlayerManager.m */,
				CF5024D2207F66F300DE8E2E /* JPVideoPlayerControlViews.h */,
				CF5024DD207F66F300DE8E2E /* JPVideoPlayerControlViews.m */,
				CF5024DE207F66F300DE8E2E /* JPVideoPlayerCache.h */,
				CF5024D0207F66F300DE8E2E /* JPVideoPlayerCache.m */,
				CF5024D1207F66F300DE8E2E /* JPVideoPlayerCacheFile.h */,
				CF5024DC207F66F300DE8E2E /* JPVideoPlayerCacheFile.m */,
				CF5024D9207F66F300DE8E2E /* JPVideoPlayerCachePath.h */,
				CF5024E9207F66F300DE8E2E /* JPVideoPlayerCachePath.m */,
				CF5024E0207F66F300DE8E2E /* JPVideoPlayerDownloader.h */,
				CF5024CF207F66F300DE8E2E /* JPVideoPlayerDownloader.m */,
				CF5024E5207F66F300DE8E2E /* JPVideoPlayerResourceLoader.h */,
				CF5024D7207F66F300DE8E2E /* JPVideoPlayerResourceLoader.m */,
				CF5024D8207F66F300DE8E2E /* JPResourceLoadingRequestTask.h */,
				CF5024EA207F66F300DE8E2E /* JPResourceLoadingRequestTask.m */,
				CF5024E3207F66F300DE8E2E /* JPVideoPlayerCompat.h */,
				CF5024D4207F66F300DE8E2E /* JPVideoPlayerCompat.m */,
				CF5024E4207F66F300DE8E2E /* UIView+WebVideoCache.h */,
				CF5024D3207F66F300DE8E2E /* UIView+WebVideoCache.m */,
				CF5024CE207F66F300DE8E2E /* UITableView+WebVideoCache.h */,
				CF5024E1207F66F300DE8E2E /* UITableView+WebVideoCache.m */,
				CF5024DA207F66F300DE8E2E /* UITableViewCell+WebVideoCache.h */,
				CF5024E8207F66F300DE8E2E /* UITableViewCell+WebVideoCache.m */,
				CF5024DB207F66F300DE8E2E /* JPVideoPlayerSupportUtils.h */,
				CF5024E7207F66F300DE8E2E /* JPVideoPlayerSupportUtils.m */,
				CF5024DF207F66F300DE8E2E /* JPVideoPlayer.bundle */,
				C17C2389009C59C4BB70F651 /* JPGCDExtensions.m */,
				C17C23205D757D2C73E7D7E2 /* JPGCDExtensions.h */,
				C17C298067C7DD5554017120 /* JPMethodInjecting.m */,
				C17C25652F7DEA4BDA84091E /* JPMethodInjecting.h */,
				C17C2B7A80CF9CBB666A32F0 /* JPVideoPlayerCellProtocol.m */,
				C17C2CF3183FA03074E8CC94 /* JPVideoPlayerCellProtocol.h */,
				C17C2946DF5CC2B174FB79AF /* JPVideoPlayerScrollViewProtocol.m */,
				C17C2B74EDC4D301437330F6 /* JPVideoPlayerScrollViewProtocol.h */,
			);
			name = JPVideoPlayer;
			path = ../../JPVideoPlayer;
			sourceTree = "<group>";
		};
		CFA960C3207722EF003C456B /* Douyin */ = {
			isa = PBXGroup;
			children = (
				2581816193D49E7210A222B1 /* JPVideoPlayerDouyinViewController.h */,
				25818C4F9FF902E2C26F116E /* JPVideoPlayerDouyinViewController.m */,
			);
			name = Douyin;
			sourceTree = "<group>";
		};
/* End PBXGroup section */

/* Begin PBXNativeTarget section */
		5F6705621DADE88F001EBFAF /* JPVideoPlayerDemo */ = {
			isa = PBXNativeTarget;
			buildConfigurationList = 5F67057A1DADE88F001EBFAF /* Build configuration list for PBXNativeTarget "JPVideoPlayerDemo" */;
			buildPhases = (
				FB1F63520C1F406AFCCB0116 /* [CP] Check Pods Manifest.lock */,
				5F67055F1DADE88F001EBFAF /* Sources */,
				5F6705601DADE88F001EBFAF /* Frameworks */,
				5F6705611DADE88F001EBFAF /* Resources */,
				48B548F91ED5B3AB00062DC2 /* Embed Frameworks */,
				F58256EC7584F0EFBE7BE003 /* [CP] Copy Pods Resources */,
			);
			buildRules = (
			);
			dependencies = (
			);
			name = JPVideoPlayerDemo;
			productName = JPVideoPlayerDemo;
			productReference = 5F6705631DADE88F001EBFAF /* JPVideoPlayerDemo.app */;
			productType = "com.apple.product-type.application";
		};
/* End PBXNativeTarget section */

/* Begin PBXProject section */
		5F67055B1DADE88F001EBFAF /* Project object */ = {
			isa = PBXProject;
			attributes = {
				LastUpgradeCheck = 0910;
				ORGANIZATIONNAME = NewPan;
				TargetAttributes = {
					5F6705621DADE88F001EBFAF = {
						CreatedOnToolsVersion = 8.0;
						DevelopmentTeam = U7FB52A877;
						ProvisioningStyle = Automatic;
					};
				};
			};
			buildConfigurationList = 5F67055E1DADE88F001EBFAF /* Build configuration list for PBXProject "JPVideoPlayerDemo" */;
			compatibilityVersion = "Xcode 3.2";
			developmentRegion = English;
			hasScannedForEncodings = 0;
			knownRegions = (
				en,
				Base,
			);
			mainGroup = 5F67055A1DADE88F001EBFAF;
			productRefGroup = 5F6705641DADE88F001EBFAF /* Products */;
			projectDirPath = "";
			projectRoot = "";
			targets = (
				5F6705621DADE88F001EBFAF /* JPVideoPlayerDemo */,
			);
		};
/* End PBXProject section */

/* Begin PBXResourcesBuildPhase section */
		5F6705611DADE88F001EBFAF /* Resources */ = {
			isa = PBXResourcesBuildPhase;
			buildActionMask = 2147483647;
			files = (
				CF533E3620773C6500075063 /* JPVideoPlayerWeiBoUnequalHeightCell.xib in Resources */,
				CF73A144209217F000F8F63E /* JPVPNetEasyTableViewCell.xib in Resources */,
				481650671ED1AA7B00A18412 /* JPVideoPlayerDetailViewController.xib in Resources */,
				48EE51D11E6C069900BA602D /* JPVideoPlayerWeiBoEqualHeightCell.xib in Resources */,
				CF5024F2207F66F400DE8E2E /* JPVideoPlayer.bundle in Resources */,
				5F6705731DADE88F001EBFAF /* Assets.xcassets in Resources */,
				48C3346D223E6189001E5A88 /* JPVideoPlayerCustomizedVideoViewController.xib in Resources */,
				488717521EB63CBA00300CA6 /* JPVideoPlayerSettingViewController.xib in Resources */,
				CF45AA1320B8571C00E07B8E /* JPVideoPlayerAudioViewController.xib in Resources */,
				CF5438712067AE3300AC4391 /* designedByAppleInCalifornia.mp4 in Resources */,
			);
			runOnlyForDeploymentPostprocessing = 0;
		};
/* End PBXResourcesBuildPhase section */

/* Begin PBXShellScriptBuildPhase section */
		F58256EC7584F0EFBE7BE003 /* [CP] Copy Pods Resources */ = {
			isa = PBXShellScriptBuildPhase;
			buildActionMask = 2147483647;
			files = (
			);
			inputFileListPaths = (
			);
			inputPaths = (
				"${SRCROOT}/Pods/Target Support Files/Pods-JPVideoPlayerDemo/Pods-JPVideoPlayerDemo-resources.sh",
				"${PODS_ROOT}/JPNavigationController/JPNavigationController/JPNavigationController.bundle",
			);
			name = "[CP] Copy Pods Resources";
			outputFileListPaths = (
			);
			outputPaths = (
				"${TARGET_BUILD_DIR}/${UNLOCALIZED_RESOURCES_FOLDER_PATH}/JPNavigationController.bundle",
			);
			runOnlyForDeploymentPostprocessing = 0;
			shellPath = /bin/sh;
			shellScript = "\"${SRCROOT}/Pods/Target Support Files/Pods-JPVideoPlayerDemo/Pods-JPVideoPlayerDemo-resources.sh\"\n";
			showEnvVarsInLog = 0;
		};
		FB1F63520C1F406AFCCB0116 /* [CP] Check Pods Manifest.lock */ = {
			isa = PBXShellScriptBuildPhase;
			buildActionMask = 2147483647;
			files = (
			);
			inputPaths = (
				"${PODS_PODFILE_DIR_PATH}/Podfile.lock",
				"${PODS_ROOT}/Manifest.lock",
			);
			name = "[CP] Check Pods Manifest.lock";
			outputPaths = (
				"$(DERIVED_FILE_DIR)/Pods-JPVideoPlayerDemo-checkManifestLockResult.txt",
			);
			runOnlyForDeploymentPostprocessing = 0;
			shellPath = /bin/sh;
			shellScript = "diff \"${PODS_PODFILE_DIR_PATH}/Podfile.lock\" \"${PODS_ROOT}/Manifest.lock\" > /dev/null\nif [ $? != 0 ] ; then\n    # print error to STDERR\n    echo \"error: The sandbox is not in sync with the Podfile.lock. Run 'pod install' or update your CocoaPods installation.\" >&2\n    exit 1\nfi\n# This output is used by Xcode 'outputs' to avoid re-running this script phase.\necho \"SUCCESS\" > \"${SCRIPT_OUTPUT_FILE_0}\"\n";
			showEnvVarsInLog = 0;
		};
/* End PBXShellScriptBuildPhase section */

/* Begin PBXSourcesBuildPhase section */
		5F67055F1DADE88F001EBFAF /* Sources */ = {
			isa = PBXSourcesBuildPhase;
			buildActionMask = 2147483647;
			files = (
				CF5024EC207F66F400DE8E2E /* JPVideoPlayerCache.m in Sources */,
				014C824B21DF4E4400A64205 /* JPVideoPlayerCollectionViewCell.m in Sources */,
				5FF7BAF11E7F8EC400912ACD /* JPVideoPlayerWeiBoListViewController.m in Sources */,
				CF5024F8207F66F400DE8E2E /* JPVideoPlayerCachePath.m in Sources */,
				CF533E3520773C6500075063 /* JPVideoPlayerWeiBoUnequalHeightCell.m in Sources */,
				CF5024EE207F66F400DE8E2E /* JPVideoPlayerCompat.m in Sources */,
				48EE51D01E6C069900BA602D /* JPVideoPlayerWeiBoEqualHeightCell.m in Sources */,
				CF5024EF207F66F400DE8E2E /* JPVideoPlayerResourceLoader.m in Sources */,
				014C825121DF550600A64205 /* JPVideoPlayerCollectionViewController.m in Sources */,
				CF73A143209217F000F8F63E /* JPVPNetEasyTableViewCell.m in Sources */,
				014C824221DF4E0600A64205 /* UICollectionViewCell+WebVideoCache.m in Sources */,
				CF45AA1220B8571C00E07B8E /* JPVideoPlayerAudioViewController.m in Sources */,
				014C824E21DF4F3E00A64205 /* QSFullScreenVideoController.m in Sources */,
				5F67056B1DADE88F001EBFAF /* AppDelegate.m in Sources */,
				48FD32711EB701D400ACCB05 /* JPQRCodeTool.m in Sources */,
				CF5024EB207F66F400DE8E2E /* JPVideoPlayerDownloader.m in Sources */,
				5F6705681DADE88F001EBFAF /* main.m in Sources */,
				488717511EB63CBA00300CA6 /* JPVideoPlayerSettingViewController.m in Sources */,
				481650661ED1AA7B00A18412 /* JPVideoPlayerDetailViewController.m in Sources */,
				014C824421DF4E0600A64205 /* UICollectionView+WebVideoCache.m in Sources */,
				2581889C19EE76A9A5D48D80 /* JPVideoPlayerDouyinViewController.m in Sources */,
				CF5024F1207F66F400DE8E2E /* JPVideoPlayerControlViews.m in Sources */,
				CF5024F4207F66F400DE8E2E /* JPVideoPlayerManager.m in Sources */,
				258188DAB416370E7585394B /* JPVideoPlayerWeiBoViewController.m in Sources */,
				CF5024F3207F66F400DE8E2E /* UITableView+WebVideoCache.m in Sources */,
				CF5024ED207F66F400DE8E2E /* UIView+WebVideoCache.m in Sources */,
				CF5024F5207F66F400DE8E2E /* JPVideoPlayer.m in Sources */,
				CF5024F0207F66F400DE8E2E /* JPVideoPlayerCacheFile.m in Sources */,
				CF5024F6207F66F400DE8E2E /* JPVideoPlayerSupportUtils.m in Sources */,
				CF73A142209217F000F8F63E /* JPVPNetEasyViewController.m in Sources */,
				CF5024F9207F66F400DE8E2E /* JPResourceLoadingRequestTask.m in Sources */,
				258180CE6D5C789E5D2988F8 /* JPVideoPlayerHoverViewController.m in Sources */,
				CF5024F7207F66F400DE8E2E /* UITableViewCell+WebVideoCache.m in Sources */,
				C17C254465F1D316B354C913 /* JPGCDExtensions.m in Sources */,
				C17C2503B08D7F7B463EFE34 /* JPMethodInjecting.m in Sources */,
				C17C22D3B9AF091A6D0B4E9C /* JPVideoPlayerCellProtocol.m in Sources */,
				48C3346C223E6189001E5A88 /* JPVideoPlayerCustomizedVideoViewController.m in Sources */,
				C17C2679EA81BFA756E969DE /* JPVideoPlayerScrollViewProtocol.m in Sources */,
			);
			runOnlyForDeploymentPostprocessing = 0;
		};
/* End PBXSourcesBuildPhase section */

/* Begin XCBuildConfiguration section */
		5F6705781DADE88F001EBFAF /* Debug */ = {
			isa = XCBuildConfiguration;
			buildSettings = {
				ALWAYS_SEARCH_USER_PATHS = NO;
				CLANG_ANALYZER_NONNULL = YES;
				CLANG_CXX_LANGUAGE_STANDARD = "gnu++0x";
				CLANG_CXX_LIBRARY = "libc++";
				CLANG_ENABLE_MODULES = YES;
				CLANG_ENABLE_OBJC_ARC = YES;
				CLANG_WARN_BLOCK_CAPTURE_AUTORELEASING = YES;
				CLANG_WARN_BOOL_CONVERSION = YES;
				CLANG_WARN_COMMA = YES;
				CLANG_WARN_CONSTANT_CONVERSION = YES;
				CLANG_WARN_DIRECT_OBJC_ISA_USAGE = YES_ERROR;
				CLANG_WARN_DOCUMENTATION_COMMENTS = YES;
				CLANG_WARN_EMPTY_BODY = YES;
				CLANG_WARN_ENUM_CONVERSION = YES;
				CLANG_WARN_INFINITE_RECURSION = YES;
				CLANG_WARN_INT_CONVERSION = YES;
				CLANG_WARN_NON_LITERAL_NULL_CONVERSION = YES;
				CLANG_WARN_OBJC_LITERAL_CONVERSION = YES;
				CLANG_WARN_OBJC_ROOT_CLASS = YES_ERROR;
				CLANG_WARN_RANGE_LOOP_ANALYSIS = YES;
				CLANG_WARN_STRICT_PROTOTYPES = YES;
				CLANG_WARN_SUSPICIOUS_MOVE = YES;
				CLANG_WARN_SUSPICIOUS_MOVES = YES;
				CLANG_WARN_UNREACHABLE_CODE = YES;
				CLANG_WARN__DUPLICATE_METHOD_MATCH = YES;
				"CODE_SIGN_IDENTITY[sdk=iphoneos*]" = "iPhone Developer";
				COPY_PHASE_STRIP = NO;
				DEBUG_INFORMATION_FORMAT = dwarf;
				ENABLE_STRICT_OBJC_MSGSEND = YES;
				ENABLE_TESTABILITY = YES;
				GCC_C_LANGUAGE_STANDARD = gnu99;
				GCC_DYNAMIC_NO_PIC = NO;
				GCC_NO_COMMON_BLOCKS = YES;
				GCC_OPTIMIZATION_LEVEL = 0;
				GCC_PREPROCESSOR_DEFINITIONS = (
					"DEBUG=1",
					"$(inherited)",
				);
				GCC_WARN_64_TO_32_BIT_CONVERSION = YES;
				GCC_WARN_ABOUT_RETURN_TYPE = YES_ERROR;
				GCC_WARN_UNDECLARED_SELECTOR = YES;
				GCC_WARN_UNINITIALIZED_AUTOS = YES_AGGRESSIVE;
				GCC_WARN_UNUSED_FUNCTION = YES;
				GCC_WARN_UNUSED_VARIABLE = YES;
				IPHONEOS_DEPLOYMENT_TARGET = 8.0;
				MTL_ENABLE_DEBUG_INFO = YES;
				ONLY_ACTIVE_ARCH = YES;
				SDKROOT = iphoneos;
			};
			name = Debug;
		};
		5F6705791DADE88F001EBFAF /* Release */ = {
			isa = XCBuildConfiguration;
			buildSettings = {
				ALWAYS_SEARCH_USER_PATHS = NO;
				CLANG_ANALYZER_NONNULL = YES;
				CLANG_CXX_LANGUAGE_STANDARD = "gnu++0x";
				CLANG_CXX_LIBRARY = "libc++";
				CLANG_ENABLE_MODULES = YES;
				CLANG_ENABLE_OBJC_ARC = YES;
				CLANG_WARN_BLOCK_CAPTURE_AUTORELEASING = YES;
				CLANG_WARN_BOOL_CONVERSION = YES;
				CLANG_WARN_COMMA = YES;
				CLANG_WARN_CONSTANT_CONVERSION = YES;
				CLANG_WARN_DIRECT_OBJC_ISA_USAGE = YES_ERROR;
				CLANG_WARN_DOCUMENTATION_COMMENTS = YES;
				CLANG_WARN_EMPTY_BODY = YES;
				CLANG_WARN_ENUM_CONVERSION = YES;
				CLANG_WARN_INFINITE_RECURSION = YES;
				CLANG_WARN_INT_CONVERSION = YES;
				CLANG_WARN_NON_LITERAL_NULL_CONVERSION = YES;
				CLANG_WARN_OBJC_LITERAL_CONVERSION = YES;
				CLANG_WARN_OBJC_ROOT_CLASS = YES_ERROR;
				CLANG_WARN_RANGE_LOOP_ANALYSIS = YES;
				CLANG_WARN_STRICT_PROTOTYPES = YES;
				CLANG_WARN_SUSPICIOUS_MOVE = YES;
				CLANG_WARN_SUSPICIOUS_MOVES = YES;
				CLANG_WARN_UNREACHABLE_CODE = YES;
				CLANG_WARN__DUPLICATE_METHOD_MATCH = YES;
				"CODE_SIGN_IDENTITY[sdk=iphoneos*]" = "iPhone Developer";
				COPY_PHASE_STRIP = NO;
				DEBUG_INFORMATION_FORMAT = "dwarf-with-dsym";
				ENABLE_NS_ASSERTIONS = NO;
				ENABLE_STRICT_OBJC_MSGSEND = YES;
				GCC_C_LANGUAGE_STANDARD = gnu99;
				GCC_NO_COMMON_BLOCKS = YES;
				GCC_WARN_64_TO_32_BIT_CONVERSION = YES;
				GCC_WARN_ABOUT_RETURN_TYPE = YES_ERROR;
				GCC_WARN_UNDECLARED_SELECTOR = YES;
				GCC_WARN_UNINITIALIZED_AUTOS = YES_AGGRESSIVE;
				GCC_WARN_UNUSED_FUNCTION = YES;
				GCC_WARN_UNUSED_VARIABLE = YES;
				IPHONEOS_DEPLOYMENT_TARGET = 8.0;
				MTL_ENABLE_DEBUG_INFO = NO;
				SDKROOT = iphoneos;
				VALIDATE_PRODUCT = YES;
			};
			name = Release;
		};
		5F67057B1DADE88F001EBFAF /* Debug */ = {
			isa = XCBuildConfiguration;
			baseConfigurationReference = 0C9A80C1EADCB50E8B8E7648 /* Pods-JPVideoPlayerDemo.debug.xcconfig */;
			buildSettings = {
				ASSETCATALOG_COMPILER_APPICON_NAME = AppIcon;
				ASSETCATALOG_COMPILER_LAUNCHIMAGE_NAME = LaunchImage;
				"CODE_SIGN_IDENTITY[sdk=iphoneos*]" = "iPhone Developer";
				DEVELOPMENT_TEAM = U7FB52A877;
				INFOPLIST_FILE = JPVideoPlayerDemo/Info.plist;
				LD_RUNPATH_SEARCH_PATHS = "$(inherited) @executable_path/Frameworks";
				PRODUCT_BUNDLE_IDENTIFIER = com.jpvideoplayer.www;
				PRODUCT_NAME = "$(TARGET_NAME)";
				PROVISIONING_PROFILE_SPECIFIER = "";
			};
			name = Debug;
		};
		5F67057C1DADE88F001EBFAF /* Release */ = {
			isa = XCBuildConfiguration;
			baseConfigurationReference = 1F5F3C3412F93A0936D3FBB0 /* Pods-JPVideoPlayerDemo.release.xcconfig */;
			buildSettings = {
				ASSETCATALOG_COMPILER_APPICON_NAME = AppIcon;
				ASSETCATALOG_COMPILER_LAUNCHIMAGE_NAME = LaunchImage;
				"CODE_SIGN_IDENTITY[sdk=iphoneos*]" = "iPhone Developer";
				DEVELOPMENT_TEAM = U7FB52A877;
				INFOPLIST_FILE = JPVideoPlayerDemo/Info.plist;
				LD_RUNPATH_SEARCH_PATHS = "$(inherited) @executable_path/Frameworks";
				PRODUCT_BUNDLE_IDENTIFIER = com.jpvideoplayer.www;
				PRODUCT_NAME = "$(TARGET_NAME)";
				PROVISIONING_PROFILE_SPECIFIER = "";
			};
			name = Release;
		};
/* End XCBuildConfiguration section */

/* Begin XCConfigurationList section */
		5F67055E1DADE88F001EBFAF /* Build configuration list for PBXProject "JPVideoPlayerDemo" */ = {
			isa = XCConfigurationList;
			buildConfigurations = (
				5F6705781DADE88F001EBFAF /* Debug */,
				5F6705791DADE88F001EBFAF /* Release */,
			);
			defaultConfigurationIsVisible = 0;
			defaultConfigurationName = Release;
		};
		5F67057A1DADE88F001EBFAF /* Build configuration list for PBXNativeTarget "JPVideoPlayerDemo" */ = {
			isa = XCConfigurationList;
			buildConfigurations = (
				5F67057B1DADE88F001EBFAF /* Debug */,
				5F67057C1DADE88F001EBFAF /* Release */,
			);
			defaultConfigurationIsVisible = 0;
			defaultConfigurationName = Release;
		};
/* End XCConfigurationList section */
	};
	rootObject = 5F67055B1DADE88F001EBFAF /* Project object */;
}
