PODS:
  - JPNavigationController (2.0.1)
  - JPVideoPlayer (2.2.3)

DEPENDENCIES:
  - JPNavigationController (~> 2.0.1)
  - JPVideoPlayer (~> 2.2.3)

SPEC CHECKSUMS:
  JPNavigationController: cdafaa66f238363ef34f8a11d559fd9f33dfff82
  JPVideoPlayer: 0776ccc0959e0c722d018ac2c5192262a3cee4be

PODFILE CHECKSUM: 712d65ae6d064140567227f720f11b2228fd4c91

COCOAPODS: 1.2.0
