PODS:
  - JPNavigationController (1.2.6)
  - JPVideoPlayer (2.0.5)

DEPENDENCIES:
  - JPNavigationController (~> 1.2.6)
  - JPVideoPlayer (~> 2.0.5)

SPEC CHECKSUMS:
  JPNavigationController: 8b354a37c47229e349b8b48d40da95eaa87c558e
  JPVideoPlayer: a41b1467fe71a8c5e2b4efe8387c6e7e219b27ad

PODFILE CHECKSUM: 6eb6460d7e0c0b5e95f780c7be4bd74a7283affb

COCOAPODS: 1.2.0
