PODS:
  - JPNavigationController (2.0.1)
  - JPVideoPlayer (2.3.0)

DEPENDENCIES:
  - JPNavigationController (~> 2.0.1)
  - JPVideoPlayer (~> 2.3.0)

SPEC CHECKSUMS:
  JPNavigationController: cdafaa66f238363ef34f8a11d559fd9f33dfff82
  JPVideoPlayer: b8dfa1e7ffa668c3b7853282f85621d3bfa0b60b

PODFILE CHECKSUM: 46fa62da17c11132735c087e5216dc074b935a20

COCOAPODS: 1.2.0
